{
  "version": 4,
  "terraform_version": "1.8.2",
  "serial": 297,
  "lineage": "adb07701-c42d-12eb-bec4-432a57f2d3a0",
  "outputs": {
    "bucket_url": {
      "value": {
        "usw2-shared-ext-mongodb": "http://ext-mongodb-s3-backup.s3.us-west-2.amazonaws.com"
      },
      "type": [
        "object",
        {
          "usw2-shared-ext-mongodb": "string"
        }
      ]
    },
    "usw2_ec2_route53_records": {
      "value": {
        "usw2-shared-ext-mongodb": "ext-mongodb.jbroadbent.aws.sbx.hashicorpdemo.com"
      },
      "type": [
        "object",
        {
          "usw2-shared-ext-mongodb": "string"
        }
      ]
    },
    "usw2_eks_cluster_endpoints": {
      "value": {
        "usw2-shared": "https://E6FCF52C358AED8F479ADE590FDAEC79.gr7.us-west-2.eks.amazonaws.com"
      },
      "type": [
        "object",
        {
          "usw2-shared": "string"
        }
      ]
    },
    "usw2_eks_cluster_names": {
      "value": {
        "usw2-shared": "jase-shared-usw2"
      },
      "type": [
        "object",
        {
          "usw2-shared": "string"
        }
      ]
    },
    "usw2_projects": {
      "value": [
        "usw2-shared"
      ],
      "type": [
        "tuple",
        [
          "string"
        ]
      ]
    },
    "usw2_regions": {
      "value": {
        "usw2-shared": "us-west-2"
      },
      "type": [
        "object",
        {
          "usw2-shared": "string"
        }
      ]
    },
    "usw2_vpc_ids": {
      "value": {
        "usw2-shared": "vpc-02203bc5431776663"
      },
      "type": [
        "object",
        {
          "usw2-shared": "string"
        }
      ]
    }
  },
  "resources": [
    {
      "mode": "data",
      "type": "aws_availability_zones",
      "name": "usw2",
      "provider": "provider[\"registry.terraform.io/hashicorp/aws\"]",
      "instances": [
        {
          "schema_version": 0,
          "attributes": {
            "all_availability_zones": null,
            "exclude_names": null,
            "exclude_zone_ids": null,
            "filter": null,
            "group_names": [
              "us-west-2"
            ],
            "id": "us-west-2",
            "names": [
              "us-west-2a",
              "us-west-2b",
              "us-west-2c",
              "us-west-2d"
            ],
            "state": "available",
            "timeouts": null,
            "zone_ids": [
              "usw2-az2",
              "usw2-az1",
              "usw2-az3",
              "usw2-az4"
            ]
          },
          "sensitive_attributes": []
        }
      ]
    },
    {
      "mode": "data",
      "type": "aws_caller_identity",
      "name": "usw2",
      "provider": "provider[\"registry.terraform.io/hashicorp/aws\"]",
      "instances": [
        {
          "schema_version": 0,
          "attributes": {
            "account_id": "865587657226",
            "arn": "arn:aws:sts::865587657226:assumed-role/aws_jbroadbent_test-developer/jbroadbent@hashicorp.com",
            "id": "865587657226",
            "user_id": "AROA4TCILPIFDDRQ6T3VY:jbroadbent@hashicorp.com"
          },
          "sensitive_attributes": []
        }
      ]
    },
    {
      "mode": "data",
      "type": "aws_eks_cluster_auth",
      "name": "cluster_auth",
      "provider": "provider[\"registry.terraform.io/hashicorp/aws\"]",
      "instances": [
        {
          "schema_version": 0,
          "attributes": {
            "id": "jase-shared-usw2",
            "name": "jase-shared-usw2",
            "token": "k8s-aws-v1.aHR0cHM6Ly9zdHMudXMtd2VzdC0yLmFtYXpvbmF3cy5jb20vP0FjdGlvbj1HZXRDYWxsZXJJZGVudGl0eSZWZXJzaW9uPTIwMTEtMDYtMTUmWC1BbXotQWxnb3JpdGhtPUFXUzQtSE1BQy1TSEEyNTYmWC1BbXotQ3JlZGVudGlhbD1BU0lBNFRDSUxQSUZOVDJZNERVTCUyRjIwMjQwNTIzJTJGdXMtd2VzdC0yJTJGc3RzJTJGYXdzNF9yZXF1ZXN0JlgtQW16LURhdGU9MjAyNDA1MjNUMTQxMjQyWiZYLUFtei1FeHBpcmVzPTAmWC1BbXotU2VjdXJpdHktVG9rZW49SVFvSmIzSnBaMmx1WDJWakVQaiUyRiUyRiUyRiUyRiUyRiUyRiUyRiUyRiUyRiUyRndFYUNYVnpMWGRsYzNRdE1pSkhNRVVDSUM5cExiaGJiZ1RuMURoelA2MnRCTTB5Z0V6aGdQeFRYWVdXQzNOWjJMWTFBaUVBJTJGSCUyQmkwQnY2S0d0ekVieWVvMFRKamZmJTJGcEpnRG16RGw2ZkFldUlZRDBVd3E2UVFJY1JBQkdndzROalUxT0RjMk5UY3lNallpRExBMG1XJTJGZTI1YUVPQnk4VXlyR0JOSTF5d1l3Y2laMkVqZ2k3dWNpTyUyRm9xZFRveEZWU2hFbkhiWnB6Qmo4UnJjcCUyRkhOOWNXUWp1ckl0UG5DV0dWUVJrJTJGSnl3WmxoR2d4bDlxbHh6c0tnNE5la084VDB1UThNTG5HSyUyQnhjRTEyeXFIWGdiNk5rM2hCb2lKQk9nOUM5aEtuUnRLcW1JRFk4M0tHRkdhM3glMkZReXh0eDFHbmdSQ1JUb3pqRHhNSklMRDBwZm95bFl6SVBaMk1pbkR5YzRIRG5BY1VQUnBoTGV5N3cxQzRCbSUyQlNFZU5JRjFkRVJVOHFDeFl2ckNJeWpHdEowTjZ3VUslMkZNb1I4NHpFNSUyRklTbmVYTG8xRXRCQ2xTNEVFQTJlSDg2Q3pubkpVdTh0TXdFQ0owJTJGeUFqd215OUdaTkZwRlprbW82SmdvWTZob09FcVJ2NUFHOTlsSm82WTBveUZudE9JRGxzaVklMkZ6NlB0WG1NQkFLblU0NzlBaWgxanNnSlBkWUYzbHFlWlpqJTJCRVN5ZXQyNkhaJTJGOHJ1OFVpUVBkM3gxMDdvTXBuOHJMOEE5UjVORTI0cGJQcWdSNlJKZm1udSUyRlRPRlBWQU9jZTJJVHpPTTBXS25DNG5KNWpHaTdsSSUyQlk0eXhrTWsxd21jbHR2JTJCeGFaU2RlSVpoZmp5NU92cmhDNndOcXhiWDY2RWVld2lWcWNXMG9jU2FUU29BeGdBRW1qUjVnMVpPVUFwJTJGcXl5RTFROGtjN2d1UW93R0ZTOVlBU1pGTDNXWGI5MkdBc2JCVnZ0TzhRRk5JZ2JtcWluMzN6bnFYTXdXNllHSiUyQlhEbTVmdHNRTzMlMkJtSUl3bVV3RE1weElnNnd2R0lTSm5QZHZieEJXM3l3VG8xODZVQ3hvcUs0dmttZGhKeU16ZUJLWUR6NWxxVTFSMFlPcTRxcEhydTJrd2NTRWRBZiUyRkVyUlpibVY4N0k2aCUyQkZzcW45UXdKa0N2OGMxMjQ5NUl1YnM5YnBaVGtJVlc0SWxFTUJLTkdsYzg3SCUyQlM3TzdreUJia1FMeDFqSFREcDZidXlCanFoQWJpUDM1cHlaQlFwZ2dyQ1pSOTU3QTBvUHJjbmM0M3YwSmlRZUh0S2FscTBBJTJCUndUTkFmdkJ0amkyV0tQZGplWDhyczByd05ueiUyRjFSME16JTJGSGZDOHN0T1dieXJBM2JJSDdnMEpRYUVnWjM3VndJUHVwTVY0OTd3elFpbVZOWTkyNkNuYTVWRWgwNTdBOHNpVEc3N1NBTGFyVmNwQ0UlMkZjOWw4bVIzYUFHUWdRUFZMUEUwMXRZbzVwSEV4cUs1dzlFQzdlRFpPOTVuSTRnSFFBNVpOeSUyRkd1eiZYLUFtei1TaWduZWRIZWFkZXJzPWhvc3QlM0J4LWs4cy1hd3MtaWQmWC1BbXotU2lnbmF0dXJlPTM0NDlkOWI1ZTNkYmIwMjE4MDE3ZDhhOWRhYTY2MDQxZjQ4Y2U2MWU5ZWQwZjBhNDQ2ZGVjY2E4MGEzMWJhZjQ"
          },
          "sensitive_attributes": [
            [
              {
                "type": "get_attr",
                "value": "token"
              }
            ]
          ]
        }
      ]
    },
    {
      "mode": "data",
      "type": "aws_iam_policy",
      "name": "ebscsi-usw2",
      "provider": "provider[\"registry.terraform.io/hashicorp/aws\"]",
      "instances": [
        {
          "schema_version": 0,
          "attributes": {
            "arn": "arn:aws:iam::aws:policy/service-role/AmazonEBSCSIDriverPolicy",
            "description": "IAM Policy that allows the CSI driver service account to make calls to related services such as EC2 on your behalf.",
            "id": "arn:aws:iam::aws:policy/service-role/AmazonEBSCSIDriverPolicy",
            "name": "AmazonEBSCSIDriverPolicy",
            "path": "/service-role/",
            "path_prefix": null,
            "policy": "{\n\t\"Version\": \"2012-10-17\",\n\t\"Statement\": [\n\t\t{\n\t\t\t\"Effect\": \"Allow\",\n\t\t\t\"Action\": [\n\t\t\t\t\"ec2:CreateSnapshot\",\n\t\t\t\t\"ec2:AttachVolume\",\n\t\t\t\t\"ec2:DetachVolume\",\n\t\t\t\t\"ec2:ModifyVolume\",\n\t\t\t\t\"ec2:DescribeAvailabilityZones\",\n\t\t\t\t\"ec2:DescribeInstances\",\n\t\t\t\t\"ec2:DescribeSnapshots\",\n\t\t\t\t\"ec2:DescribeTags\",\n\t\t\t\t\"ec2:DescribeVolumes\",\n\t\t\t\t\"ec2:DescribeVolumesModifications\"\n\t\t\t],\n\t\t\t\"Resource\": \"*\"\n\t\t},\n\t\t{\n\t\t\t\"Effect\": \"Allow\",\n\t\t\t\"Action\": [\n\t\t\t\t\"ec2:CreateTags\"\n\t\t\t],\n\t\t\t\"Resource\": [\n\t\t\t\t\"arn:aws:ec2:*:*:volume/*\",\n\t\t\t\t\"arn:aws:ec2:*:*:snapshot/*\"\n\t\t\t],\n\t\t\t\"Condition\": {\n\t\t\t\t\"StringEquals\": {\n\t\t\t\t\t\"ec2:CreateAction\": [\n\t\t\t\t\t\t\"CreateVolume\",\n\t\t\t\t\t\t\"CreateSnapshot\"\n\t\t\t\t\t]\n\t\t\t\t}\n\t\t\t}\n\t\t},\n\t\t{\n\t\t\t\"Effect\": \"Allow\",\n\t\t\t\"Action\": [\n\t\t\t\t\"ec2:DeleteTags\"\n\t\t\t],\n\t\t\t\"Resource\": [\n\t\t\t\t\"arn:aws:ec2:*:*:volume/*\",\n\t\t\t\t\"arn:aws:ec2:*:*:snapshot/*\"\n\t\t\t]\n\t\t},\n\t\t{\n\t\t\t\"Effect\": \"Allow\",\n\t\t\t\"Action\": [\n\t\t\t\t\"ec2:CreateVolume\"\n\t\t\t],\n\t\t\t\"Resource\": \"*\",\n\t\t\t\"Condition\": {\n\t\t\t\t\"StringLike\": {\n\t\t\t\t\t\"aws:RequestTag/ebs.csi.aws.com/cluster\": \"true\"\n\t\t\t\t}\n\t\t\t}\n\t\t},\n\t\t{\n\t\t\t\"Effect\": \"Allow\",\n\t\t\t\"Action\": [\n\t\t\t\t\"ec2:CreateVolume\"\n\t\t\t],\n\t\t\t\"Resource\": \"*\",\n\t\t\t\"Condition\": {\n\t\t\t\t\"StringLike\": {\n\t\t\t\t\t\"aws:RequestTag/CSIVolumeName\": \"*\"\n\t\t\t\t}\n\t\t\t}\n\t\t},\n\t\t{\n\t\t\t\"Effect\": \"Allow\",\n\t\t\t\"Action\": [\n\t\t\t\t\"ec2:DeleteVolume\"\n\t\t\t],\n\t\t\t\"Resource\": \"*\",\n\t\t\t\"Condition\": {\n\t\t\t\t\"StringLike\": {\n\t\t\t\t\t\"ec2:ResourceTag/ebs.csi.aws.com/cluster\": \"true\"\n\t\t\t\t}\n\t\t\t}\n\t\t},\n\t\t{\n\t\t\t\"Effect\": \"Allow\",\n\t\t\t\"Action\": [\n\t\t\t\t\"ec2:DeleteVolume\"\n\t\t\t],\n\t\t\t\"Resource\": \"*\",\n\t\t\t\"Condition\": {\n\t\t\t\t\"StringLike\": {\n\t\t\t\t\t\"ec2:ResourceTag/CSIVolumeName\": \"*\"\n\t\t\t\t}\n\t\t\t}\n\t\t},\n\t\t{\n\t\t\t\"Effect\": \"Allow\",\n\t\t\t\"Action\": [\n\t\t\t\t\"ec2:DeleteVolume\"\n\t\t\t],\n\t\t\t\"Resource\": \"*\",\n\t\t\t\"Condition\": {\n\t\t\t\t\"StringLike\": {\n\t\t\t\t\t\"ec2:ResourceTag/kubernetes.io/created-for/pvc/name\": \"*\"\n\t\t\t\t}\n\t\t\t}\n\t\t},\n\t\t{\n\t\t\t\"Effect\": \"Allow\",\n\t\t\t\"Action\": [\n\t\t\t\t\"ec2:DeleteSnapshot\"\n\t\t\t],\n\t\t\t\"Resource\": \"*\",\n\t\t\t\"Condition\": {\n\t\t\t\t\"StringLike\": {\n\t\t\t\t\t\"ec2:ResourceTag/CSIVolumeSnapshotName\": \"*\"\n\t\t\t\t}\n\t\t\t}\n\t\t},\n\t\t{\n\t\t\t\"Effect\": \"Allow\",\n\t\t\t\"Action\": [\n\t\t\t\t\"ec2:DeleteSnapshot\"\n\t\t\t],\n\t\t\t\"Resource\": \"*\",\n\t\t\t\"Condition\": {\n\t\t\t\t\"StringLike\": {\n\t\t\t\t\t\"ec2:ResourceTag/ebs.csi.aws.com/cluster\": \"true\"\n\t\t\t\t}\n\t\t\t}\n\t\t}\n\t]\n}",
            "policy_id": "ANPAZKAPJZG4IV6FHD2UE",
            "tags": {}
          },
          "sensitive_attributes": []
        }
      ]
    },
    {
      "mode": "data",
      "type": "aws_region",
      "name": "usw2",
      "provider": "provider[\"registry.terraform.io/hashicorp/aws\"]",
      "instances": [
        {
          "schema_version": 0,
          "attributes": {
            "description": "US West (Oregon)",
            "endpoint": "ec2.us-west-2.amazonaws.com",
            "id": "us-west-2",
            "name": "us-west-2"
          },
          "sensitive_attributes": []
        }
      ]
    },
    {
      "mode": "data",
      "type": "kubectl_filename_list",
      "name": "manifests",
      "provider": "provider[\"registry.terraform.io/gavinbunney/kubectl\"]",
      "instances": [
        {
          "schema_version": 0,
          "attributes": {
            "basenames": [],
            "id": "e3b0c44298fc1c149afbf4c8996fb92427ae41e4649b934ca495991b7852b855",
            "matches": [],
            "pattern": "/Users/jasonbroadbent/jason/learn-consul-kubernetes/AWS_EKS/Seb/consul-aws-eks-terraform/scripts/vm/Mongo/tasky/aws-tasky-main/quickstart/infra/k8s-service/*.yaml"
          },
          "sensitive_attributes": []
        }
      ]
    },
    {
      "mode": "managed",
      "type": "aws_config_conformance_pack",
      "name": "s3-conformancepack",
      "provider": "provider[\"registry.terraform.io/hashicorp/aws\"]",
      "instances": [
        {
          "schema_version": 0,
          "attributes": {
            "arn": "arn:aws:config:us-west-2:865587657226:conformance-pack/s3-conformancepack/conformance-pack-qsprr2k6k",
            "delivery_s3_bucket": "",
            "delivery_s3_key_prefix": "",
            "id": "s3-conformancepack",
            "input_parameter": [],
            "name": "s3-conformancepack",
            "template_body": "Resources:\n  S3BucketPublicReadProhibited:\n    Type: AWS::Config::ConfigRule\n    Properties:\n      ConfigRuleName: S3BucketPublicReadProhibited\n      Description: \u003e- \n        Checks that your Amazon S3 buckets do not allow public read access.\n        The rule checks the Block Public Access settings, the bucket policy, and the\n        bucket access control list (ACL).\n      Scope:\n        ComplianceResourceTypes:\n        - \"AWS::S3::Bucket\"\n      Source:\n        Owner: AWS\n        SourceIdentifier: S3_BUCKET_PUBLIC_READ_PROHIBITED\n      MaximumExecutionFrequency: Six_Hours\n  S3BucketPublicWriteProhibited: \n    Type: \"AWS::Config::ConfigRule\"\n    Properties: \n      ConfigRuleName: S3BucketPublicWriteProhibited\n      Description: \"Checks that your Amazon S3 buckets do not allow public write access. The rule checks the Block Public Access settings, the bucket policy, and the bucket access control list (ACL).\"\n      Scope: \n        ComplianceResourceTypes: \n        - \"AWS::S3::Bucket\"\n      Source: \n        Owner: AWS\n        SourceIdentifier: S3_BUCKET_PUBLIC_WRITE_PROHIBITED\n      MaximumExecutionFrequency: Six_Hours\n  S3BucketReplicationEnabled: \n    Type: \"AWS::Config::ConfigRule\"\n    Properties: \n      ConfigRuleName: S3BucketReplicationEnabled\n      Description: \"Checks whether the Amazon S3 buckets have cross-region replication enabled.\"\n      Scope: \n        ComplianceResourceTypes: \n        - \"AWS::S3::Bucket\"\n      Source: \n        Owner: AWS\n        SourceIdentifier: S3_BUCKET_REPLICATION_ENABLED\n  S3BucketSSLRequestsOnly: \n    Type: \"AWS::Config::ConfigRule\"\n    Properties: \n      ConfigRuleName: S3BucketSSLRequestsOnly\n      Description: \"Checks whether S3 buckets have policies that require requests to use Secure Socket Layer (SSL).\"\n      Scope: \n        ComplianceResourceTypes: \n        - \"AWS::S3::Bucket\"\n      Source: \n        Owner: AWS\n        SourceIdentifier: S3_BUCKET_SSL_REQUESTS_ONLY\n  ServerSideEncryptionEnabled: \n    Type: \"AWS::Config::ConfigRule\"\n    Properties: \n      ConfigRuleName: ServerSideEncryptionEnabled\n      Description: \"Checks that your Amazon S3 bucket either has S3 default encryption enabled or that the S3 bucket policy explicitly denies put-object requests without server side encryption.\"\n      Scope: \n        ComplianceResourceTypes: \n        - \"AWS::S3::Bucket\"\n      Source: \n        Owner: AWS\n        SourceIdentifier: S3_BUCKET_SERVER_SIDE_ENCRYPTION_ENABLED\n  S3BucketLoggingEnabled: \n    Type: \"AWS::Config::ConfigRule\"\n    Properties: \n      ConfigRuleName: S3BucketLoggingEnabled\n      Description: \"Checks whether logging is enabled for your S3 buckets.\"\n      Scope: \n        ComplianceResourceTypes: \n        - \"AWS::S3::Bucket\"\n      Source: \n        Owner: AWS\n        SourceIdentifier: S3_BUCKET_LOGGING_ENABLED\n",
            "template_s3_uri": null
          },
          "sensitive_attributes": [],
          "private": "bnVsbA=="
        }
      ]
    },
    {
      "module": "module.ec2-sg-mongo[\"usw2-shared\"]",
      "mode": "managed",
      "type": "aws_security_group",
      "name": "mongo",
      "provider": "provider[\"registry.terraform.io/hashicorp/aws\"].usw2",
      "instances": [
        {
          "index_key": 0,
          "schema_version": 1,
          "attributes": {
            "arn": "arn:aws:ec2:us-west-2:865587657226:security-group/sg-0218cce6ade2a9824",
            "description": "Mongo DB Security group.",
            "egress": [],
            "id": "sg-0218cce6ade2a9824",
            "ingress": [],
            "name": "usw2-shared-ec2-sg20240523141504370300000015",
            "name_prefix": "usw2-shared-ec2-sg",
            "owner_id": "865587657226",
            "revoke_rules_on_delete": false,
            "tags": {
              "Name": "usw2-shared-ec2-sg",
              "Owner": "jase"
            },
            "tags_all": {
              "Name": "usw2-shared-ec2-sg",
              "Owner": "jase"
            },
            "timeouts": null,
            "vpc_id": "vpc-02203bc5431776663"
          },
          "sensitive_attributes": [],
          "private": "eyJlMmJmYjczMC1lY2FhLTExZTYtOGY4OC0zNDM2M2JjN2M0YzAiOnsiY3JlYXRlIjo2MDAwMDAwMDAwMDAsImRlbGV0ZSI6OTAwMDAwMDAwMDAwfSwic2NoZW1hX3ZlcnNpb24iOiIxIn0=",
          "dependencies": [
            "data.aws_availability_zones.usw2",
            "module.myvpc.aws_cloudwatch_log_group.flow_log",
            "module.myvpc.aws_customer_gateway.this",
            "module.myvpc.aws_db_subnet_group.database",
            "module.myvpc.aws_default_network_acl.this",
            "module.myvpc.aws_default_route_table.default",
            "module.myvpc.aws_default_security_group.this",
            "module.myvpc.aws_default_vpc.this",
            "module.myvpc.aws_egress_only_internet_gateway.this",
            "module.myvpc.aws_eip.nat",
            "module.myvpc.aws_elasticache_subnet_group.elasticache",
            "module.myvpc.aws_flow_log.this",
            "module.myvpc.aws_iam_policy.vpc_flow_log_cloudwatch",
            "module.myvpc.aws_iam_role.vpc_flow_log_cloudwatch",
            "module.myvpc.aws_iam_role_policy_attachment.vpc_flow_log_cloudwatch",
            "module.myvpc.aws_internet_gateway.this",
            "module.myvpc.aws_nat_gateway.this",
            "module.myvpc.aws_network_acl.database",
            "module.myvpc.aws_network_acl.elasticache",
            "module.myvpc.aws_network_acl.intra",
            "module.myvpc.aws_network_acl.outpost",
            "module.myvpc.aws_network_acl.private",
            "module.myvpc.aws_network_acl.public",
            "module.myvpc.aws_network_acl.redshift",
            "module.myvpc.aws_network_acl_rule.database_inbound",
            "module.myvpc.aws_network_acl_rule.database_outbound",
            "module.myvpc.aws_network_acl_rule.elasticache_inbound",
            "module.myvpc.aws_network_acl_rule.elasticache_outbound",
            "module.myvpc.aws_network_acl_rule.intra_inbound",
            "module.myvpc.aws_network_acl_rule.intra_outbound",
            "module.myvpc.aws_network_acl_rule.outpost_inbound",
            "module.myvpc.aws_network_acl_rule.outpost_outbound",
            "module.myvpc.aws_network_acl_rule.private_inbound",
            "module.myvpc.aws_network_acl_rule.private_outbound",
            "module.myvpc.aws_network_acl_rule.public_inbound",
            "module.myvpc.aws_network_acl_rule.public_outbound",
            "module.myvpc.aws_network_acl_rule.redshift_inbound",
            "module.myvpc.aws_network_acl_rule.redshift_outbound",
            "module.myvpc.aws_redshift_subnet_group.redshift",
            "module.myvpc.aws_route.database_dns64_nat_gateway",
            "module.myvpc.aws_route.database_internet_gateway",
            "module.myvpc.aws_route.database_ipv6_egress",
            "module.myvpc.aws_route.database_nat_gateway",
            "module.myvpc.aws_route.private_dns64_nat_gateway",
            "module.myvpc.aws_route.private_ipv6_egress",
            "module.myvpc.aws_route.private_nat_gateway",
            "module.myvpc.aws_route.public_internet_gateway",
            "module.myvpc.aws_route.public_internet_gateway_ipv6",
            "module.myvpc.aws_route_table.database",
            "module.myvpc.aws_route_table.elasticache",
            "module.myvpc.aws_route_table.intra",
            "module.myvpc.aws_route_table.private",
            "module.myvpc.aws_route_table.public",
            "module.myvpc.aws_route_table.redshift",
            "module.myvpc.aws_route_table_association.database",
            "module.myvpc.aws_route_table_association.elasticache",
            "module.myvpc.aws_route_table_association.intra",
            "module.myvpc.aws_route_table_association.outpost",
            "module.myvpc.aws_route_table_association.private",
            "module.myvpc.aws_route_table_association.public",
            "module.myvpc.aws_route_table_association.redshift",
            "module.myvpc.aws_route_table_association.redshift_public",
            "module.myvpc.aws_subnet.database",
            "module.myvpc.aws_subnet.elasticache",
            "module.myvpc.aws_subnet.intra",
            "module.myvpc.aws_subnet.outpost",
            "module.myvpc.aws_subnet.private",
            "module.myvpc.aws_subnet.public",
            "module.myvpc.aws_subnet.redshift",
            "module.myvpc.aws_vpc.this",
            "module.myvpc.aws_vpc_dhcp_options.this",
            "module.myvpc.aws_vpc_dhcp_options_association.this",
            "module.myvpc.aws_vpc_ipv4_cidr_block_association.this",
            "module.myvpc.aws_vpn_gateway.this",
            "module.myvpc.aws_vpn_gateway_attachment.this",
            "module.myvpc.aws_vpn_gateway_route_propagation.intra",
            "module.myvpc.aws_vpn_gateway_route_propagation.private",
            "module.myvpc.aws_vpn_gateway_route_propagation.public",
            "module.myvpc.data.aws_iam_policy_document.flow_log_cloudwatch_assume_role",
            "module.myvpc.data.aws_iam_policy_document.vpc_flow_log_cloudwatch"
          ]
        }
      ]
    },
    {
      "module": "module.ec2-sg-mongo[\"usw2-shared\"]",
      "mode": "managed",
      "type": "aws_security_group_rule",
      "name": "all-outbound",
      "provider": "provider[\"registry.terraform.io/hashicorp/aws\"].usw2",
      "instances": [
        {
          "schema_version": 2,
          "attributes": {
            "cidr_blocks": [
              "0.0.0.0/0"
            ],
            "description": "Egress all traffic",
            "from_port": 0,
            "id": "sgrule-2533030211",
            "ipv6_cidr_blocks": null,
            "prefix_list_ids": null,
            "protocol": "-1",
            "security_group_id": "sg-0218cce6ade2a9824",
            "security_group_rule_id": "sgr-08299f202ca24392a",
            "self": false,
            "source_security_group_id": null,
            "timeouts": null,
            "to_port": 0,
            "type": "egress"
          },
          "sensitive_attributes": [],
          "private": "eyJlMmJmYjczMC1lY2FhLTExZTYtOGY4OC0zNDM2M2JjN2M0YzAiOnsiY3JlYXRlIjozMDAwMDAwMDAwMDB9LCJzY2hlbWFfdmVyc2lvbiI6IjIifQ==",
          "dependencies": [
            "data.aws_availability_zones.usw2",
            "module.ec2-sg-mongo.aws_security_group.mongo",
            "module.myvpc.aws_cloudwatch_log_group.flow_log",
            "module.myvpc.aws_customer_gateway.this",
            "module.myvpc.aws_db_subnet_group.database",
            "module.myvpc.aws_default_network_acl.this",
            "module.myvpc.aws_default_route_table.default",
            "module.myvpc.aws_default_security_group.this",
            "module.myvpc.aws_default_vpc.this",
            "module.myvpc.aws_egress_only_internet_gateway.this",
            "module.myvpc.aws_eip.nat",
            "module.myvpc.aws_elasticache_subnet_group.elasticache",
            "module.myvpc.aws_flow_log.this",
            "module.myvpc.aws_iam_policy.vpc_flow_log_cloudwatch",
            "module.myvpc.aws_iam_role.vpc_flow_log_cloudwatch",
            "module.myvpc.aws_iam_role_policy_attachment.vpc_flow_log_cloudwatch",
            "module.myvpc.aws_internet_gateway.this",
            "module.myvpc.aws_nat_gateway.this",
            "module.myvpc.aws_network_acl.database",
            "module.myvpc.aws_network_acl.elasticache",
            "module.myvpc.aws_network_acl.intra",
            "module.myvpc.aws_network_acl.outpost",
            "module.myvpc.aws_network_acl.private",
            "module.myvpc.aws_network_acl.public",
            "module.myvpc.aws_network_acl.redshift",
            "module.myvpc.aws_network_acl_rule.database_inbound",
            "module.myvpc.aws_network_acl_rule.database_outbound",
            "module.myvpc.aws_network_acl_rule.elasticache_inbound",
            "module.myvpc.aws_network_acl_rule.elasticache_outbound",
            "module.myvpc.aws_network_acl_rule.intra_inbound",
            "module.myvpc.aws_network_acl_rule.intra_outbound",
            "module.myvpc.aws_network_acl_rule.outpost_inbound",
            "module.myvpc.aws_network_acl_rule.outpost_outbound",
            "module.myvpc.aws_network_acl_rule.private_inbound",
            "module.myvpc.aws_network_acl_rule.private_outbound",
            "module.myvpc.aws_network_acl_rule.public_inbound",
            "module.myvpc.aws_network_acl_rule.public_outbound",
            "module.myvpc.aws_network_acl_rule.redshift_inbound",
            "module.myvpc.aws_network_acl_rule.redshift_outbound",
            "module.myvpc.aws_redshift_subnet_group.redshift",
            "module.myvpc.aws_route.database_dns64_nat_gateway",
            "module.myvpc.aws_route.database_internet_gateway",
            "module.myvpc.aws_route.database_ipv6_egress",
            "module.myvpc.aws_route.database_nat_gateway",
            "module.myvpc.aws_route.private_dns64_nat_gateway",
            "module.myvpc.aws_route.private_ipv6_egress",
            "module.myvpc.aws_route.private_nat_gateway",
            "module.myvpc.aws_route.public_internet_gateway",
            "module.myvpc.aws_route.public_internet_gateway_ipv6",
            "module.myvpc.aws_route_table.database",
            "module.myvpc.aws_route_table.elasticache",
            "module.myvpc.aws_route_table.intra",
            "module.myvpc.aws_route_table.private",
            "module.myvpc.aws_route_table.public",
            "module.myvpc.aws_route_table.redshift",
            "module.myvpc.aws_route_table_association.database",
            "module.myvpc.aws_route_table_association.elasticache",
            "module.myvpc.aws_route_table_association.intra",
            "module.myvpc.aws_route_table_association.outpost",
            "module.myvpc.aws_route_table_association.private",
            "module.myvpc.aws_route_table_association.public",
            "module.myvpc.aws_route_table_association.redshift",
            "module.myvpc.aws_route_table_association.redshift_public",
            "module.myvpc.aws_subnet.database",
            "module.myvpc.aws_subnet.elasticache",
            "module.myvpc.aws_subnet.intra",
            "module.myvpc.aws_subnet.outpost",
            "module.myvpc.aws_subnet.private",
            "module.myvpc.aws_subnet.public",
            "module.myvpc.aws_subnet.redshift",
            "module.myvpc.aws_vpc.this",
            "module.myvpc.aws_vpc_dhcp_options.this",
            "module.myvpc.aws_vpc_dhcp_options_association.this",
            "module.myvpc.aws_vpc_ipv4_cidr_block_association.this",
            "module.myvpc.aws_vpn_gateway.this",
            "module.myvpc.aws_vpn_gateway_attachment.this",
            "module.myvpc.aws_vpn_gateway_route_propagation.intra",
            "module.myvpc.aws_vpn_gateway_route_propagation.private",
            "module.myvpc.aws_vpn_gateway_route_propagation.public",
            "module.myvpc.data.aws_iam_policy_document.flow_log_cloudwatch_assume_role",
            "module.myvpc.data.aws_iam_policy_document.vpc_flow_log_cloudwatch"
          ]
        }
      ]
    },
    {
      "module": "module.ec2-sg-mongo[\"usw2-shared\"]",
      "mode": "managed",
      "type": "aws_security_group_rule",
      "name": "mongoPort",
      "provider": "provider[\"registry.terraform.io/hashicorp/aws\"].usw2",
      "instances": [
        {
          "schema_version": 2,
          "attributes": {
            "cidr_blocks": [
              "10.15.0.0/20"
            ],
            "description": "Mongo DB default port",
            "from_port": 27017,
            "id": "sgrule-3357462629",
            "ipv6_cidr_blocks": null,
            "prefix_list_ids": null,
            "protocol": "tcp",
            "security_group_id": "sg-0218cce6ade2a9824",
            "security_group_rule_id": "sgr-027a15187d0394960",
            "self": false,
            "source_security_group_id": null,
            "timeouts": null,
            "to_port": 27017,
            "type": "ingress"
          },
          "sensitive_attributes": [],
          "private": "eyJlMmJmYjczMC1lY2FhLTExZTYtOGY4OC0zNDM2M2JjN2M0YzAiOnsiY3JlYXRlIjozMDAwMDAwMDAwMDB9LCJzY2hlbWFfdmVyc2lvbiI6IjIifQ==",
          "dependencies": [
            "data.aws_availability_zones.usw2",
            "module.ec2-sg-mongo.aws_security_group.mongo",
            "module.myvpc.aws_cloudwatch_log_group.flow_log",
            "module.myvpc.aws_customer_gateway.this",
            "module.myvpc.aws_db_subnet_group.database",
            "module.myvpc.aws_default_network_acl.this",
            "module.myvpc.aws_default_route_table.default",
            "module.myvpc.aws_default_security_group.this",
            "module.myvpc.aws_default_vpc.this",
            "module.myvpc.aws_egress_only_internet_gateway.this",
            "module.myvpc.aws_eip.nat",
            "module.myvpc.aws_elasticache_subnet_group.elasticache",
            "module.myvpc.aws_flow_log.this",
            "module.myvpc.aws_iam_policy.vpc_flow_log_cloudwatch",
            "module.myvpc.aws_iam_role.vpc_flow_log_cloudwatch",
            "module.myvpc.aws_iam_role_policy_attachment.vpc_flow_log_cloudwatch",
            "module.myvpc.aws_internet_gateway.this",
            "module.myvpc.aws_nat_gateway.this",
            "module.myvpc.aws_network_acl.database",
            "module.myvpc.aws_network_acl.elasticache",
            "module.myvpc.aws_network_acl.intra",
            "module.myvpc.aws_network_acl.outpost",
            "module.myvpc.aws_network_acl.private",
            "module.myvpc.aws_network_acl.public",
            "module.myvpc.aws_network_acl.redshift",
            "module.myvpc.aws_network_acl_rule.database_inbound",
            "module.myvpc.aws_network_acl_rule.database_outbound",
            "module.myvpc.aws_network_acl_rule.elasticache_inbound",
            "module.myvpc.aws_network_acl_rule.elasticache_outbound",
            "module.myvpc.aws_network_acl_rule.intra_inbound",
            "module.myvpc.aws_network_acl_rule.intra_outbound",
            "module.myvpc.aws_network_acl_rule.outpost_inbound",
            "module.myvpc.aws_network_acl_rule.outpost_outbound",
            "module.myvpc.aws_network_acl_rule.private_inbound",
            "module.myvpc.aws_network_acl_rule.private_outbound",
            "module.myvpc.aws_network_acl_rule.public_inbound",
            "module.myvpc.aws_network_acl_rule.public_outbound",
            "module.myvpc.aws_network_acl_rule.redshift_inbound",
            "module.myvpc.aws_network_acl_rule.redshift_outbound",
            "module.myvpc.aws_redshift_subnet_group.redshift",
            "module.myvpc.aws_route.database_dns64_nat_gateway",
            "module.myvpc.aws_route.database_internet_gateway",
            "module.myvpc.aws_route.database_ipv6_egress",
            "module.myvpc.aws_route.database_nat_gateway",
            "module.myvpc.aws_route.private_dns64_nat_gateway",
            "module.myvpc.aws_route.private_ipv6_egress",
            "module.myvpc.aws_route.private_nat_gateway",
            "module.myvpc.aws_route.public_internet_gateway",
            "module.myvpc.aws_route.public_internet_gateway_ipv6",
            "module.myvpc.aws_route_table.database",
            "module.myvpc.aws_route_table.elasticache",
            "module.myvpc.aws_route_table.intra",
            "module.myvpc.aws_route_table.private",
            "module.myvpc.aws_route_table.public",
            "module.myvpc.aws_route_table.redshift",
            "module.myvpc.aws_route_table_association.database",
            "module.myvpc.aws_route_table_association.elasticache",
            "module.myvpc.aws_route_table_association.intra",
            "module.myvpc.aws_route_table_association.outpost",
            "module.myvpc.aws_route_table_association.private",
            "module.myvpc.aws_route_table_association.public",
            "module.myvpc.aws_route_table_association.redshift",
            "module.myvpc.aws_route_table_association.redshift_public",
            "module.myvpc.aws_subnet.database",
            "module.myvpc.aws_subnet.elasticache",
            "module.myvpc.aws_subnet.intra",
            "module.myvpc.aws_subnet.outpost",
            "module.myvpc.aws_subnet.private",
            "module.myvpc.aws_subnet.public",
            "module.myvpc.aws_subnet.redshift",
            "module.myvpc.aws_vpc.this",
            "module.myvpc.aws_vpc_dhcp_options.this",
            "module.myvpc.aws_vpc_dhcp_options_association.this",
            "module.myvpc.aws_vpc_ipv4_cidr_block_association.this",
            "module.myvpc.aws_vpn_gateway.this",
            "module.myvpc.aws_vpn_gateway_attachment.this",
            "module.myvpc.aws_vpn_gateway_route_propagation.intra",
            "module.myvpc.aws_vpn_gateway_route_propagation.private",
            "module.myvpc.aws_vpn_gateway_route_propagation.public",
            "module.myvpc.data.aws_iam_policy_document.flow_log_cloudwatch_assume_role",
            "module.myvpc.data.aws_iam_policy_document.vpc_flow_log_cloudwatch"
          ]
        }
      ]
    },
    {
      "module": "module.ec2[\"usw2-shared-ext-mongodb\"]",
      "mode": "data",
      "type": "aws_caller_identity",
      "name": "current",
      "provider": "provider[\"registry.terraform.io/hashicorp/aws\"].usw2",
      "instances": [
        {
          "schema_version": 0,
          "attributes": {
            "account_id": "865587657226",
            "arn": "arn:aws:sts::865587657226:assumed-role/aws_jbroadbent_test-developer/jbroadbent@hashicorp.com",
            "id": "865587657226",
            "user_id": "AROA4TCILPIFDDRQ6T3VY:jbroadbent@hashicorp.com"
          },
          "sensitive_attributes": []
        }
      ]
    },
    {
      "module": "module.ec2[\"usw2-shared-ext-mongodb\"]",
      "mode": "data",
      "type": "aws_caller_identity",
      "name": "this",
      "provider": "provider[\"registry.terraform.io/hashicorp/aws\"].usw2",
      "instances": [
        {
          "schema_version": 0,
          "attributes": {
            "account_id": "865587657226",
            "arn": "arn:aws:sts::865587657226:assumed-role/aws_jbroadbent_test-developer/jbroadbent@hashicorp.com",
            "id": "865587657226",
            "user_id": "AROA4TCILPIFDDRQ6T3VY:jbroadbent@hashicorp.com"
          },
          "sensitive_attributes": []
        }
      ]
    },
    {
      "module": "module.ec2[\"usw2-shared-ext-mongodb\"]",
      "mode": "data",
      "type": "aws_region",
      "name": "current",
      "provider": "provider[\"registry.terraform.io/hashicorp/aws\"].usw2",
      "instances": [
        {
          "schema_version": 0,
          "attributes": {
            "description": "US West (Oregon)",
            "endpoint": "ec2.us-west-2.amazonaws.com",
            "id": "us-west-2",
            "name": "us-west-2"
          },
          "sensitive_attributes": []
        }
      ]
    },
    {
      "module": "module.ec2[\"usw2-shared-ext-mongodb\"]",
      "mode": "data",
      "type": "aws_ssm_parameter",
      "name": "ubuntu-focal",
      "provider": "provider[\"registry.terraform.io/hashicorp/aws\"].usw2",
      "instances": [
        {
          "schema_version": 0,
          "attributes": {
            "arn": "arn:aws:ssm:us-west-2::parameter/aws/service/canonical/ubuntu/server/20.04/stable/current/amd64/hvm/ebs-gp2/ami-id",
            "id": "/aws/service/canonical/ubuntu/server/20.04/stable/current/amd64/hvm/ebs-gp2/ami-id",
            "insecure_value": "ami-0deb35a8202ca99c1",
            "name": "/aws/service/canonical/ubuntu/server/20.04/stable/current/amd64/hvm/ebs-gp2/ami-id",
            "type": "String",
            "value": "ami-0deb35a8202ca99c1",
            "version": 304,
            "with_decryption": true
          },
          "sensitive_attributes": [
            [
              {
                "type": "get_attr",
                "value": "value"
              }
            ]
          ]
        }
      ]
    },
    {
      "module": "module.ec2[\"usw2-shared-ext-mongodb\"]",
      "mode": "data",
      "type": "aws_ssm_parameter",
      "name": "ubuntu_1804_ami_id",
      "provider": "provider[\"registry.terraform.io/hashicorp/aws\"].usw2",
      "instances": [
        {
          "schema_version": 0,
          "attributes": {
            "arn": "arn:aws:ssm:us-west-2::parameter/aws/service/canonical/ubuntu/server/18.04/stable/current/amd64/hvm/ebs-gp2/ami-id",
            "id": "/aws/service/canonical/ubuntu/server/18.04/stable/current/amd64/hvm/ebs-gp2/ami-id",
            "insecure_value": "ami-0a588942e90cfecc9",
            "name": "/aws/service/canonical/ubuntu/server/18.04/stable/current/amd64/hvm/ebs-gp2/ami-id",
            "type": "String",
            "value": "ami-0a588942e90cfecc9",
            "version": 314,
            "with_decryption": true
          },
          "sensitive_attributes": [
            [
              {
                "type": "get_attr",
                "value": "value"
              }
            ]
          ]
        }
      ]
    },
    {
      "module": "module.ec2[\"usw2-shared-ext-mongodb\"]",
      "mode": "managed",
      "type": "aws_security_group",
      "name": "bastion",
      "provider": "provider[\"registry.terraform.io/hashicorp/aws\"].usw2",
      "instances": [
        {
          "schema_version": 1,
          "attributes": {
            "arn": "arn:aws:ec2:us-west-2:865587657226:security-group/sg-02e73b0acbd5c553f",
            "description": "Firewall for the bastion instance",
            "egress": [],
            "id": "sg-02e73b0acbd5c553f",
            "ingress": [],
            "name": "usw2-bastion-sg20240523141504372900000017",
            "name_prefix": "usw2-bastion-sg",
            "owner_id": "865587657226",
            "revoke_rules_on_delete": false,
            "tags": {
              "Name": "usw2-bastion-sg",
              "Project": "jase-usw2-ec2"
            },
            "tags_all": {
              "Name": "usw2-bastion-sg",
              "Project": "jase-usw2-ec2"
            },
            "timeouts": null,
            "vpc_id": "vpc-02203bc5431776663"
          },
          "sensitive_attributes": [],
          "private": "eyJlMmJmYjczMC1lY2FhLTExZTYtOGY4OC0zNDM2M2JjN2M0YzAiOnsiY3JlYXRlIjo2MDAwMDAwMDAwMDAsImRlbGV0ZSI6OTAwMDAwMDAwMDAwfSwic2NoZW1hX3ZlcnNpb24iOiIxIn0=",
          "dependencies": [
            "data.aws_availability_zones.usw2",
            "module.ec2.data.aws_region.current",
            "module.myvpc.aws_cloudwatch_log_group.flow_log",
            "module.myvpc.aws_customer_gateway.this",
            "module.myvpc.aws_db_subnet_group.database",
            "module.myvpc.aws_default_network_acl.this",
            "module.myvpc.aws_default_route_table.default",
            "module.myvpc.aws_default_security_group.this",
            "module.myvpc.aws_default_vpc.this",
            "module.myvpc.aws_egress_only_internet_gateway.this",
            "module.myvpc.aws_eip.nat",
            "module.myvpc.aws_elasticache_subnet_group.elasticache",
            "module.myvpc.aws_flow_log.this",
            "module.myvpc.aws_iam_policy.vpc_flow_log_cloudwatch",
            "module.myvpc.aws_iam_role.vpc_flow_log_cloudwatch",
            "module.myvpc.aws_iam_role_policy_attachment.vpc_flow_log_cloudwatch",
            "module.myvpc.aws_internet_gateway.this",
            "module.myvpc.aws_nat_gateway.this",
            "module.myvpc.aws_network_acl.database",
            "module.myvpc.aws_network_acl.elasticache",
            "module.myvpc.aws_network_acl.intra",
            "module.myvpc.aws_network_acl.outpost",
            "module.myvpc.aws_network_acl.private",
            "module.myvpc.aws_network_acl.public",
            "module.myvpc.aws_network_acl.redshift",
            "module.myvpc.aws_network_acl_rule.database_inbound",
            "module.myvpc.aws_network_acl_rule.database_outbound",
            "module.myvpc.aws_network_acl_rule.elasticache_inbound",
            "module.myvpc.aws_network_acl_rule.elasticache_outbound",
            "module.myvpc.aws_network_acl_rule.intra_inbound",
            "module.myvpc.aws_network_acl_rule.intra_outbound",
            "module.myvpc.aws_network_acl_rule.outpost_inbound",
            "module.myvpc.aws_network_acl_rule.outpost_outbound",
            "module.myvpc.aws_network_acl_rule.private_inbound",
            "module.myvpc.aws_network_acl_rule.private_outbound",
            "module.myvpc.aws_network_acl_rule.public_inbound",
            "module.myvpc.aws_network_acl_rule.public_outbound",
            "module.myvpc.aws_network_acl_rule.redshift_inbound",
            "module.myvpc.aws_network_acl_rule.redshift_outbound",
            "module.myvpc.aws_redshift_subnet_group.redshift",
            "module.myvpc.aws_route.database_dns64_nat_gateway",
            "module.myvpc.aws_route.database_internet_gateway",
            "module.myvpc.aws_route.database_ipv6_egress",
            "module.myvpc.aws_route.database_nat_gateway",
            "module.myvpc.aws_route.private_dns64_nat_gateway",
            "module.myvpc.aws_route.private_ipv6_egress",
            "module.myvpc.aws_route.private_nat_gateway",
            "module.myvpc.aws_route.public_internet_gateway",
            "module.myvpc.aws_route.public_internet_gateway_ipv6",
            "module.myvpc.aws_route_table.database",
            "module.myvpc.aws_route_table.elasticache",
            "module.myvpc.aws_route_table.intra",
            "module.myvpc.aws_route_table.private",
            "module.myvpc.aws_route_table.public",
            "module.myvpc.aws_route_table.redshift",
            "module.myvpc.aws_route_table_association.database",
            "module.myvpc.aws_route_table_association.elasticache",
            "module.myvpc.aws_route_table_association.intra",
            "module.myvpc.aws_route_table_association.outpost",
            "module.myvpc.aws_route_table_association.private",
            "module.myvpc.aws_route_table_association.public",
            "module.myvpc.aws_route_table_association.redshift",
            "module.myvpc.aws_route_table_association.redshift_public",
            "module.myvpc.aws_subnet.database",
            "module.myvpc.aws_subnet.elasticache",
            "module.myvpc.aws_subnet.intra",
            "module.myvpc.aws_subnet.outpost",
            "module.myvpc.aws_subnet.private",
            "module.myvpc.aws_subnet.public",
            "module.myvpc.aws_subnet.redshift",
            "module.myvpc.aws_vpc.this",
            "module.myvpc.aws_vpc_dhcp_options.this",
            "module.myvpc.aws_vpc_dhcp_options_association.this",
            "module.myvpc.aws_vpc_ipv4_cidr_block_association.this",
            "module.myvpc.aws_vpn_gateway.this",
            "module.myvpc.aws_vpn_gateway_attachment.this",
            "module.myvpc.aws_vpn_gateway_route_propagation.intra",
            "module.myvpc.aws_vpn_gateway_route_propagation.private",
            "module.myvpc.aws_vpn_gateway_route_propagation.public",
            "module.myvpc.data.aws_iam_policy_document.flow_log_cloudwatch_assume_role",
            "module.myvpc.data.aws_iam_policy_document.vpc_flow_log_cloudwatch"
          ]
        }
      ]
    },
    {
      "module": "module.ec2[\"usw2-shared-ext-mongodb\"]",
      "mode": "managed",
      "type": "aws_security_group_rule",
      "name": "bastion_allow_22",
      "provider": "provider[\"registry.terraform.io/hashicorp/aws\"].usw2",
      "instances": [
        {
          "schema_version": 2,
          "attributes": {
            "cidr_blocks": [
              "52.119.127.230/32"
            ],
            "description": "Allow SSH traffic.",
            "from_port": 22,
            "id": "sgrule-452532091",
            "ipv6_cidr_blocks": null,
            "prefix_list_ids": null,
            "protocol": "tcp",
            "security_group_id": "sg-02e73b0acbd5c553f",
            "security_group_rule_id": "sgr-0647b6d741c219d68",
            "self": false,
            "source_security_group_id": null,
            "timeouts": null,
            "to_port": 22,
            "type": "ingress"
          },
          "sensitive_attributes": [],
          "private": "eyJlMmJmYjczMC1lY2FhLTExZTYtOGY4OC0zNDM2M2JjN2M0YzAiOnsiY3JlYXRlIjozMDAwMDAwMDAwMDB9LCJzY2hlbWFfdmVyc2lvbiI6IjIifQ==",
          "dependencies": [
            "data.aws_availability_zones.usw2",
            "module.ec2.aws_security_group.bastion",
            "module.ec2.data.aws_region.current",
            "module.myvpc.aws_cloudwatch_log_group.flow_log",
            "module.myvpc.aws_customer_gateway.this",
            "module.myvpc.aws_db_subnet_group.database",
            "module.myvpc.aws_default_network_acl.this",
            "module.myvpc.aws_default_route_table.default",
            "module.myvpc.aws_default_security_group.this",
            "module.myvpc.aws_default_vpc.this",
            "module.myvpc.aws_egress_only_internet_gateway.this",
            "module.myvpc.aws_eip.nat",
            "module.myvpc.aws_elasticache_subnet_group.elasticache",
            "module.myvpc.aws_flow_log.this",
            "module.myvpc.aws_iam_policy.vpc_flow_log_cloudwatch",
            "module.myvpc.aws_iam_role.vpc_flow_log_cloudwatch",
            "module.myvpc.aws_iam_role_policy_attachment.vpc_flow_log_cloudwatch",
            "module.myvpc.aws_internet_gateway.this",
            "module.myvpc.aws_nat_gateway.this",
            "module.myvpc.aws_network_acl.database",
            "module.myvpc.aws_network_acl.elasticache",
            "module.myvpc.aws_network_acl.intra",
            "module.myvpc.aws_network_acl.outpost",
            "module.myvpc.aws_network_acl.private",
            "module.myvpc.aws_network_acl.public",
            "module.myvpc.aws_network_acl.redshift",
            "module.myvpc.aws_network_acl_rule.database_inbound",
            "module.myvpc.aws_network_acl_rule.database_outbound",
            "module.myvpc.aws_network_acl_rule.elasticache_inbound",
            "module.myvpc.aws_network_acl_rule.elasticache_outbound",
            "module.myvpc.aws_network_acl_rule.intra_inbound",
            "module.myvpc.aws_network_acl_rule.intra_outbound",
            "module.myvpc.aws_network_acl_rule.outpost_inbound",
            "module.myvpc.aws_network_acl_rule.outpost_outbound",
            "module.myvpc.aws_network_acl_rule.private_inbound",
            "module.myvpc.aws_network_acl_rule.private_outbound",
            "module.myvpc.aws_network_acl_rule.public_inbound",
            "module.myvpc.aws_network_acl_rule.public_outbound",
            "module.myvpc.aws_network_acl_rule.redshift_inbound",
            "module.myvpc.aws_network_acl_rule.redshift_outbound",
            "module.myvpc.aws_redshift_subnet_group.redshift",
            "module.myvpc.aws_route.database_dns64_nat_gateway",
            "module.myvpc.aws_route.database_internet_gateway",
            "module.myvpc.aws_route.database_ipv6_egress",
            "module.myvpc.aws_route.database_nat_gateway",
            "module.myvpc.aws_route.private_dns64_nat_gateway",
            "module.myvpc.aws_route.private_ipv6_egress",
            "module.myvpc.aws_route.private_nat_gateway",
            "module.myvpc.aws_route.public_internet_gateway",
            "module.myvpc.aws_route.public_internet_gateway_ipv6",
            "module.myvpc.aws_route_table.database",
            "module.myvpc.aws_route_table.elasticache",
            "module.myvpc.aws_route_table.intra",
            "module.myvpc.aws_route_table.private",
            "module.myvpc.aws_route_table.public",
            "module.myvpc.aws_route_table.redshift",
            "module.myvpc.aws_route_table_association.database",
            "module.myvpc.aws_route_table_association.elasticache",
            "module.myvpc.aws_route_table_association.intra",
            "module.myvpc.aws_route_table_association.outpost",
            "module.myvpc.aws_route_table_association.private",
            "module.myvpc.aws_route_table_association.public",
            "module.myvpc.aws_route_table_association.redshift",
            "module.myvpc.aws_route_table_association.redshift_public",
            "module.myvpc.aws_subnet.database",
            "module.myvpc.aws_subnet.elasticache",
            "module.myvpc.aws_subnet.intra",
            "module.myvpc.aws_subnet.outpost",
            "module.myvpc.aws_subnet.private",
            "module.myvpc.aws_subnet.public",
            "module.myvpc.aws_subnet.redshift",
            "module.myvpc.aws_vpc.this",
            "module.myvpc.aws_vpc_dhcp_options.this",
            "module.myvpc.aws_vpc_dhcp_options_association.this",
            "module.myvpc.aws_vpc_ipv4_cidr_block_association.this",
            "module.myvpc.aws_vpn_gateway.this",
            "module.myvpc.aws_vpn_gateway_attachment.this",
            "module.myvpc.aws_vpn_gateway_route_propagation.intra",
            "module.myvpc.aws_vpn_gateway_route_propagation.private",
            "module.myvpc.aws_vpn_gateway_route_propagation.public",
            "module.myvpc.data.aws_iam_policy_document.flow_log_cloudwatch_assume_role",
            "module.myvpc.data.aws_iam_policy_document.vpc_flow_log_cloudwatch"
          ]
        }
      ]
    },
    {
      "module": "module.ec2_profile_mongo[\"usw2-shared-ext-mongodb\"]",
      "mode": "managed",
      "type": "aws_iam_role",
      "name": "ec2_role",
      "provider": "provider[\"registry.terraform.io/hashicorp/aws\"]",
      "instances": [
        {
          "schema_version": 0,
          "attributes": {
            "arn": "arn:aws:iam::865587657226:role/ext-mongodb-ec2-role",
            "assume_role_policy": "{\"Statement\":[{\"Action\":\"sts:AssumeRole\",\"Effect\":\"Allow\",\"Principal\":{\"Service\":\"ec2.amazonaws.com\"},\"Sid\":\"\"}],\"Version\":\"2012-10-17\"}",
            "create_date": "2024-05-23T14:12:46Z",
            "description": "",
            "force_detach_policies": false,
            "id": "ext-mongodb-ec2-role",
            "inline_policy": [],
            "managed_policy_arns": [],
            "max_session_duration": 3600,
            "name": "ext-mongodb-ec2-role",
            "name_prefix": "",
            "path": "/",
            "permissions_boundary": "",
            "tags": {
              "tag-key": "tag-value"
            },
            "tags_all": {
              "tag-key": "tag-value"
            },
            "unique_id": "AROA4TCILPIFPPRGXOCOF"
          },
          "sensitive_attributes": [],
          "private": "bnVsbA=="
        }
      ]
    },
    {
      "module": "module.ec2_profile_mongo[\"usw2-shared-ext-mongodb\"]",
      "mode": "managed",
      "type": "aws_iam_role_policy",
      "name": "ec2",
      "provider": "provider[\"registry.terraform.io/hashicorp/aws\"]",
      "instances": [
        {
          "schema_version": 0,
          "attributes": {
            "id": "ext-mongodb-ec2-role:ext-mongodb-ec2-role-ec2_policy",
            "name": "ext-mongodb-ec2-role-ec2_policy",
            "name_prefix": "",
            "policy": "{\"Version\":\"2012-10-17\",\"Statement\":[{\"Action\":[\"ec2:*\"],\"Effect\":\"Allow\",\"Resource\":\"*\"}]}",
            "role": "ext-mongodb-ec2-role"
          },
          "sensitive_attributes": [],
          "private": "bnVsbA==",
          "dependencies": [
            "module.ec2_profile_mongo.aws_iam_role.ec2_role"
          ]
        }
      ]
    },
    {
      "module": "module.ec2_profile_mongo[\"usw2-shared-ext-mongodb\"]",
      "mode": "managed",
      "type": "aws_iam_role_policy",
      "name": "s3",
      "provider": "provider[\"registry.terraform.io/hashicorp/aws\"]",
      "instances": [
        {
          "schema_version": 0,
          "attributes": {
            "id": "ext-mongodb-ec2-role:ext-mongodb-ec2-role-s3_policy",
            "name": "ext-mongodb-ec2-role-s3_policy",
            "name_prefix": "",
            "policy": "{\"Version\":\"2012-10-17\",\"Statement\":[{\"Action\":[\"s3:ListBucket\"],\"Effect\":\"Allow\",\"Resource\":[\"*\"]},{\"Action\":[\"s3:GetObject\",\"s3:PutObject\",\"s3:PutObjectAcl\",\"s3:DeleteObject\"],\"Effect\":\"Allow\",\"Resource\":[\"*\"]}]}",
            "role": "ext-mongodb-ec2-role"
          },
          "sensitive_attributes": [],
          "private": "bnVsbA==",
          "dependencies": [
            "module.ec2_profile_mongo.aws_iam_role.ec2_role"
          ]
        }
      ]
    },
    {
      "module": "module.eks-usw2",
      "mode": "data",
      "type": "aws_eks_cluster_auth",
      "name": "cluster_auth",
      "provider": "provider[\"registry.terraform.io/hashicorp/aws\"].usw2",
      "instances": [
        {
          "schema_version": 0,
          "attributes": {
            "id": "jase-shared-usw2",
            "name": "jase-shared-usw2",
            "token": "k8s-aws-v1.aHR0cHM6Ly9zdHMudXMtd2VzdC0yLmFtYXpvbmF3cy5jb20vP0FjdGlvbj1HZXRDYWxsZXJJZGVudGl0eSZWZXJzaW9uPTIwMTEtMDYtMTUmWC1BbXotQWxnb3JpdGhtPUFXUzQtSE1BQy1TSEEyNTYmWC1BbXotQ3JlZGVudGlhbD1BU0lBNFRDSUxQSUZOVDJZNERVTCUyRjIwMjQwNTIzJTJGdXMtd2VzdC0yJTJGc3RzJTJGYXdzNF9yZXF1ZXN0JlgtQW16LURhdGU9MjAyNDA1MjNUMTQxMjQyWiZYLUFtei1FeHBpcmVzPTAmWC1BbXotU2VjdXJpdHktVG9rZW49SVFvSmIzSnBaMmx1WDJWakVQaiUyRiUyRiUyRiUyRiUyRiUyRiUyRiUyRiUyRiUyRndFYUNYVnpMWGRsYzNRdE1pSkhNRVVDSUM5cExiaGJiZ1RuMURoelA2MnRCTTB5Z0V6aGdQeFRYWVdXQzNOWjJMWTFBaUVBJTJGSCUyQmkwQnY2S0d0ekVieWVvMFRKamZmJTJGcEpnRG16RGw2ZkFldUlZRDBVd3E2UVFJY1JBQkdndzROalUxT0RjMk5UY3lNallpRExBMG1XJTJGZTI1YUVPQnk4VXlyR0JOSTF5d1l3Y2laMkVqZ2k3dWNpTyUyRm9xZFRveEZWU2hFbkhiWnB6Qmo4UnJjcCUyRkhOOWNXUWp1ckl0UG5DV0dWUVJrJTJGSnl3WmxoR2d4bDlxbHh6c0tnNE5la084VDB1UThNTG5HSyUyQnhjRTEyeXFIWGdiNk5rM2hCb2lKQk9nOUM5aEtuUnRLcW1JRFk4M0tHRkdhM3glMkZReXh0eDFHbmdSQ1JUb3pqRHhNSklMRDBwZm95bFl6SVBaMk1pbkR5YzRIRG5BY1VQUnBoTGV5N3cxQzRCbSUyQlNFZU5JRjFkRVJVOHFDeFl2ckNJeWpHdEowTjZ3VUslMkZNb1I4NHpFNSUyRklTbmVYTG8xRXRCQ2xTNEVFQTJlSDg2Q3pubkpVdTh0TXdFQ0owJTJGeUFqd215OUdaTkZwRlprbW82SmdvWTZob09FcVJ2NUFHOTlsSm82WTBveUZudE9JRGxzaVklMkZ6NlB0WG1NQkFLblU0NzlBaWgxanNnSlBkWUYzbHFlWlpqJTJCRVN5ZXQyNkhaJTJGOHJ1OFVpUVBkM3gxMDdvTXBuOHJMOEE5UjVORTI0cGJQcWdSNlJKZm1udSUyRlRPRlBWQU9jZTJJVHpPTTBXS25DNG5KNWpHaTdsSSUyQlk0eXhrTWsxd21jbHR2JTJCeGFaU2RlSVpoZmp5NU92cmhDNndOcXhiWDY2RWVld2lWcWNXMG9jU2FUU29BeGdBRW1qUjVnMVpPVUFwJTJGcXl5RTFROGtjN2d1UW93R0ZTOVlBU1pGTDNXWGI5MkdBc2JCVnZ0TzhRRk5JZ2JtcWluMzN6bnFYTXdXNllHSiUyQlhEbTVmdHNRTzMlMkJtSUl3bVV3RE1weElnNnd2R0lTSm5QZHZieEJXM3l3VG8xODZVQ3hvcUs0dmttZGhKeU16ZUJLWUR6NWxxVTFSMFlPcTRxcEhydTJrd2NTRWRBZiUyRkVyUlpibVY4N0k2aCUyQkZzcW45UXdKa0N2OGMxMjQ5NUl1YnM5YnBaVGtJVlc0SWxFTUJLTkdsYzg3SCUyQlM3TzdreUJia1FMeDFqSFREcDZidXlCanFoQWJpUDM1cHlaQlFwZ2dyQ1pSOTU3QTBvUHJjbmM0M3YwSmlRZUh0S2FscTBBJTJCUndUTkFmdkJ0amkyV0tQZGplWDhyczByd05ueiUyRjFSME16JTJGSGZDOHN0T1dieXJBM2JJSDdnMEpRYUVnWjM3VndJUHVwTVY0OTd3elFpbVZOWTkyNkNuYTVWRWgwNTdBOHNpVEc3N1NBTGFyVmNwQ0UlMkZjOWw4bVIzYUFHUWdRUFZMUEUwMXRZbzVwSEV4cUs1dzlFQzdlRFpPOTVuSTRnSFFBNVpOeSUyRkd1eiZYLUFtei1TaWduZWRIZWFkZXJzPWhvc3QlM0J4LWs4cy1hd3MtaWQmWC1BbXotU2lnbmF0dXJlPTM0NDlkOWI1ZTNkYmIwMjE4MDE3ZDhhOWRhYTY2MDQxZjQ4Y2U2MWU5ZWQwZjBhNDQ2ZGVjY2E4MGEzMWJhZjQ"
          },
          "sensitive_attributes": [
            [
              {
                "type": "get_attr",
                "value": "token"
              }
            ]
          ]
        }
      ]
    },
    {
      "module": "module.eks-usw2",
      "mode": "data",
      "type": "aws_iam_policy",
      "name": "ebscsi",
      "provider": "provider[\"registry.terraform.io/hashicorp/aws\"].usw2",
      "instances": [
        {
          "schema_version": 0,
          "attributes": {
            "arn": "arn:aws:iam::aws:policy/service-role/AmazonEBSCSIDriverPolicy",
            "description": "IAM Policy that allows the CSI driver service account to make calls to related services such as EC2 on your behalf.",
            "id": "arn:aws:iam::aws:policy/service-role/AmazonEBSCSIDriverPolicy",
            "name": "AmazonEBSCSIDriverPolicy",
            "path": "/service-role/",
            "path_prefix": null,
            "policy": "{\n\t\"Version\": \"2012-10-17\",\n\t\"Statement\": [\n\t\t{\n\t\t\t\"Effect\": \"Allow\",\n\t\t\t\"Action\": [\n\t\t\t\t\"ec2:CreateSnapshot\",\n\t\t\t\t\"ec2:AttachVolume\",\n\t\t\t\t\"ec2:DetachVolume\",\n\t\t\t\t\"ec2:ModifyVolume\",\n\t\t\t\t\"ec2:DescribeAvailabilityZones\",\n\t\t\t\t\"ec2:DescribeInstances\",\n\t\t\t\t\"ec2:DescribeSnapshots\",\n\t\t\t\t\"ec2:DescribeTags\",\n\t\t\t\t\"ec2:DescribeVolumes\",\n\t\t\t\t\"ec2:DescribeVolumesModifications\"\n\t\t\t],\n\t\t\t\"Resource\": \"*\"\n\t\t},\n\t\t{\n\t\t\t\"Effect\": \"Allow\",\n\t\t\t\"Action\": [\n\t\t\t\t\"ec2:CreateTags\"\n\t\t\t],\n\t\t\t\"Resource\": [\n\t\t\t\t\"arn:aws:ec2:*:*:volume/*\",\n\t\t\t\t\"arn:aws:ec2:*:*:snapshot/*\"\n\t\t\t],\n\t\t\t\"Condition\": {\n\t\t\t\t\"StringEquals\": {\n\t\t\t\t\t\"ec2:CreateAction\": [\n\t\t\t\t\t\t\"CreateVolume\",\n\t\t\t\t\t\t\"CreateSnapshot\"\n\t\t\t\t\t]\n\t\t\t\t}\n\t\t\t}\n\t\t},\n\t\t{\n\t\t\t\"Effect\": \"Allow\",\n\t\t\t\"Action\": [\n\t\t\t\t\"ec2:DeleteTags\"\n\t\t\t],\n\t\t\t\"Resource\": [\n\t\t\t\t\"arn:aws:ec2:*:*:volume/*\",\n\t\t\t\t\"arn:aws:ec2:*:*:snapshot/*\"\n\t\t\t]\n\t\t},\n\t\t{\n\t\t\t\"Effect\": \"Allow\",\n\t\t\t\"Action\": [\n\t\t\t\t\"ec2:CreateVolume\"\n\t\t\t],\n\t\t\t\"Resource\": \"*\",\n\t\t\t\"Condition\": {\n\t\t\t\t\"StringLike\": {\n\t\t\t\t\t\"aws:RequestTag/ebs.csi.aws.com/cluster\": \"true\"\n\t\t\t\t}\n\t\t\t}\n\t\t},\n\t\t{\n\t\t\t\"Effect\": \"Allow\",\n\t\t\t\"Action\": [\n\t\t\t\t\"ec2:CreateVolume\"\n\t\t\t],\n\t\t\t\"Resource\": \"*\",\n\t\t\t\"Condition\": {\n\t\t\t\t\"StringLike\": {\n\t\t\t\t\t\"aws:RequestTag/CSIVolumeName\": \"*\"\n\t\t\t\t}\n\t\t\t}\n\t\t},\n\t\t{\n\t\t\t\"Effect\": \"Allow\",\n\t\t\t\"Action\": [\n\t\t\t\t\"ec2:DeleteVolume\"\n\t\t\t],\n\t\t\t\"Resource\": \"*\",\n\t\t\t\"Condition\": {\n\t\t\t\t\"StringLike\": {\n\t\t\t\t\t\"ec2:ResourceTag/ebs.csi.aws.com/cluster\": \"true\"\n\t\t\t\t}\n\t\t\t}\n\t\t},\n\t\t{\n\t\t\t\"Effect\": \"Allow\",\n\t\t\t\"Action\": [\n\t\t\t\t\"ec2:DeleteVolume\"\n\t\t\t],\n\t\t\t\"Resource\": \"*\",\n\t\t\t\"Condition\": {\n\t\t\t\t\"StringLike\": {\n\t\t\t\t\t\"ec2:ResourceTag/CSIVolumeName\": \"*\"\n\t\t\t\t}\n\t\t\t}\n\t\t},\n\t\t{\n\t\t\t\"Effect\": \"Allow\",\n\t\t\t\"Action\": [\n\t\t\t\t\"ec2:DeleteVolume\"\n\t\t\t],\n\t\t\t\"Resource\": \"*\",\n\t\t\t\"Condition\": {\n\t\t\t\t\"StringLike\": {\n\t\t\t\t\t\"ec2:ResourceTag/kubernetes.io/created-for/pvc/name\": \"*\"\n\t\t\t\t}\n\t\t\t}\n\t\t},\n\t\t{\n\t\t\t\"Effect\": \"Allow\",\n\t\t\t\"Action\": [\n\t\t\t\t\"ec2:DeleteSnapshot\"\n\t\t\t],\n\t\t\t\"Resource\": \"*\",\n\t\t\t\"Condition\": {\n\t\t\t\t\"StringLike\": {\n\t\t\t\t\t\"ec2:ResourceTag/CSIVolumeSnapshotName\": \"*\"\n\t\t\t\t}\n\t\t\t}\n\t\t},\n\t\t{\n\t\t\t\"Effect\": \"Allow\",\n\t\t\t\"Action\": [\n\t\t\t\t\"ec2:DeleteSnapshot\"\n\t\t\t],\n\t\t\t\"Resource\": \"*\",\n\t\t\t\"Condition\": {\n\t\t\t\t\"StringLike\": {\n\t\t\t\t\t\"ec2:ResourceTag/ebs.csi.aws.com/cluster\": \"true\"\n\t\t\t\t}\n\t\t\t}\n\t\t}\n\t]\n}",
            "policy_id": "ANPAZKAPJZG4IV6FHD2UE",
            "tags": {}
          },
          "sensitive_attributes": []
        }
      ]
    },
    {
      "module": "module.eks-usw2",
      "mode": "data",
      "type": "aws_iam_policy_document",
      "name": "pod_assume_role",
      "provider": "provider[\"registry.terraform.io/hashicorp/aws\"].usw2",
      "instances": [
        {
          "schema_version": 0,
          "attributes": {
            "id": "819195744",
            "json": "{\n  \"Version\": \"2012-10-17\",\n  \"Statement\": [\n    {\n      \"Effect\": \"Allow\",\n      \"Action\": [\n        \"sts:TagSession\",\n        \"sts:AssumeRole\"\n      ],\n      \"Principal\": {\n        \"Service\": \"pods.eks.amazonaws.com\"\n      }\n    }\n  ]\n}",
            "override_json": null,
            "override_policy_documents": null,
            "policy_id": null,
            "source_json": null,
            "source_policy_documents": null,
            "statement": [
              {
                "actions": [
                  "sts:AssumeRole",
                  "sts:TagSession"
                ],
                "condition": [],
                "effect": "Allow",
                "not_actions": [],
                "not_principals": [],
                "not_resources": [],
                "principals": [
                  {
                    "identifiers": [
                      "pods.eks.amazonaws.com"
                    ],
                    "type": "Service"
                  }
                ],
                "resources": [],
                "sid": ""
              }
            ],
            "version": "2012-10-17"
          },
          "sensitive_attributes": []
        }
      ]
    },
    {
      "module": "module.eks-usw2",
      "mode": "managed",
      "type": "aws_eks_pod_identity_association",
      "name": "tasky",
      "provider": "provider[\"registry.terraform.io/hashicorp/aws\"].usw2",
      "instances": [
        {
          "schema_version": 0,
          "attributes": {
            "association_arn": "arn:aws:eks:us-west-2:865587657226:podidentityassociation/jase-shared-usw2/a-bujr43lo0osebk7yc",
            "association_id": "a-bujr43lo0osebk7yc",
            "cluster_name": "jase-shared-usw2",
            "id": "a-bujr43lo0osebk7yc",
            "namespace": "tasky",
            "role_arn": "arn:aws:iam::865587657226:role/eks-pod-identity-tasky",
            "service_account": "tasky",
            "tags": null,
            "tags_all": {}
          },
          "sensitive_attributes": [],
          "dependencies": [
            "data.aws_availability_zones.usw2",
            "module.eks-usw2.aws_iam_role.tasky",
            "module.eks-usw2.data.aws_iam_policy_document.pod_assume_role",
            "module.eks-usw2.module.eks.aws_cloudwatch_log_group.this",
            "module.eks-usw2.module.eks.aws_eks_cluster.this",
            "module.eks-usw2.module.eks.aws_iam_policy.cni_ipv6_policy",
            "module.eks-usw2.module.eks.aws_iam_role.this",
            "module.eks-usw2.module.eks.aws_iam_role_policy_attachment.this",
            "module.eks-usw2.module.eks.aws_security_group.cluster",
            "module.eks-usw2.module.eks.aws_security_group.node",
            "module.eks-usw2.module.eks.aws_security_group_rule.cluster",
            "module.eks-usw2.module.eks.aws_security_group_rule.node",
            "module.eks-usw2.module.eks.data.aws_caller_identity.current",
            "module.eks-usw2.module.eks.data.aws_iam_policy_document.assume_role_policy",
            "module.eks-usw2.module.eks.data.aws_iam_policy_document.cni_ipv6_policy",
            "module.eks-usw2.module.eks.data.aws_iam_session_context.current",
            "module.eks-usw2.module.eks.data.aws_partition.current",
            "module.eks-usw2.module.eks.module.kms.aws_kms_external_key.this",
            "module.eks-usw2.module.eks.module.kms.aws_kms_key.this",
            "module.eks-usw2.module.eks.module.kms.aws_kms_replica_external_key.this",
            "module.eks-usw2.module.eks.module.kms.aws_kms_replica_key.this",
            "module.eks-usw2.module.eks.module.kms.data.aws_caller_identity.current",
            "module.eks-usw2.module.eks.module.kms.data.aws_iam_policy_document.this",
            "module.eks-usw2.module.eks.module.kms.data.aws_partition.current",
            "module.myvpc.aws_subnet.private",
            "module.myvpc.aws_vpc.this",
            "module.myvpc.aws_vpc_ipv4_cidr_block_association.this"
          ]
        }
      ]
    },
    {
      "module": "module.eks-usw2",
      "mode": "managed",
      "type": "aws_iam_role",
      "name": "tasky",
      "provider": "provider[\"registry.terraform.io/hashicorp/aws\"].usw2",
      "instances": [
        {
          "schema_version": 0,
          "attributes": {
            "arn": "arn:aws:iam::865587657226:role/eks-pod-identity-tasky",
            "assume_role_policy": "{\"Statement\":[{\"Action\":[\"sts:TagSession\",\"sts:AssumeRole\"],\"Effect\":\"Allow\",\"Principal\":{\"Service\":\"pods.eks.amazonaws.com\"}}],\"Version\":\"2012-10-17\"}",
            "create_date": "2024-05-23T14:12:46Z",
            "description": "",
            "force_detach_policies": false,
            "id": "eks-pod-identity-tasky",
            "inline_policy": [],
            "managed_policy_arns": [],
            "max_session_duration": 3600,
            "name": "eks-pod-identity-tasky",
            "name_prefix": "",
            "path": "/",
            "permissions_boundary": "",
            "tags": null,
            "tags_all": {},
            "unique_id": "AROA4TCILPIFNULQU7J2L"
          },
          "sensitive_attributes": [],
          "private": "bnVsbA==",
          "dependencies": [
            "module.eks-usw2.data.aws_iam_policy_document.pod_assume_role"
          ]
        }
      ]
    },
    {
      "module": "module.eks-usw2",
      "mode": "managed",
      "type": "aws_iam_role_policy_attachment",
      "name": "tasky_cluster_admin",
      "provider": "provider[\"registry.terraform.io/hashicorp/aws\"].usw2",
      "instances": [
        {
          "schema_version": 0,
          "attributes": {
            "id": "eks-pod-identity-tasky-20240523141247586700000005",
            "policy_arn": "arn:aws:iam::aws:policy/AmazonS3ReadOnlyAccess",
            "role": "eks-pod-identity-tasky"
          },
          "sensitive_attributes": [],
          "private": "bnVsbA==",
          "dependencies": [
            "module.eks-usw2.aws_iam_role.tasky",
            "module.eks-usw2.data.aws_iam_policy_document.pod_assume_role"
          ]
        }
      ]
    },
    {
      "module": "module.eks-usw2.module.eks",
      "mode": "data",
      "type": "aws_caller_identity",
      "name": "current",
      "provider": "provider[\"registry.terraform.io/hashicorp/aws\"].usw2",
      "instances": [
        {
          "schema_version": 0,
          "attributes": {
            "account_id": "865587657226",
            "arn": "arn:aws:sts::865587657226:assumed-role/aws_jbroadbent_test-developer/jbroadbent@hashicorp.com",
            "id": "865587657226",
            "user_id": "AROA4TCILPIFDDRQ6T3VY:jbroadbent@hashicorp.com"
          },
          "sensitive_attributes": []
        }
      ]
    },
    {
      "module": "module.eks-usw2.module.eks",
      "mode": "data",
      "type": "aws_eks_addon_version",
      "name": "this",
      "provider": "provider[\"registry.terraform.io/hashicorp/aws\"].usw2",
      "instances": [
        {
          "index_key": "aws-ebs-csi-driver",
          "schema_version": 0,
          "attributes": {
            "addon_name": "aws-ebs-csi-driver",
            "id": "aws-ebs-csi-driver",
            "kubernetes_version": "1.29",
            "most_recent": true,
            "version": "v1.30.0-eksbuild.1"
          },
          "sensitive_attributes": []
        },
        {
          "index_key": "eks-pod-identity-agent",
          "schema_version": 0,
          "attributes": {
            "addon_name": "eks-pod-identity-agent",
            "id": "eks-pod-identity-agent",
            "kubernetes_version": "1.29",
            "most_recent": true,
            "version": "v1.2.0-eksbuild.1"
          },
          "sensitive_attributes": []
        },
        {
          "index_key": "kube-proxy",
          "schema_version": 0,
          "attributes": {
            "addon_name": "kube-proxy",
            "id": "kube-proxy",
            "kubernetes_version": "1.29",
            "most_recent": true,
            "version": "v1.29.3-eksbuild.2"
          },
          "sensitive_attributes": []
        },
        {
          "index_key": "vpc-cni",
          "schema_version": 0,
          "attributes": {
            "addon_name": "vpc-cni",
            "id": "vpc-cni",
            "kubernetes_version": "1.29",
            "most_recent": true,
            "version": "v1.18.1-eksbuild.3"
          },
          "sensitive_attributes": []
        }
      ]
    },
    {
      "module": "module.eks-usw2.module.eks",
      "mode": "data",
      "type": "aws_iam_policy_document",
      "name": "assume_role_policy",
      "provider": "provider[\"registry.terraform.io/hashicorp/aws\"].usw2",
      "instances": [
        {
          "index_key": 0,
          "schema_version": 0,
          "attributes": {
            "id": "2764486067",
            "json": "{\n  \"Version\": \"2012-10-17\",\n  \"Statement\": [\n    {\n      \"Sid\": \"EKSClusterAssumeRole\",\n      \"Effect\": \"Allow\",\n      \"Action\": \"sts:AssumeRole\",\n      \"Principal\": {\n        \"Service\": \"eks.amazonaws.com\"\n      }\n    }\n  ]\n}",
            "override_json": null,
            "override_policy_documents": null,
            "policy_id": null,
            "source_json": null,
            "source_policy_documents": null,
            "statement": [
              {
                "actions": [
                  "sts:AssumeRole"
                ],
                "condition": [],
                "effect": "Allow",
                "not_actions": [],
                "not_principals": [],
                "not_resources": [],
                "principals": [
                  {
                    "identifiers": [
                      "eks.amazonaws.com"
                    ],
                    "type": "Service"
                  }
                ],
                "resources": [],
                "sid": "EKSClusterAssumeRole"
              }
            ],
            "version": "2012-10-17"
          },
          "sensitive_attributes": []
        }
      ]
    },
    {
      "module": "module.eks-usw2.module.eks",
      "mode": "data",
      "type": "aws_iam_policy_document",
      "name": "cni_ipv6_policy",
      "provider": "provider[\"registry.terraform.io/hashicorp/aws\"].usw2",
      "instances": []
    },
    {
      "module": "module.eks-usw2.module.eks",
      "mode": "data",
      "type": "aws_iam_session_context",
      "name": "current",
      "provider": "provider[\"registry.terraform.io/hashicorp/aws\"].usw2",
      "instances": [
        {
          "schema_version": 0,
          "attributes": {
            "arn": "arn:aws:sts::865587657226:assumed-role/aws_jbroadbent_test-developer/jbroadbent@hashicorp.com",
            "id": "arn:aws:sts::865587657226:assumed-role/aws_jbroadbent_test-developer/jbroadbent@hashicorp.com",
            "issuer_arn": "arn:aws:iam::865587657226:role/aws_jbroadbent_test-developer",
            "issuer_id": "AROA4TCILPIFDDRQ6T3VY",
            "issuer_name": "aws_jbroadbent_test-developer",
            "session_name": "jbroadbent@hashicorp.com"
          },
          "sensitive_attributes": []
        }
      ]
    },
    {
      "module": "module.eks-usw2.module.eks",
      "mode": "data",
      "type": "aws_partition",
      "name": "current",
      "provider": "provider[\"registry.terraform.io/hashicorp/aws\"].usw2",
      "instances": [
        {
          "schema_version": 0,
          "attributes": {
            "dns_suffix": "amazonaws.com",
            "id": "aws",
            "partition": "aws",
            "reverse_dns_prefix": "com.amazonaws"
          },
          "sensitive_attributes": []
        }
      ]
    },
    {
      "module": "module.eks-usw2.module.eks",
      "mode": "data",
      "type": "tls_certificate",
      "name": "this",
      "provider": "provider[\"registry.terraform.io/hashicorp/tls\"]",
      "instances": [
        {
          "index_key": 0,
          "schema_version": 0,
          "attributes": {
            "certificates": [
              {
                "cert_pem": "-----BEGIN CERTIFICATE-----\nMIIEdTCCA12gAwIBAgIJAKcOSkw0grd/MA0GCSqGSIb3DQEBCwUAMGgxCzAJBgNV\nBAYTAlVTMSUwIwYDVQQKExxTdGFyZmllbGQgVGVjaG5vbG9naWVzLCBJbmMuMTIw\nMAYDVQQLEylTdGFyZmllbGQgQ2xhc3MgMiBDZXJ0aWZpY2F0aW9uIEF1dGhvcml0\neTAeFw0wOTA5MDIwMDAwMDBaFw0zNDA2MjgxNzM5MTZaMIGYMQswCQYDVQQGEwJV\nUzEQMA4GA1UECBMHQXJpem9uYTETMBEGA1UEBxMKU2NvdHRzZGFsZTElMCMGA1UE\nChMcU3RhcmZpZWxkIFRlY2hub2xvZ2llcywgSW5jLjE7MDkGA1UEAxMyU3RhcmZp\nZWxkIFNlcnZpY2VzIFJvb3QgQ2VydGlmaWNhdGUgQXV0aG9yaXR5IC0gRzIwggEi\nMA0GCSqGSIb3DQEBAQUAA4IBDwAwggEKAoIBAQDVDDrEKvlO4vW+GZdfjohTsR8/\ny8+fIBNtKTrID30892t2OGPZNmCom15cAICyL1l/9of5JUOG52kbUpqQ4XHj2C0N\nTm/2yEnZtvMaVq4rtnQU68/7JuMauh2WLmo7WJSJR1b/JaCTcFOD2oR0FMNnngRo\nOt+OQFodSk7PQ5E751bWAHDLUu57fa4657wx+UX2wmDPE1kCK4DMNEffud6QZW0C\nzyyRpqbn3oUYSXxmTqM6bam17jQuug0DuDPfR+uxa40l2ZvOgdFFRjKWcIfeAg5J\nQ4W2bHO7ZOphQazJ1FTfhy/HIrImzJ9ZVGif/L4qL8RVHHVAYBeFAlU5i38FAgMB\nAAGjgfAwge0wDwYDVR0TAQH/BAUwAwEB/zAOBgNVHQ8BAf8EBAMCAYYwHQYDVR0O\nBBYEFJxfAN+qAdcwKziIorhtSpzyEZGDMB8GA1UdIwQYMBaAFL9ft9HO3R+G9FtV\nrNzXEMIOqYjnME8GCCsGAQUFBwEBBEMwQTAcBggrBgEFBQcwAYYQaHR0cDovL28u\nc3MyLnVzLzAhBggrBgEFBQcwAoYVaHR0cDovL3guc3MyLnVzL3guY2VyMCYGA1Ud\nHwQfMB0wG6AZoBeGFWh0dHA6Ly9zLnNzMi51cy9yLmNybDARBgNVHSAECjAIMAYG\nBFUdIAAwDQYJKoZIhvcNAQELBQADggEBACMd44pXyn3pF3lM8R5V/cxTbj5HD9/G\nVfKyBDbtgB9TxF00KGu+x1X8Z+rLP3+QsjPNG1gQggL4+C/1E2DUBc7xgQjB3ad1\nl08YuW3e95ORCLp+QCztweq7dp4zBncdDQh/U90bZKuCJ/Fp1U1ervShw3WnWEQt\n8jxwmKy6abaVd38PMV4s/KCHOkdp8Hlf9BRUpJVeEXgSYCfOn8J3/yNTd126/+pZ\n59vPr5KW7ySaNRB6nJHGDn2Z9j8Z3/VyVOEVqQdZe4O/Ui5GjLIAZHYcSNPYeehu\nVsyuLAOQ1xk4meTKCRlb/weWsKh/NEnfVqn3sF/tM+2MR7cwA130A4w=\n-----END CERTIFICATE-----\n",
                "is_ca": true,
                "issuer": "OU=Starfield Class 2 Certification Authority,O=Starfield Technologies\\, Inc.,C=US",
                "not_after": "2034-06-28T17:39:16Z",
                "not_before": "2009-09-02T00:00:00Z",
                "public_key_algorithm": "RSA",
                "serial_number": "12037640545166866303",
                "sha1_fingerprint": "9e99a48a9960b14926bb7f3b02e22da2b0ab7280",
                "signature_algorithm": "SHA256-RSA",
                "subject": "CN=Starfield Services Root Certificate Authority - G2,O=Starfield Technologies\\, Inc.,L=Scottsdale,ST=Arizona,C=US",
                "version": 3
              },
              {
                "cert_pem": "-----BEGIN CERTIFICATE-----\nMIIEkjCCA3qgAwIBAgITBn+USionzfP6wq4rAfkI7rnExjANBgkqhkiG9w0BAQsF\nADCBmDELMAkGA1UEBhMCVVMxEDAOBgNVBAgTB0FyaXpvbmExEzARBgNVBAcTClNj\nb3R0c2RhbGUxJTAjBgNVBAoTHFN0YXJmaWVsZCBUZWNobm9sb2dpZXMsIEluYy4x\nOzA5BgNVBAMTMlN0YXJmaWVsZCBTZXJ2aWNlcyBSb290IENlcnRpZmljYXRlIEF1\ndGhvcml0eSAtIEcyMB4XDTE1MDUyNTEyMDAwMFoXDTM3MTIzMTAxMDAwMFowOTEL\nMAkGA1UEBhMCVVMxDzANBgNVBAoTBkFtYXpvbjEZMBcGA1UEAxMQQW1hem9uIFJv\nb3QgQ0EgMTCCASIwDQYJKoZIhvcNAQEBBQADggEPADCCAQoCggEBALJ4gHHKeNXj\nca9HgFB0fW7Y14h29Jlo91ghYPl0hAEvrAIthtOgQ3pOsqTQNroBvo3bSMgHFzZM\n9O6II8c+6zf1tRn4SWiw3te5djgdYZ6k/oI2peVKVuRF4fn9tBb6dNqcmzU5L/qw\nIFAGbHrQgLKm+a/sRxmPUDgH3KKHOVj4utWp+UhnMJbulHheb4mjUcAwhmahRWa6\nVOujw5H5SNz/0egwLX0tdHA114gk957EWW67c4cX8jJGKLhD+rcdqsq08p8kDi1L\n93FcXmn/6pUCyziKrlA4b9v7LWIbxcceVOF34GfID5yHI9Y/QCB/IIDEgEw+OyQm\njgSubJrIqg0CAwEAAaOCATEwggEtMA8GA1UdEwEB/wQFMAMBAf8wDgYDVR0PAQH/\nBAQDAgGGMB0GA1UdDgQWBBSEGMyFNOy8DJSULghZnMeyEE4KCDAfBgNVHSMEGDAW\ngBScXwDfqgHXMCs4iKK4bUqc8hGRgzB4BggrBgEFBQcBAQRsMGowLgYIKwYBBQUH\nMAGGImh0dHA6Ly9vY3NwLnJvb3RnMi5hbWF6b250cnVzdC5jb20wOAYIKwYBBQUH\nMAKGLGh0dHA6Ly9jcnQucm9vdGcyLmFtYXpvbnRydXN0LmNvbS9yb290ZzIuY2Vy\nMD0GA1UdHwQ2MDQwMqAwoC6GLGh0dHA6Ly9jcmwucm9vdGcyLmFtYXpvbnRydXN0\nLmNvbS9yb290ZzIuY3JsMBEGA1UdIAQKMAgwBgYEVR0gADANBgkqhkiG9w0BAQsF\nAAOCAQEAYjdCXLwQtT6LLOkMm2xF4gcAevnFWAu5CIw+7bMlPLVvUOTNNWqnkzSW\nMiGpSESrnO09tKpzbeR/FoCJbM8oAxiDR3mjEH4wW6w7sGDgd9QIpuEdfF7Au/ma\neyKdpwAJfqxGF4PcnCZXmTA5YpaP7dreqsXMGz7KQ2hsVxa81Q4gLv7/wmpdLqBK\nbRRYh5TmOTFffHPLkIhqhBGWJ6bt2YFGpn6jcgAKUj6DiAdjd4lpFw85hdKrCEVN\n0FE6/V1dN2RMfjCyVSRCnTawXZwXgWHxyvkQAiSr6w10kY17RSlQOYiypok1JR4U\nakcjMS9cmvqtmg5iUaQqqcT5NJ0hGA==\n-----END CERTIFICATE-----\n",
                "is_ca": true,
                "issuer": "CN=Starfield Services Root Certificate Authority - G2,O=Starfield Technologies\\, Inc.,L=Scottsdale,ST=Arizona,C=US",
                "not_after": "2037-12-31T01:00:00Z",
                "not_before": "2015-05-25T12:00:00Z",
                "public_key_algorithm": "RSA",
                "serial_number": "144918191876577076464031512351042010504348870",
                "sha1_fingerprint": "06b25927c42a721631c1efd9431e648fa62e1e39",
                "signature_algorithm": "SHA256-RSA",
                "subject": "CN=Amazon Root CA 1,O=Amazon,C=US",
                "version": 3
              },
              {
                "cert_pem": "-----BEGIN CERTIFICATE-----\nMIIEXjCCA0agAwIBAgITB3MSSkvL1E7HtTvq8ZSELToPoTANBgkqhkiG9w0BAQsF\nADA5MQswCQYDVQQGEwJVUzEPMA0GA1UEChMGQW1hem9uMRkwFwYDVQQDExBBbWF6\nb24gUm9vdCBDQSAxMB4XDTIyMDgyMzIyMjUzMFoXDTMwMDgyMzIyMjUzMFowPDEL\nMAkGA1UEBhMCVVMxDzANBgNVBAoTBkFtYXpvbjEcMBoGA1UEAxMTQW1hem9uIFJT\nQSAyMDQ4IE0wMjCCASIwDQYJKoZIhvcNAQEBBQADggEPADCCAQoCggEBALtDGMZa\nqHneKei1by6+pUPPLljTB143Si6VpEWPc6mSkFhZb/6qrkZyoHlQLbDYnI2D7hD0\nsdzEqfnuAjIsuXQLG3A8TvX6V3oFNBFVe8NlLJHvBseKY88saLwufxkZVwk74g4n\nWlNMXzla9Y5F3wwRHwMVH443xGz6UtGSZSqQ94eFx5X7Tlqt8whi8qCaKdZ5rNak\n+r9nUThOeClqFd4oXych//Rc7Y0eX1KNWHYSI1Nk31mYgiK3JvH063g+K9tHA63Z\neTgKgndlh+WI+zv7i44HepRZjA1FYwYZ9Vv/9UkC5Yz8/yU65fgjaE+wVHM4e/Yy\nC2osrPWE7gJ+dXMCAwEAAaOCAVowggFWMBIGA1UdEwEB/wQIMAYBAf8CAQAwDgYD\nVR0PAQH/BAQDAgGGMB0GA1UdJQQWMBQGCCsGAQUFBwMBBggrBgEFBQcDAjAdBgNV\nHQ4EFgQUwDFSzVpQw4J8dHHOy+mc+XrrguIwHwYDVR0jBBgwFoAUhBjMhTTsvAyU\nlC4IWZzHshBOCggwewYIKwYBBQUHAQEEbzBtMC8GCCsGAQUFBzABhiNodHRwOi8v\nb2NzcC5yb290Y2ExLmFtYXpvbnRydXN0LmNvbTA6BggrBgEFBQcwAoYuaHR0cDov\nL2NydC5yb290Y2ExLmFtYXpvbnRydXN0LmNvbS9yb290Y2ExLmNlcjA/BgNVHR8E\nODA2MDSgMqAwhi5odHRwOi8vY3JsLnJvb3RjYTEuYW1hem9udHJ1c3QuY29tL3Jv\nb3RjYTEuY3JsMBMGA1UdIAQMMAowCAYGZ4EMAQIBMA0GCSqGSIb3DQEBCwUAA4IB\nAQAtTi6Fs0Azfi+iwm7jrz+CSxHH+uHl7Law3MQSXVtR8RV53PtR6r/6gNpqlzdo\nZq4FKbADi1v9Bun8RY8D51uedRfjsbeodizeBB8nXmeyD33Ep7VATj4ozcd31YFV\nfgRhvTSxNrrTlNpWkUk0m3BMPv8sg381HhA6uEYokE5q9uws/3YkKqRiEz3TsaWm\nJqIRZhMbgAfp7O7FUwFIb7UIspogZSKxPIWJpxiPo3TcBambbVtQOcNRWz5qCQdD\nslI2yayq0n2TXoHyNCLEH8rpsJRVILFsg0jc7BaFrMnF462+ajSehgj12IidNeRN\n4zl+EoNaWdpnWndvSpAEkq2P\n-----END CERTIFICATE-----\n",
                "is_ca": true,
                "issuer": "CN=Amazon Root CA 1,O=Amazon,C=US",
                "not_after": "2030-08-23T22:25:30Z",
                "not_before": "2022-08-23T22:25:30Z",
                "public_key_algorithm": "RSA",
                "serial_number": "166129353110899469622597955040406457904926625",
                "sha1_fingerprint": "414a2060b738c635cc7fc243e052615592830c53",
                "signature_algorithm": "SHA256-RSA",
                "subject": "CN=Amazon RSA 2048 M02,O=Amazon,C=US",
                "version": 3
              },
              {
                "cert_pem": "-----BEGIN CERTIFICATE-----\nMIIF5TCCBM2gAwIBAgIQDsWM2D5RSLl7IRD58Bp6DzANBgkqhkiG9w0BAQsFADA8\nMQswCQYDVQQGEwJVUzEPMA0GA1UEChMGQW1hem9uMRwwGgYDVQQDExNBbWF6b24g\nUlNBIDIwNDggTTAyMB4XDTI0MDQwMTAwMDAwMFoXDTI1MDQzMDIzNTk1OVowKDEm\nMCQGA1UEAwwdKi5la3MudXMtd2VzdC0yLmFtYXpvbmF3cy5jb20wggEiMA0GCSqG\nSIb3DQEBAQUAA4IBDwAwggEKAoIBAQDX5xeQmZmCHJG/Hd1k93EKIB8aJgqMBjV8\nhK/mr1q0NT//Sv1xJGaZELpdUh1rAYUSSGUs0rRC8+vugtpzOMJ6asPo4KFOxfBe\neq+QZddyw7yay4RaywlHlBuvqhZkMcTyie3Bw08EnKct7xPKcn11cFHf5Uef1Q+G\nLyWJealim9xLyaSZ3VdKswDVn4YrqWaCi89RgngtldUTpTBBOr52C6ZOcaAPZj7L\nMkui4/kC4dTtnCKJKmVKT1gnbKK/bcH3G63M2EOSjhR1JFMyTNBs0UNfDqVFnpIB\ngc6antQWJ1z5BpiejH0HJlDBfa4JJ9LSbSSl4oSnW1m5FWgOP6TrAgMBAAGjggL1\nMIIC8TAfBgNVHSMEGDAWgBTAMVLNWlDDgnx0cc7L6Zz5euuC4jAdBgNVHQ4EFgQU\niV25OQVdcpXV1bT71pUVtEYNuiAwKAYDVR0RBCEwH4IdKi5la3MudXMtd2VzdC0y\nLmFtYXpvbmF3cy5jb20wEwYDVR0gBAwwCjAIBgZngQwBAgEwDgYDVR0PAQH/BAQD\nAgWgMB0GA1UdJQQWMBQGCCsGAQUFBwMBBggrBgEFBQcDAjA7BgNVHR8ENDAyMDCg\nLqAshipodHRwOi8vY3JsLnIybTAyLmFtYXpvbnRydXN0LmNvbS9yMm0wMi5jcmww\ndQYIKwYBBQUHAQEEaTBnMC0GCCsGAQUFBzABhiFodHRwOi8vb2NzcC5yMm0wMi5h\nbWF6b250cnVzdC5jb20wNgYIKwYBBQUHMAKGKmh0dHA6Ly9jcnQucjJtMDIuYW1h\nem9udHJ1c3QuY29tL3IybTAyLmNlcjAMBgNVHRMBAf8EAjAAMIIBfQYKKwYBBAHW\neQIEAgSCAW0EggFpAWcAdgDPEVbu1S58r/OHW9lpLpvpGnFnSrAX7KwB0lt3zsw7\nCAAAAY6aMr/xAAAEAwBHMEUCIEkz4BRPTftldFZ3x7B3K5F91iqxjGZKYVBh7ChF\nWMa1AiEA5Tac6flLFvDsSI9OprjWela3qTk8/meb1i4aTt4vLYUAdgB9WR4S4Xgq\nexxhZ3xe/fjQh1wUoE6VnrkDL9kOjC55uAAAAY6aMr+zAAAEAwBHMEUCIHFcffDz\nLXWVRQA1pu63XR9odC62oKPm00qYSEcIK9QhAiEAze+8hnlqBtqAkdLRW9KmBL2Q\n2el9UwkvdmiqSsAySBUAdQDm0jFjQHeMwRBBBtdxuc7B0kD2loSG+7qHMh39HjeO\nUAAAAY6aMr/EAAAEAwBGMEQCIG2ekWjuvM0A2NoQe7pGojHoYAyYK8+bISkAyTdC\n6HPBAiBR67wkUrGGjfMaD8cy2nBhuThBMB8kOZLm5YOegGDGyzANBgkqhkiG9w0B\nAQsFAAOCAQEAeNiU5fLVKMSwpzjtYMfCydbBJhmcbzBC81zZLFMETCoDT2gnJrEm\n86kN44ZMOonuECEs3n++I2lMoslsdXRevU7EZ4Jo8imOVy0Is05ffbfnv294viuG\nB23hMe9JQMVBuQzDyoUvBUhcJIxk7hQoFGjckh2P7km4HmH/0vZV13Lhrat9kws4\n3PzywHbzV5SsyOCszZFAowzsUaakhlBXOj++OeCTViHTLixywNhrA2n+21yCTVAj\nXAfc6i0YQ/B17FKkYlH/L5ZNl0UdXaW79LobdZdIsCfqOweGjUxLB/pWz2rK4JPI\nqBir/DrLGniJB5oLDg9DfN3gmRp6oWwWTw==\n-----END CERTIFICATE-----\n",
                "is_ca": false,
                "issuer": "CN=Amazon RSA 2048 M02,O=Amazon,C=US",
                "not_after": "2025-04-30T23:59:59Z",
                "not_before": "2024-04-01T00:00:00Z",
                "public_key_algorithm": "RSA",
                "serial_number": "19634931092034134610649070322822314511",
                "sha1_fingerprint": "3934cf57a95810cf5b7a7ce04dbb323fdb9a41a7",
                "signature_algorithm": "SHA256-RSA",
                "subject": "CN=*.eks.us-west-2.amazonaws.com",
                "version": 3
              }
            ],
            "content": null,
            "id": "9ce40dc2a049cbf871181c1b9ce87cb4fcc34109",
            "url": "https://oidc.eks.us-west-2.amazonaws.com/id/E6FCF52C358AED8F479ADE590FDAEC79",
            "verify_chain": true
          },
          "sensitive_attributes": []
        }
      ]
    },
    {
      "module": "module.eks-usw2.module.eks",
      "mode": "managed",
      "type": "aws_cloudwatch_log_group",
      "name": "this",
      "provider": "provider[\"registry.terraform.io/hashicorp/aws\"].usw2",
      "instances": [
        {
          "index_key": 0,
          "schema_version": 0,
          "attributes": {
            "arn": "arn:aws:logs:us-west-2:865587657226:log-group:/aws/eks/jase-shared-usw2/cluster",
            "id": "/aws/eks/jase-shared-usw2/cluster",
            "kms_key_id": "",
            "log_group_class": "STANDARD",
            "name": "/aws/eks/jase-shared-usw2/cluster",
            "name_prefix": "",
            "retention_in_days": 90,
            "skip_destroy": false,
            "tags": {
              "Name": "/aws/eks/jase-shared-usw2/cluster"
            },
            "tags_all": {
              "Name": "/aws/eks/jase-shared-usw2/cluster"
            }
          },
          "sensitive_attributes": [],
          "private": "bnVsbA==",
          "create_before_destroy": true
        }
      ]
    },
    {
      "module": "module.eks-usw2.module.eks",
      "mode": "managed",
      "type": "aws_eks_access_entry",
      "name": "this",
      "provider": "provider[\"registry.terraform.io/hashicorp/aws\"].usw2",
      "instances": [
        {
          "index_key": "cluster_creator",
          "schema_version": 0,
          "attributes": {
            "access_entry_arn": "arn:aws:eks:us-west-2:865587657226:access-entry/jase-shared-usw2/role/865587657226/aws_jbroadbent_test-developer/a2c7d2eb-53a0-c205-a8ba-62dfc79e357a",
            "cluster_name": "jase-shared-usw2",
            "created_at": "2024-05-23T14:24:19Z",
            "id": "jase-shared-usw2:arn:aws:iam::865587657226:role/aws_jbroadbent_test-developer",
            "kubernetes_groups": [],
            "modified_at": "2024-05-23T14:24:19Z",
            "principal_arn": "arn:aws:iam::865587657226:role/aws_jbroadbent_test-developer",
            "tags": null,
            "tags_all": {},
            "timeouts": null,
            "type": "STANDARD",
            "user_name": "arn:aws:sts::865587657226:assumed-role/aws_jbroadbent_test-developer/{{SessionName}}"
          },
          "sensitive_attributes": [],
          "private": "eyJlMmJmYjczMC1lY2FhLTExZTYtOGY4OC0zNDM2M2JjN2M0YzAiOnsiY3JlYXRlIjo2MDAwMDAwMDAwMDAsImRlbGV0ZSI6NjAwMDAwMDAwMDAwfX0=",
          "dependencies": [
            "data.aws_availability_zones.usw2",
            "module.eks-usw2.module.eks.aws_cloudwatch_log_group.this",
            "module.eks-usw2.module.eks.aws_eks_cluster.this",
            "module.eks-usw2.module.eks.aws_iam_policy.cni_ipv6_policy",
            "module.eks-usw2.module.eks.aws_iam_role.this",
            "module.eks-usw2.module.eks.aws_iam_role_policy_attachment.this",
            "module.eks-usw2.module.eks.aws_security_group.cluster",
            "module.eks-usw2.module.eks.aws_security_group.node",
            "module.eks-usw2.module.eks.aws_security_group_rule.cluster",
            "module.eks-usw2.module.eks.aws_security_group_rule.node",
            "module.eks-usw2.module.eks.data.aws_caller_identity.current",
            "module.eks-usw2.module.eks.data.aws_iam_policy_document.assume_role_policy",
            "module.eks-usw2.module.eks.data.aws_iam_policy_document.cni_ipv6_policy",
            "module.eks-usw2.module.eks.data.aws_iam_session_context.current",
            "module.eks-usw2.module.eks.data.aws_partition.current",
            "module.eks-usw2.module.eks.module.kms.aws_kms_external_key.this",
            "module.eks-usw2.module.eks.module.kms.aws_kms_key.this",
            "module.eks-usw2.module.eks.module.kms.aws_kms_replica_external_key.this",
            "module.eks-usw2.module.eks.module.kms.aws_kms_replica_key.this",
            "module.eks-usw2.module.eks.module.kms.data.aws_caller_identity.current",
            "module.eks-usw2.module.eks.module.kms.data.aws_iam_policy_document.this",
            "module.eks-usw2.module.eks.module.kms.data.aws_partition.current",
            "module.myvpc.aws_subnet.private",
            "module.myvpc.aws_vpc.this",
            "module.myvpc.aws_vpc_ipv4_cidr_block_association.this"
          ]
        }
      ]
    },
    {
      "module": "module.eks-usw2.module.eks",
      "mode": "managed",
      "type": "aws_eks_addon",
      "name": "before_compute",
      "provider": "provider[\"registry.terraform.io/hashicorp/aws\"].usw2",
      "instances": []
    },
    {
      "module": "module.eks-usw2.module.eks",
      "mode": "managed",
      "type": "aws_eks_addon",
      "name": "this",
      "provider": "provider[\"registry.terraform.io/hashicorp/aws\"].usw2",
      "instances": [
        {
          "index_key": "aws-ebs-csi-driver",
          "schema_version": 0,
          "attributes": {
            "addon_name": "aws-ebs-csi-driver",
            "addon_version": "v1.30.0-eksbuild.1",
            "arn": "arn:aws:eks:us-west-2:865587657226:addon/jase-shared-usw2/aws-ebs-csi-driver/6cc7d2ec-6993-be3e-19a5-00c490380ce7",
            "cluster_name": "jase-shared-usw2",
            "configuration_values": "",
            "created_at": "2024-05-23T14:26:41Z",
            "id": "jase-shared-usw2:aws-ebs-csi-driver",
            "modified_at": "2024-05-23T14:27:25Z",
            "preserve": true,
            "resolve_conflicts": null,
            "resolve_conflicts_on_create": "OVERWRITE",
            "resolve_conflicts_on_update": "OVERWRITE",
            "service_account_role_arn": "",
            "tags": null,
            "tags_all": {},
            "timeouts": {
              "create": null,
              "delete": null,
              "update": null
            }
          },
          "sensitive_attributes": [],
          "private": "eyJlMmJmYjczMC1lY2FhLTExZTYtOGY4OC0zNDM2M2JjN2M0YzAiOnsiY3JlYXRlIjoxMjAwMDAwMDAwMDAwLCJkZWxldGUiOjI0MDAwMDAwMDAwMDAsInVwZGF0ZSI6MTIwMDAwMDAwMDAwMH19",
          "dependencies": [
            "data.aws_availability_zones.usw2",
            "module.eks-usw2.data.aws_iam_policy.ebscsi",
            "module.eks-usw2.module.eks.aws_cloudwatch_log_group.this",
            "module.eks-usw2.module.eks.aws_eks_cluster.this",
            "module.eks-usw2.module.eks.aws_iam_policy.cni_ipv6_policy",
            "module.eks-usw2.module.eks.aws_iam_role.this",
            "module.eks-usw2.module.eks.aws_iam_role_policy_attachment.this",
            "module.eks-usw2.module.eks.aws_security_group.cluster",
            "module.eks-usw2.module.eks.aws_security_group.node",
            "module.eks-usw2.module.eks.aws_security_group_rule.cluster",
            "module.eks-usw2.module.eks.aws_security_group_rule.node",
            "module.eks-usw2.module.eks.data.aws_caller_identity.current",
            "module.eks-usw2.module.eks.data.aws_eks_addon_version.this",
            "module.eks-usw2.module.eks.data.aws_iam_policy_document.assume_role_policy",
            "module.eks-usw2.module.eks.data.aws_iam_policy_document.cni_ipv6_policy",
            "module.eks-usw2.module.eks.data.aws_iam_session_context.current",
            "module.eks-usw2.module.eks.data.aws_partition.current",
            "module.eks-usw2.module.eks.module.eks_managed_node_group.aws_autoscaling_schedule.this",
            "module.eks-usw2.module.eks.module.eks_managed_node_group.aws_eks_node_group.this",
            "module.eks-usw2.module.eks.module.eks_managed_node_group.aws_iam_role.this",
            "module.eks-usw2.module.eks.module.eks_managed_node_group.aws_iam_role_policy_attachment.additional",
            "module.eks-usw2.module.eks.module.eks_managed_node_group.aws_iam_role_policy_attachment.this",
            "module.eks-usw2.module.eks.module.eks_managed_node_group.aws_launch_template.this",
            "module.eks-usw2.module.eks.module.eks_managed_node_group.aws_placement_group.this",
            "module.eks-usw2.module.eks.module.eks_managed_node_group.data.aws_caller_identity.current",
            "module.eks-usw2.module.eks.module.eks_managed_node_group.data.aws_ec2_instance_type.this",
            "module.eks-usw2.module.eks.module.eks_managed_node_group.data.aws_ec2_instance_type_offerings.this",
            "module.eks-usw2.module.eks.module.eks_managed_node_group.data.aws_iam_policy_document.assume_role_policy",
            "module.eks-usw2.module.eks.module.eks_managed_node_group.data.aws_partition.current",
            "module.eks-usw2.module.eks.module.eks_managed_node_group.data.aws_ssm_parameter.ami",
            "module.eks-usw2.module.eks.module.eks_managed_node_group.data.aws_subnets.efa",
            "module.eks-usw2.module.eks.module.eks_managed_node_group.module.user_data.data.cloudinit_config.al2023_eks_managed_node_group",
            "module.eks-usw2.module.eks.module.eks_managed_node_group.module.user_data.data.cloudinit_config.linux_eks_managed_node_group",
            "module.eks-usw2.module.eks.module.eks_managed_node_group.module.user_data.null_resource.validate_cluster_service_cidr",
            "module.eks-usw2.module.eks.module.fargate_profile.aws_eks_fargate_profile.this",
            "module.eks-usw2.module.eks.module.fargate_profile.aws_iam_role.this",
            "module.eks-usw2.module.eks.module.fargate_profile.aws_iam_role_policy_attachment.additional",
            "module.eks-usw2.module.eks.module.fargate_profile.aws_iam_role_policy_attachment.this",
            "module.eks-usw2.module.eks.module.fargate_profile.data.aws_caller_identity.current",
            "module.eks-usw2.module.eks.module.fargate_profile.data.aws_iam_policy_document.assume_role_policy",
            "module.eks-usw2.module.eks.module.fargate_profile.data.aws_partition.current",
            "module.eks-usw2.module.eks.module.kms.aws_kms_external_key.this",
            "module.eks-usw2.module.eks.module.kms.aws_kms_key.this",
            "module.eks-usw2.module.eks.module.kms.aws_kms_replica_external_key.this",
            "module.eks-usw2.module.eks.module.kms.aws_kms_replica_key.this",
            "module.eks-usw2.module.eks.module.kms.data.aws_caller_identity.current",
            "module.eks-usw2.module.eks.module.kms.data.aws_iam_policy_document.this",
            "module.eks-usw2.module.eks.module.kms.data.aws_partition.current",
            "module.eks-usw2.module.eks.module.self_managed_node_group.aws_autoscaling_group.this",
            "module.eks-usw2.module.eks.module.self_managed_node_group.aws_autoscaling_schedule.this",
            "module.eks-usw2.module.eks.module.self_managed_node_group.aws_eks_access_entry.this",
            "module.eks-usw2.module.eks.module.self_managed_node_group.aws_iam_instance_profile.this",
            "module.eks-usw2.module.eks.module.self_managed_node_group.aws_iam_role.this",
            "module.eks-usw2.module.eks.module.self_managed_node_group.aws_iam_role_policy_attachment.additional",
            "module.eks-usw2.module.eks.module.self_managed_node_group.aws_iam_role_policy_attachment.this",
            "module.eks-usw2.module.eks.module.self_managed_node_group.aws_launch_template.this",
            "module.eks-usw2.module.eks.module.self_managed_node_group.aws_placement_group.this",
            "module.eks-usw2.module.eks.module.self_managed_node_group.data.aws_ami.eks_default",
            "module.eks-usw2.module.eks.module.self_managed_node_group.data.aws_caller_identity.current",
            "module.eks-usw2.module.eks.module.self_managed_node_group.data.aws_ec2_instance_type.this",
            "module.eks-usw2.module.eks.module.self_managed_node_group.data.aws_ec2_instance_type_offerings.this",
            "module.eks-usw2.module.eks.module.self_managed_node_group.data.aws_iam_policy_document.assume_role_policy",
            "module.eks-usw2.module.eks.module.self_managed_node_group.data.aws_partition.current",
            "module.eks-usw2.module.eks.module.self_managed_node_group.data.aws_subnets.efa",
            "module.eks-usw2.module.eks.module.self_managed_node_group.module.user_data.data.cloudinit_config.al2023_eks_managed_node_group",
            "module.eks-usw2.module.eks.module.self_managed_node_group.module.user_data.data.cloudinit_config.linux_eks_managed_node_group",
            "module.eks-usw2.module.eks.module.self_managed_node_group.module.user_data.null_resource.validate_cluster_service_cidr",
            "module.eks-usw2.module.eks.time_sleep.this",
            "module.myvpc.aws_subnet.private",
            "module.myvpc.aws_vpc.this",
            "module.myvpc.aws_vpc_ipv4_cidr_block_association.this"
          ]
        },
        {
          "index_key": "eks-pod-identity-agent",
          "schema_version": 0,
          "attributes": {
            "addon_name": "eks-pod-identity-agent",
            "addon_version": "v1.2.0-eksbuild.1",
            "arn": "arn:aws:eks:us-west-2:865587657226:addon/jase-shared-usw2/eks-pod-identity-agent/22c7d2ec-6991-d555-dd8f-b2f968c458b9",
            "cluster_name": "jase-shared-usw2",
            "configuration_values": "",
            "created_at": "2024-05-23T14:26:41Z",
            "id": "jase-shared-usw2:eks-pod-identity-agent",
            "modified_at": "2024-05-23T14:27:13Z",
            "preserve": true,
            "resolve_conflicts": null,
            "resolve_conflicts_on_create": "OVERWRITE",
            "resolve_conflicts_on_update": "OVERWRITE",
            "service_account_role_arn": "",
            "tags": null,
            "tags_all": {},
            "timeouts": {
              "create": null,
              "delete": null,
              "update": null
            }
          },
          "sensitive_attributes": [],
          "private": "eyJlMmJmYjczMC1lY2FhLTExZTYtOGY4OC0zNDM2M2JjN2M0YzAiOnsiY3JlYXRlIjoxMjAwMDAwMDAwMDAwLCJkZWxldGUiOjI0MDAwMDAwMDAwMDAsInVwZGF0ZSI6MTIwMDAwMDAwMDAwMH19",
          "dependencies": [
            "data.aws_availability_zones.usw2",
            "module.eks-usw2.data.aws_iam_policy.ebscsi",
            "module.eks-usw2.module.eks.aws_cloudwatch_log_group.this",
            "module.eks-usw2.module.eks.aws_eks_cluster.this",
            "module.eks-usw2.module.eks.aws_iam_policy.cni_ipv6_policy",
            "module.eks-usw2.module.eks.aws_iam_role.this",
            "module.eks-usw2.module.eks.aws_iam_role_policy_attachment.this",
            "module.eks-usw2.module.eks.aws_security_group.cluster",
            "module.eks-usw2.module.eks.aws_security_group.node",
            "module.eks-usw2.module.eks.aws_security_group_rule.cluster",
            "module.eks-usw2.module.eks.aws_security_group_rule.node",
            "module.eks-usw2.module.eks.data.aws_caller_identity.current",
            "module.eks-usw2.module.eks.data.aws_eks_addon_version.this",
            "module.eks-usw2.module.eks.data.aws_iam_policy_document.assume_role_policy",
            "module.eks-usw2.module.eks.data.aws_iam_policy_document.cni_ipv6_policy",
            "module.eks-usw2.module.eks.data.aws_iam_session_context.current",
            "module.eks-usw2.module.eks.data.aws_partition.current",
            "module.eks-usw2.module.eks.module.eks_managed_node_group.aws_autoscaling_schedule.this",
            "module.eks-usw2.module.eks.module.eks_managed_node_group.aws_eks_node_group.this",
            "module.eks-usw2.module.eks.module.eks_managed_node_group.aws_iam_role.this",
            "module.eks-usw2.module.eks.module.eks_managed_node_group.aws_iam_role_policy_attachment.additional",
            "module.eks-usw2.module.eks.module.eks_managed_node_group.aws_iam_role_policy_attachment.this",
            "module.eks-usw2.module.eks.module.eks_managed_node_group.aws_launch_template.this",
            "module.eks-usw2.module.eks.module.eks_managed_node_group.aws_placement_group.this",
            "module.eks-usw2.module.eks.module.eks_managed_node_group.data.aws_caller_identity.current",
            "module.eks-usw2.module.eks.module.eks_managed_node_group.data.aws_ec2_instance_type.this",
            "module.eks-usw2.module.eks.module.eks_managed_node_group.data.aws_ec2_instance_type_offerings.this",
            "module.eks-usw2.module.eks.module.eks_managed_node_group.data.aws_iam_policy_document.assume_role_policy",
            "module.eks-usw2.module.eks.module.eks_managed_node_group.data.aws_partition.current",
            "module.eks-usw2.module.eks.module.eks_managed_node_group.data.aws_ssm_parameter.ami",
            "module.eks-usw2.module.eks.module.eks_managed_node_group.data.aws_subnets.efa",
            "module.eks-usw2.module.eks.module.eks_managed_node_group.module.user_data.data.cloudinit_config.al2023_eks_managed_node_group",
            "module.eks-usw2.module.eks.module.eks_managed_node_group.module.user_data.data.cloudinit_config.linux_eks_managed_node_group",
            "module.eks-usw2.module.eks.module.eks_managed_node_group.module.user_data.null_resource.validate_cluster_service_cidr",
            "module.eks-usw2.module.eks.module.fargate_profile.aws_eks_fargate_profile.this",
            "module.eks-usw2.module.eks.module.fargate_profile.aws_iam_role.this",
            "module.eks-usw2.module.eks.module.fargate_profile.aws_iam_role_policy_attachment.additional",
            "module.eks-usw2.module.eks.module.fargate_profile.aws_iam_role_policy_attachment.this",
            "module.eks-usw2.module.eks.module.fargate_profile.data.aws_caller_identity.current",
            "module.eks-usw2.module.eks.module.fargate_profile.data.aws_iam_policy_document.assume_role_policy",
            "module.eks-usw2.module.eks.module.fargate_profile.data.aws_partition.current",
            "module.eks-usw2.module.eks.module.kms.aws_kms_external_key.this",
            "module.eks-usw2.module.eks.module.kms.aws_kms_key.this",
            "module.eks-usw2.module.eks.module.kms.aws_kms_replica_external_key.this",
            "module.eks-usw2.module.eks.module.kms.aws_kms_replica_key.this",
            "module.eks-usw2.module.eks.module.kms.data.aws_caller_identity.current",
            "module.eks-usw2.module.eks.module.kms.data.aws_iam_policy_document.this",
            "module.eks-usw2.module.eks.module.kms.data.aws_partition.current",
            "module.eks-usw2.module.eks.module.self_managed_node_group.aws_autoscaling_group.this",
            "module.eks-usw2.module.eks.module.self_managed_node_group.aws_autoscaling_schedule.this",
            "module.eks-usw2.module.eks.module.self_managed_node_group.aws_eks_access_entry.this",
            "module.eks-usw2.module.eks.module.self_managed_node_group.aws_iam_instance_profile.this",
            "module.eks-usw2.module.eks.module.self_managed_node_group.aws_iam_role.this",
            "module.eks-usw2.module.eks.module.self_managed_node_group.aws_iam_role_policy_attachment.additional",
            "module.eks-usw2.module.eks.module.self_managed_node_group.aws_iam_role_policy_attachment.this",
            "module.eks-usw2.module.eks.module.self_managed_node_group.aws_launch_template.this",
            "module.eks-usw2.module.eks.module.self_managed_node_group.aws_placement_group.this",
            "module.eks-usw2.module.eks.module.self_managed_node_group.data.aws_ami.eks_default",
            "module.eks-usw2.module.eks.module.self_managed_node_group.data.aws_caller_identity.current",
            "module.eks-usw2.module.eks.module.self_managed_node_group.data.aws_ec2_instance_type.this",
            "module.eks-usw2.module.eks.module.self_managed_node_group.data.aws_ec2_instance_type_offerings.this",
            "module.eks-usw2.module.eks.module.self_managed_node_group.data.aws_iam_policy_document.assume_role_policy",
            "module.eks-usw2.module.eks.module.self_managed_node_group.data.aws_partition.current",
            "module.eks-usw2.module.eks.module.self_managed_node_group.data.aws_subnets.efa",
            "module.eks-usw2.module.eks.module.self_managed_node_group.module.user_data.data.cloudinit_config.al2023_eks_managed_node_group",
            "module.eks-usw2.module.eks.module.self_managed_node_group.module.user_data.data.cloudinit_config.linux_eks_managed_node_group",
            "module.eks-usw2.module.eks.module.self_managed_node_group.module.user_data.null_resource.validate_cluster_service_cidr",
            "module.eks-usw2.module.eks.time_sleep.this",
            "module.myvpc.aws_subnet.private",
            "module.myvpc.aws_vpc.this",
            "module.myvpc.aws_vpc_ipv4_cidr_block_association.this"
          ]
        },
        {
          "index_key": "kube-proxy",
          "schema_version": 0,
          "attributes": {
            "addon_name": "kube-proxy",
            "addon_version": "v1.29.3-eksbuild.2",
            "arn": "arn:aws:eks:us-west-2:865587657226:addon/jase-shared-usw2/kube-proxy/52c7d2ec-6994-c801-98b3-e39ac6a7e68e",
            "cluster_name": "jase-shared-usw2",
            "configuration_values": "",
            "created_at": "2024-05-23T14:26:41Z",
            "id": "jase-shared-usw2:kube-proxy",
            "modified_at": "2024-05-23T14:27:13Z",
            "preserve": true,
            "resolve_conflicts": null,
            "resolve_conflicts_on_create": "OVERWRITE",
            "resolve_conflicts_on_update": "OVERWRITE",
            "service_account_role_arn": "",
            "tags": null,
            "tags_all": {},
            "timeouts": {
              "create": null,
              "delete": null,
              "update": null
            }
          },
          "sensitive_attributes": [],
          "private": "eyJlMmJmYjczMC1lY2FhLTExZTYtOGY4OC0zNDM2M2JjN2M0YzAiOnsiY3JlYXRlIjoxMjAwMDAwMDAwMDAwLCJkZWxldGUiOjI0MDAwMDAwMDAwMDAsInVwZGF0ZSI6MTIwMDAwMDAwMDAwMH19",
          "dependencies": [
            "data.aws_availability_zones.usw2",
            "module.eks-usw2.data.aws_iam_policy.ebscsi",
            "module.eks-usw2.module.eks.aws_cloudwatch_log_group.this",
            "module.eks-usw2.module.eks.aws_eks_cluster.this",
            "module.eks-usw2.module.eks.aws_iam_policy.cni_ipv6_policy",
            "module.eks-usw2.module.eks.aws_iam_role.this",
            "module.eks-usw2.module.eks.aws_iam_role_policy_attachment.this",
            "module.eks-usw2.module.eks.aws_security_group.cluster",
            "module.eks-usw2.module.eks.aws_security_group.node",
            "module.eks-usw2.module.eks.aws_security_group_rule.cluster",
            "module.eks-usw2.module.eks.aws_security_group_rule.node",
            "module.eks-usw2.module.eks.data.aws_caller_identity.current",
            "module.eks-usw2.module.eks.data.aws_eks_addon_version.this",
            "module.eks-usw2.module.eks.data.aws_iam_policy_document.assume_role_policy",
            "module.eks-usw2.module.eks.data.aws_iam_policy_document.cni_ipv6_policy",
            "module.eks-usw2.module.eks.data.aws_iam_session_context.current",
            "module.eks-usw2.module.eks.data.aws_partition.current",
            "module.eks-usw2.module.eks.module.eks_managed_node_group.aws_autoscaling_schedule.this",
            "module.eks-usw2.module.eks.module.eks_managed_node_group.aws_eks_node_group.this",
            "module.eks-usw2.module.eks.module.eks_managed_node_group.aws_iam_role.this",
            "module.eks-usw2.module.eks.module.eks_managed_node_group.aws_iam_role_policy_attachment.additional",
            "module.eks-usw2.module.eks.module.eks_managed_node_group.aws_iam_role_policy_attachment.this",
            "module.eks-usw2.module.eks.module.eks_managed_node_group.aws_launch_template.this",
            "module.eks-usw2.module.eks.module.eks_managed_node_group.aws_placement_group.this",
            "module.eks-usw2.module.eks.module.eks_managed_node_group.data.aws_caller_identity.current",
            "module.eks-usw2.module.eks.module.eks_managed_node_group.data.aws_ec2_instance_type.this",
            "module.eks-usw2.module.eks.module.eks_managed_node_group.data.aws_ec2_instance_type_offerings.this",
            "module.eks-usw2.module.eks.module.eks_managed_node_group.data.aws_iam_policy_document.assume_role_policy",
            "module.eks-usw2.module.eks.module.eks_managed_node_group.data.aws_partition.current",
            "module.eks-usw2.module.eks.module.eks_managed_node_group.data.aws_ssm_parameter.ami",
            "module.eks-usw2.module.eks.module.eks_managed_node_group.data.aws_subnets.efa",
            "module.eks-usw2.module.eks.module.eks_managed_node_group.module.user_data.data.cloudinit_config.al2023_eks_managed_node_group",
            "module.eks-usw2.module.eks.module.eks_managed_node_group.module.user_data.data.cloudinit_config.linux_eks_managed_node_group",
            "module.eks-usw2.module.eks.module.eks_managed_node_group.module.user_data.null_resource.validate_cluster_service_cidr",
            "module.eks-usw2.module.eks.module.fargate_profile.aws_eks_fargate_profile.this",
            "module.eks-usw2.module.eks.module.fargate_profile.aws_iam_role.this",
            "module.eks-usw2.module.eks.module.fargate_profile.aws_iam_role_policy_attachment.additional",
            "module.eks-usw2.module.eks.module.fargate_profile.aws_iam_role_policy_attachment.this",
            "module.eks-usw2.module.eks.module.fargate_profile.data.aws_caller_identity.current",
            "module.eks-usw2.module.eks.module.fargate_profile.data.aws_iam_policy_document.assume_role_policy",
            "module.eks-usw2.module.eks.module.fargate_profile.data.aws_partition.current",
            "module.eks-usw2.module.eks.module.kms.aws_kms_external_key.this",
            "module.eks-usw2.module.eks.module.kms.aws_kms_key.this",
            "module.eks-usw2.module.eks.module.kms.aws_kms_replica_external_key.this",
            "module.eks-usw2.module.eks.module.kms.aws_kms_replica_key.this",
            "module.eks-usw2.module.eks.module.kms.data.aws_caller_identity.current",
            "module.eks-usw2.module.eks.module.kms.data.aws_iam_policy_document.this",
            "module.eks-usw2.module.eks.module.kms.data.aws_partition.current",
            "module.eks-usw2.module.eks.module.self_managed_node_group.aws_autoscaling_group.this",
            "module.eks-usw2.module.eks.module.self_managed_node_group.aws_autoscaling_schedule.this",
            "module.eks-usw2.module.eks.module.self_managed_node_group.aws_eks_access_entry.this",
            "module.eks-usw2.module.eks.module.self_managed_node_group.aws_iam_instance_profile.this",
            "module.eks-usw2.module.eks.module.self_managed_node_group.aws_iam_role.this",
            "module.eks-usw2.module.eks.module.self_managed_node_group.aws_iam_role_policy_attachment.additional",
            "module.eks-usw2.module.eks.module.self_managed_node_group.aws_iam_role_policy_attachment.this",
            "module.eks-usw2.module.eks.module.self_managed_node_group.aws_launch_template.this",
            "module.eks-usw2.module.eks.module.self_managed_node_group.aws_placement_group.this",
            "module.eks-usw2.module.eks.module.self_managed_node_group.data.aws_ami.eks_default",
            "module.eks-usw2.module.eks.module.self_managed_node_group.data.aws_caller_identity.current",
            "module.eks-usw2.module.eks.module.self_managed_node_group.data.aws_ec2_instance_type.this",
            "module.eks-usw2.module.eks.module.self_managed_node_group.data.aws_ec2_instance_type_offerings.this",
            "module.eks-usw2.module.eks.module.self_managed_node_group.data.aws_iam_policy_document.assume_role_policy",
            "module.eks-usw2.module.eks.module.self_managed_node_group.data.aws_partition.current",
            "module.eks-usw2.module.eks.module.self_managed_node_group.data.aws_subnets.efa",
            "module.eks-usw2.module.eks.module.self_managed_node_group.module.user_data.data.cloudinit_config.al2023_eks_managed_node_group",
            "module.eks-usw2.module.eks.module.self_managed_node_group.module.user_data.data.cloudinit_config.linux_eks_managed_node_group",
            "module.eks-usw2.module.eks.module.self_managed_node_group.module.user_data.null_resource.validate_cluster_service_cidr",
            "module.eks-usw2.module.eks.time_sleep.this",
            "module.myvpc.aws_subnet.private",
            "module.myvpc.aws_vpc.this",
            "module.myvpc.aws_vpc_ipv4_cidr_block_association.this"
          ]
        },
        {
          "index_key": "vpc-cni",
          "schema_version": 0,
          "attributes": {
            "addon_name": "vpc-cni",
            "addon_version": "v1.18.1-eksbuild.3",
            "arn": "arn:aws:eks:us-west-2:865587657226:addon/jase-shared-usw2/vpc-cni/3cc7d2ec-698c-ea78-0d44-3d11558aca36",
            "cluster_name": "jase-shared-usw2",
            "configuration_values": "",
            "created_at": "2024-05-23T14:26:41Z",
            "id": "jase-shared-usw2:vpc-cni",
            "modified_at": "2024-05-23T14:27:14Z",
            "preserve": true,
            "resolve_conflicts": null,
            "resolve_conflicts_on_create": "OVERWRITE",
            "resolve_conflicts_on_update": "OVERWRITE",
            "service_account_role_arn": "",
            "tags": null,
            "tags_all": {},
            "timeouts": {
              "create": null,
              "delete": null,
              "update": null
            }
          },
          "sensitive_attributes": [],
          "private": "eyJlMmJmYjczMC1lY2FhLTExZTYtOGY4OC0zNDM2M2JjN2M0YzAiOnsiY3JlYXRlIjoxMjAwMDAwMDAwMDAwLCJkZWxldGUiOjI0MDAwMDAwMDAwMDAsInVwZGF0ZSI6MTIwMDAwMDAwMDAwMH19",
          "dependencies": [
            "data.aws_availability_zones.usw2",
            "module.eks-usw2.data.aws_iam_policy.ebscsi",
            "module.eks-usw2.module.eks.aws_cloudwatch_log_group.this",
            "module.eks-usw2.module.eks.aws_eks_cluster.this",
            "module.eks-usw2.module.eks.aws_iam_policy.cni_ipv6_policy",
            "module.eks-usw2.module.eks.aws_iam_role.this",
            "module.eks-usw2.module.eks.aws_iam_role_policy_attachment.this",
            "module.eks-usw2.module.eks.aws_security_group.cluster",
            "module.eks-usw2.module.eks.aws_security_group.node",
            "module.eks-usw2.module.eks.aws_security_group_rule.cluster",
            "module.eks-usw2.module.eks.aws_security_group_rule.node",
            "module.eks-usw2.module.eks.data.aws_caller_identity.current",
            "module.eks-usw2.module.eks.data.aws_eks_addon_version.this",
            "module.eks-usw2.module.eks.data.aws_iam_policy_document.assume_role_policy",
            "module.eks-usw2.module.eks.data.aws_iam_policy_document.cni_ipv6_policy",
            "module.eks-usw2.module.eks.data.aws_iam_session_context.current",
            "module.eks-usw2.module.eks.data.aws_partition.current",
            "module.eks-usw2.module.eks.module.eks_managed_node_group.aws_autoscaling_schedule.this",
            "module.eks-usw2.module.eks.module.eks_managed_node_group.aws_eks_node_group.this",
            "module.eks-usw2.module.eks.module.eks_managed_node_group.aws_iam_role.this",
            "module.eks-usw2.module.eks.module.eks_managed_node_group.aws_iam_role_policy_attachment.additional",
            "module.eks-usw2.module.eks.module.eks_managed_node_group.aws_iam_role_policy_attachment.this",
            "module.eks-usw2.module.eks.module.eks_managed_node_group.aws_launch_template.this",
            "module.eks-usw2.module.eks.module.eks_managed_node_group.aws_placement_group.this",
            "module.eks-usw2.module.eks.module.eks_managed_node_group.data.aws_caller_identity.current",
            "module.eks-usw2.module.eks.module.eks_managed_node_group.data.aws_ec2_instance_type.this",
            "module.eks-usw2.module.eks.module.eks_managed_node_group.data.aws_ec2_instance_type_offerings.this",
            "module.eks-usw2.module.eks.module.eks_managed_node_group.data.aws_iam_policy_document.assume_role_policy",
            "module.eks-usw2.module.eks.module.eks_managed_node_group.data.aws_partition.current",
            "module.eks-usw2.module.eks.module.eks_managed_node_group.data.aws_ssm_parameter.ami",
            "module.eks-usw2.module.eks.module.eks_managed_node_group.data.aws_subnets.efa",
            "module.eks-usw2.module.eks.module.eks_managed_node_group.module.user_data.data.cloudinit_config.al2023_eks_managed_node_group",
            "module.eks-usw2.module.eks.module.eks_managed_node_group.module.user_data.data.cloudinit_config.linux_eks_managed_node_group",
            "module.eks-usw2.module.eks.module.eks_managed_node_group.module.user_data.null_resource.validate_cluster_service_cidr",
            "module.eks-usw2.module.eks.module.fargate_profile.aws_eks_fargate_profile.this",
            "module.eks-usw2.module.eks.module.fargate_profile.aws_iam_role.this",
            "module.eks-usw2.module.eks.module.fargate_profile.aws_iam_role_policy_attachment.additional",
            "module.eks-usw2.module.eks.module.fargate_profile.aws_iam_role_policy_attachment.this",
            "module.eks-usw2.module.eks.module.fargate_profile.data.aws_caller_identity.current",
            "module.eks-usw2.module.eks.module.fargate_profile.data.aws_iam_policy_document.assume_role_policy",
            "module.eks-usw2.module.eks.module.fargate_profile.data.aws_partition.current",
            "module.eks-usw2.module.eks.module.kms.aws_kms_external_key.this",
            "module.eks-usw2.module.eks.module.kms.aws_kms_key.this",
            "module.eks-usw2.module.eks.module.kms.aws_kms_replica_external_key.this",
            "module.eks-usw2.module.eks.module.kms.aws_kms_replica_key.this",
            "module.eks-usw2.module.eks.module.kms.data.aws_caller_identity.current",
            "module.eks-usw2.module.eks.module.kms.data.aws_iam_policy_document.this",
            "module.eks-usw2.module.eks.module.kms.data.aws_partition.current",
            "module.eks-usw2.module.eks.module.self_managed_node_group.aws_autoscaling_group.this",
            "module.eks-usw2.module.eks.module.self_managed_node_group.aws_autoscaling_schedule.this",
            "module.eks-usw2.module.eks.module.self_managed_node_group.aws_eks_access_entry.this",
            "module.eks-usw2.module.eks.module.self_managed_node_group.aws_iam_instance_profile.this",
            "module.eks-usw2.module.eks.module.self_managed_node_group.aws_iam_role.this",
            "module.eks-usw2.module.eks.module.self_managed_node_group.aws_iam_role_policy_attachment.additional",
            "module.eks-usw2.module.eks.module.self_managed_node_group.aws_iam_role_policy_attachment.this",
            "module.eks-usw2.module.eks.module.self_managed_node_group.aws_launch_template.this",
            "module.eks-usw2.module.eks.module.self_managed_node_group.aws_placement_group.this",
            "module.eks-usw2.module.eks.module.self_managed_node_group.data.aws_ami.eks_default",
            "module.eks-usw2.module.eks.module.self_managed_node_group.data.aws_caller_identity.current",
            "module.eks-usw2.module.eks.module.self_managed_node_group.data.aws_ec2_instance_type.this",
            "module.eks-usw2.module.eks.module.self_managed_node_group.data.aws_ec2_instance_type_offerings.this",
            "module.eks-usw2.module.eks.module.self_managed_node_group.data.aws_iam_policy_document.assume_role_policy",
            "module.eks-usw2.module.eks.module.self_managed_node_group.data.aws_partition.current",
            "module.eks-usw2.module.eks.module.self_managed_node_group.data.aws_subnets.efa",
            "module.eks-usw2.module.eks.module.self_managed_node_group.module.user_data.data.cloudinit_config.al2023_eks_managed_node_group",
            "module.eks-usw2.module.eks.module.self_managed_node_group.module.user_data.data.cloudinit_config.linux_eks_managed_node_group",
            "module.eks-usw2.module.eks.module.self_managed_node_group.module.user_data.null_resource.validate_cluster_service_cidr",
            "module.eks-usw2.module.eks.time_sleep.this",
            "module.myvpc.aws_subnet.private",
            "module.myvpc.aws_vpc.this",
            "module.myvpc.aws_vpc_ipv4_cidr_block_association.this"
          ]
        }
      ]
    },
    {
      "module": "module.eks-usw2.module.eks",
      "mode": "managed",
      "type": "aws_eks_cluster",
      "name": "this",
      "provider": "provider[\"registry.terraform.io/hashicorp/aws\"].usw2",
      "instances": [
        {
          "index_key": 0,
          "schema_version": 0,
          "attributes": {
            "access_config": [
              {
                "authentication_mode": "API_AND_CONFIG_MAP",
                "bootstrap_cluster_creator_admin_permissions": false
              }
            ],
            "arn": "arn:aws:eks:us-west-2:865587657226:cluster/jase-shared-usw2",
            "certificate_authority": [
              {
                "data": "LS0tLS1CRUdJTiBDRVJUSUZJQ0FURS0tLS0tCk1JSURCVENDQWUyZ0F3SUJBZ0lJSUczckFnUWwzT1F3RFFZSktvWklodmNOQVFFTEJRQXdGVEVUTUJFR0ExVUUKQXhNS2EzVmlaWEp1WlhSbGN6QWVGdzB5TkRBMU1qTXhOREV6TURSYUZ3MHpOREExTWpFeE5ERTRNRFJhTUJVeApFekFSQmdOVkJBTVRDbXQxWW1WeWJtVjBaWE13Z2dFaU1BMEdDU3FHU0liM0RRRUJBUVVBQTRJQkR3QXdnZ0VLCkFvSUJBUURvVzlKbUFUY09JSzlDS2Z1NENUQ1R5ZjVxWVdpK3dZR1Q1cWtyOW1sR1lGaDZmejdpcFVqa2tvbVMKaFZGWmR2cVcwVkF3cUxRMThVU2luYzdLYkwrSVNONEFTUlZkSlJMWklrTGdNUFVaWWhyemdXY0pQR25BbWJ2SAo4Wm8vaFE5QjVpMjM4M1kxeUpQWitRZXQ3aWNjem5OeHpiSk11TEpmdWVIOGpJN0YzanRBV2Y0aXJFMCt3bzFoCnRGZFhVR05WeWNWUjdONUJkNWRvQjh1VkRLdzB2bnpITFFCbGh1M1F5ZnM2V0NEdkVNOWd3Z1VvUUF5bmRjWEoKTDgyeXlVd25NUjVRQm5xZHUzOUYzcm02U3paWTBZaWQ3VlNIU1JQWWg3Q2NSakxsODdGSGxLSTJCczJBQjRKWAptTWJsY015MEhTeFR2dHk3SCs4NzlZQUZmZUlsQWdNQkFBR2pXVEJYTUE0R0ExVWREd0VCL3dRRUF3SUNwREFQCkJnTlZIUk1CQWY4RUJUQURBUUgvTUIwR0ExVWREZ1FXQkJSUFgwckxZQmlnV0NZMGpXNmJQdDRldTJYQVpqQVYKQmdOVkhSRUVEakFNZ2dwcmRXSmxjbTVsZEdWek1BMEdDU3FHU0liM0RRRUJDd1VBQTRJQkFRQmhyeWlRdzdNWQpWTXFQZzFyZGRBVTlmWitDL1A5Wkx1ZGFCc3VKRlhaOUlVbStpOFR5NnFUQmQyMWJmeFl4NWpscUQ5Uml4TmdOCmR6WGFtN2Z0SEFPa245ZXVGbVRkanphQS9kRHJPSm14T2g4SmRBY2diNktraWsybmFsZCt3YTJHczVxZTZ2WkYKbmZ2b0NQMnZiSHNlTHN3bUoyRWlFRk84R2lBMVZsNmVTeDRzSVdkQ29xOUg1UWVhQmlaTmJ5ZytHRnprUkJpcworM2dnVnBneklGVmJaQzBSdkFFMC9oeCtuRmFVTXRGN1V1T2l4K0daenFBUTBFSUk0SGF0SEoxcVV3TTIrMWVzClk1MXk2UTNoUnZTZXhrZk9tbFhORDhpWmZ5MWdZLzM5bHZXMVlPcS9OeUNyb2xWMnBhbWlibXBqOTE1MmFralQKRmxVQmF5SWFuN0xICi0tLS0tRU5EIENFUlRJRklDQVRFLS0tLS0K"
              }
            ],
            "cluster_id": null,
            "created_at": "2024-05-23 14:13:21.907 +0000 UTC",
            "enabled_cluster_log_types": [
              "api",
              "audit",
              "authenticator"
            ],
            "encryption_config": [
              {
                "provider": [
                  {
                    "key_arn": "arn:aws:kms:us-west-2:865587657226:key/5fdd9edf-457f-46a4-a3a4-5f1939af7330"
                  }
                ],
                "resources": [
                  "secrets"
                ]
              }
            ],
            "endpoint": "https://E6FCF52C358AED8F479ADE590FDAEC79.gr7.us-west-2.eks.amazonaws.com",
            "id": "jase-shared-usw2",
            "identity": [
              {
                "oidc": [
                  {
                    "issuer": "https://oidc.eks.us-west-2.amazonaws.com/id/E6FCF52C358AED8F479ADE590FDAEC79"
                  }
                ]
              }
            ],
            "kubernetes_network_config": [
              {
                "ip_family": "ipv4",
                "service_ipv4_cidr": "172.20.0.0/16",
                "service_ipv6_cidr": ""
              }
            ],
            "name": "jase-shared-usw2",
            "outpost_config": [],
            "platform_version": "eks.7",
            "role_arn": "arn:aws:iam::865587657226:role/jase-shared-usw2-cluster-20240523141246496600000002",
            "status": "ACTIVE",
            "tags": {
              "terraform-aws-modules": "eks"
            },
            "tags_all": {
              "terraform-aws-modules": "eks"
            },
            "timeouts": {
              "create": null,
              "delete": null,
              "update": null
            },
            "version": "1.29",
            "vpc_config": [
              {
                "cluster_security_group_id": "sg-0969a0ee894a43f4d",
                "endpoint_private_access": true,
                "endpoint_public_access": true,
                "public_access_cidrs": [
                  "0.0.0.0/0"
                ],
                "security_group_ids": [
                  "sg-071f44f5d8ccebfb7"
                ],
                "subnet_ids": [
                  "subnet-02ecd6f649f62c4f5",
                  "subnet-03b7990f8e358e827",
                  "subnet-0ba9621c981f3ee45"
                ],
                "vpc_id": "vpc-02203bc5431776663"
              }
            ]
          },
          "sensitive_attributes": [],
          "private": "eyJlMmJmYjczMC1lY2FhLTExZTYtOGY4OC0zNDM2M2JjN2M0YzAiOnsiY3JlYXRlIjoxODAwMDAwMDAwMDAwLCJkZWxldGUiOjkwMDAwMDAwMDAwMCwidXBkYXRlIjozNjAwMDAwMDAwMDAwfX0=",
          "dependencies": [
            "data.aws_availability_zones.usw2",
            "module.eks-usw2.module.eks.aws_cloudwatch_log_group.this",
            "module.eks-usw2.module.eks.aws_iam_policy.cni_ipv6_policy",
            "module.eks-usw2.module.eks.aws_iam_role.this",
            "module.eks-usw2.module.eks.aws_iam_role_policy_attachment.this",
            "module.eks-usw2.module.eks.aws_security_group.cluster",
            "module.eks-usw2.module.eks.aws_security_group.node",
            "module.eks-usw2.module.eks.aws_security_group_rule.cluster",
            "module.eks-usw2.module.eks.aws_security_group_rule.node",
            "module.eks-usw2.module.eks.data.aws_caller_identity.current",
            "module.eks-usw2.module.eks.data.aws_iam_policy_document.assume_role_policy",
            "module.eks-usw2.module.eks.data.aws_iam_policy_document.cni_ipv6_policy",
            "module.eks-usw2.module.eks.data.aws_iam_session_context.current",
            "module.eks-usw2.module.eks.data.aws_partition.current",
            "module.eks-usw2.module.eks.module.kms.aws_kms_external_key.this",
            "module.eks-usw2.module.eks.module.kms.aws_kms_key.this",
            "module.eks-usw2.module.eks.module.kms.aws_kms_replica_external_key.this",
            "module.eks-usw2.module.eks.module.kms.aws_kms_replica_key.this",
            "module.eks-usw2.module.eks.module.kms.data.aws_caller_identity.current",
            "module.eks-usw2.module.eks.module.kms.data.aws_iam_policy_document.this",
            "module.eks-usw2.module.eks.module.kms.data.aws_partition.current",
            "module.myvpc.aws_subnet.private",
            "module.myvpc.aws_vpc.this",
            "module.myvpc.aws_vpc_ipv4_cidr_block_association.this"
          ],
          "create_before_destroy": true
        }
      ]
    },
    {
      "module": "module.eks-usw2.module.eks",
      "mode": "managed",
      "type": "aws_eks_identity_provider_config",
      "name": "this",
      "provider": "provider[\"registry.terraform.io/hashicorp/aws\"].usw2",
      "instances": []
    },
    {
      "module": "module.eks-usw2.module.eks",
      "mode": "managed",
      "type": "aws_iam_openid_connect_provider",
      "name": "oidc_provider",
      "provider": "provider[\"registry.terraform.io/hashicorp/aws\"].usw2",
      "instances": [
        {
          "index_key": 0,
          "schema_version": 0,
          "attributes": {
            "arn": "arn:aws:iam::865587657226:oidc-provider/oidc.eks.us-west-2.amazonaws.com/id/E6FCF52C358AED8F479ADE590FDAEC79",
            "client_id_list": [
              "sts.amazonaws.com"
            ],
            "id": "arn:aws:iam::865587657226:oidc-provider/oidc.eks.us-west-2.amazonaws.com/id/E6FCF52C358AED8F479ADE590FDAEC79",
            "tags": {
              "Name": "jase-shared-usw2-eks-irsa"
            },
            "tags_all": {
              "Name": "jase-shared-usw2-eks-irsa"
            },
            "thumbprint_list": [
              "9e99a48a9960b14926bb7f3b02e22da2b0ab7280"
            ],
            "url": "oidc.eks.us-west-2.amazonaws.com/id/E6FCF52C358AED8F479ADE590FDAEC79"
          },
          "sensitive_attributes": [],
          "private": "bnVsbA==",
          "dependencies": [
            "data.aws_availability_zones.usw2",
            "module.eks-usw2.module.eks.aws_cloudwatch_log_group.this",
            "module.eks-usw2.module.eks.aws_eks_cluster.this",
            "module.eks-usw2.module.eks.aws_iam_policy.cni_ipv6_policy",
            "module.eks-usw2.module.eks.aws_iam_role.this",
            "module.eks-usw2.module.eks.aws_iam_role_policy_attachment.this",
            "module.eks-usw2.module.eks.aws_security_group.cluster",
            "module.eks-usw2.module.eks.aws_security_group.node",
            "module.eks-usw2.module.eks.aws_security_group_rule.cluster",
            "module.eks-usw2.module.eks.aws_security_group_rule.node",
            "module.eks-usw2.module.eks.data.aws_caller_identity.current",
            "module.eks-usw2.module.eks.data.aws_iam_policy_document.assume_role_policy",
            "module.eks-usw2.module.eks.data.aws_iam_policy_document.cni_ipv6_policy",
            "module.eks-usw2.module.eks.data.aws_iam_session_context.current",
            "module.eks-usw2.module.eks.data.aws_partition.current",
            "module.eks-usw2.module.eks.data.tls_certificate.this",
            "module.eks-usw2.module.eks.module.kms.aws_kms_external_key.this",
            "module.eks-usw2.module.eks.module.kms.aws_kms_key.this",
            "module.eks-usw2.module.eks.module.kms.aws_kms_replica_external_key.this",
            "module.eks-usw2.module.eks.module.kms.aws_kms_replica_key.this",
            "module.eks-usw2.module.eks.module.kms.data.aws_caller_identity.current",
            "module.eks-usw2.module.eks.module.kms.data.aws_iam_policy_document.this",
            "module.eks-usw2.module.eks.module.kms.data.aws_partition.current",
            "module.myvpc.aws_subnet.private",
            "module.myvpc.aws_vpc.this",
            "module.myvpc.aws_vpc_ipv4_cidr_block_association.this"
          ]
        }
      ]
    },
    {
      "module": "module.eks-usw2.module.eks",
      "mode": "managed",
      "type": "aws_iam_policy",
      "name": "cluster_encryption",
      "provider": "provider[\"registry.terraform.io/hashicorp/aws\"].usw2",
      "instances": [
        {
          "index_key": 0,
          "schema_version": 0,
          "attributes": {
            "arn": "arn:aws:iam::865587657226:policy/jase-shared-usw2-cluster-ClusterEncryption20240523141313374400000013",
            "description": "Cluster encryption policy to allow cluster role to utilize CMK provided",
            "id": "arn:aws:iam::865587657226:policy/jase-shared-usw2-cluster-ClusterEncryption20240523141313374400000013",
            "name": "jase-shared-usw2-cluster-ClusterEncryption20240523141313374400000013",
            "name_prefix": "jase-shared-usw2-cluster-ClusterEncryption",
            "path": "/",
            "policy": "{\"Statement\":[{\"Action\":[\"kms:Encrypt\",\"kms:Decrypt\",\"kms:ListGrants\",\"kms:DescribeKey\"],\"Effect\":\"Allow\",\"Resource\":\"arn:aws:kms:us-west-2:865587657226:key/5fdd9edf-457f-46a4-a3a4-5f1939af7330\"}],\"Version\":\"2012-10-17\"}",
            "policy_id": "ANPA4TCILPIFKJQ6GP6JF",
            "tags": null,
            "tags_all": {}
          },
          "sensitive_attributes": [],
          "private": "bnVsbA==",
          "dependencies": [
            "module.eks-usw2.module.eks.aws_iam_role.this",
            "module.eks-usw2.module.eks.data.aws_caller_identity.current",
            "module.eks-usw2.module.eks.data.aws_iam_policy_document.assume_role_policy",
            "module.eks-usw2.module.eks.data.aws_iam_session_context.current",
            "module.eks-usw2.module.eks.module.kms.aws_kms_external_key.this",
            "module.eks-usw2.module.eks.module.kms.aws_kms_key.this",
            "module.eks-usw2.module.eks.module.kms.aws_kms_replica_external_key.this",
            "module.eks-usw2.module.eks.module.kms.aws_kms_replica_key.this",
            "module.eks-usw2.module.eks.module.kms.data.aws_caller_identity.current",
            "module.eks-usw2.module.eks.module.kms.data.aws_iam_policy_document.this",
            "module.eks-usw2.module.eks.module.kms.data.aws_partition.current"
          ]
        }
      ]
    },
    {
      "module": "module.eks-usw2.module.eks",
      "mode": "managed",
      "type": "aws_iam_policy",
      "name": "cni_ipv6_policy",
      "provider": "provider[\"registry.terraform.io/hashicorp/aws\"].usw2",
      "instances": []
    },
    {
      "module": "module.eks-usw2.module.eks",
      "mode": "managed",
      "type": "aws_iam_role",
      "name": "this",
      "provider": "provider[\"registry.terraform.io/hashicorp/aws\"].usw2",
      "instances": [
        {
          "index_key": 0,
          "schema_version": 0,
          "attributes": {
            "arn": "arn:aws:iam::865587657226:role/jase-shared-usw2-cluster-20240523141246496600000002",
            "assume_role_policy": "{\"Statement\":[{\"Action\":\"sts:AssumeRole\",\"Effect\":\"Allow\",\"Principal\":{\"Service\":\"eks.amazonaws.com\"},\"Sid\":\"EKSClusterAssumeRole\"}],\"Version\":\"2012-10-17\"}",
            "create_date": "2024-05-23T14:12:46Z",
            "description": "",
            "force_detach_policies": true,
            "id": "jase-shared-usw2-cluster-20240523141246496600000002",
            "inline_policy": [
              {
                "name": "jase-shared-usw2-cluster",
                "policy": "{\"Version\":\"2012-10-17\",\"Statement\":[{\"Action\":[\"logs:CreateLogGroup\"],\"Effect\":\"Deny\",\"Resource\":\"*\"}]}"
              }
            ],
            "managed_policy_arns": [],
            "max_session_duration": 3600,
            "name": "jase-shared-usw2-cluster-20240523141246496600000002",
            "name_prefix": "jase-shared-usw2-cluster-",
            "path": "/",
            "permissions_boundary": "",
            "tags": null,
            "tags_all": {},
            "unique_id": "AROA4TCILPIFK7VAJNLEZ"
          },
          "sensitive_attributes": [],
          "private": "bnVsbA==",
          "dependencies": [
            "module.eks-usw2.module.eks.data.aws_iam_policy_document.assume_role_policy"
          ],
          "create_before_destroy": true
        }
      ]
    },
    {
      "module": "module.eks-usw2.module.eks",
      "mode": "managed",
      "type": "aws_iam_role_policy_attachment",
      "name": "cluster_encryption",
      "provider": "provider[\"registry.terraform.io/hashicorp/aws\"].usw2",
      "instances": [
        {
          "index_key": 0,
          "schema_version": 0,
          "attributes": {
            "id": "jase-shared-usw2-cluster-20240523141246496600000002-20240523141314109400000014",
            "policy_arn": "arn:aws:iam::865587657226:policy/jase-shared-usw2-cluster-ClusterEncryption20240523141313374400000013",
            "role": "jase-shared-usw2-cluster-20240523141246496600000002"
          },
          "sensitive_attributes": [],
          "private": "bnVsbA==",
          "dependencies": [
            "module.eks-usw2.module.eks.aws_iam_policy.cluster_encryption",
            "module.eks-usw2.module.eks.aws_iam_role.this",
            "module.eks-usw2.module.eks.data.aws_caller_identity.current",
            "module.eks-usw2.module.eks.data.aws_iam_policy_document.assume_role_policy",
            "module.eks-usw2.module.eks.data.aws_iam_session_context.current",
            "module.eks-usw2.module.eks.module.kms.aws_kms_external_key.this",
            "module.eks-usw2.module.eks.module.kms.aws_kms_key.this",
            "module.eks-usw2.module.eks.module.kms.aws_kms_replica_external_key.this",
            "module.eks-usw2.module.eks.module.kms.aws_kms_replica_key.this",
            "module.eks-usw2.module.eks.module.kms.data.aws_caller_identity.current",
            "module.eks-usw2.module.eks.module.kms.data.aws_iam_policy_document.this",
            "module.eks-usw2.module.eks.module.kms.data.aws_partition.current"
          ]
        }
      ]
    },
    {
      "module": "module.eks-usw2.module.eks",
      "mode": "managed",
      "type": "aws_iam_role_policy_attachment",
      "name": "this",
      "provider": "provider[\"registry.terraform.io/hashicorp/aws\"].usw2",
      "instances": [
        {
          "index_key": "AmazonEKSClusterPolicy",
          "schema_version": 0,
          "attributes": {
            "id": "jase-shared-usw2-cluster-20240523141246496600000002-2024052314124802720000000b",
            "policy_arn": "arn:aws:iam::aws:policy/AmazonEKSClusterPolicy",
            "role": "jase-shared-usw2-cluster-20240523141246496600000002"
          },
          "sensitive_attributes": [],
          "private": "bnVsbA==",
          "dependencies": [
            "module.eks-usw2.module.eks.aws_iam_role.this",
            "module.eks-usw2.module.eks.data.aws_iam_policy_document.assume_role_policy",
            "module.eks-usw2.module.eks.data.aws_partition.current"
          ],
          "create_before_destroy": true
        },
        {
          "index_key": "AmazonEKSVPCResourceController",
          "schema_version": 0,
          "attributes": {
            "id": "jase-shared-usw2-cluster-20240523141246496600000002-2024052314124804010000000c",
            "policy_arn": "arn:aws:iam::aws:policy/AmazonEKSVPCResourceController",
            "role": "jase-shared-usw2-cluster-20240523141246496600000002"
          },
          "sensitive_attributes": [],
          "private": "bnVsbA==",
          "dependencies": [
            "module.eks-usw2.module.eks.aws_iam_role.this",
            "module.eks-usw2.module.eks.data.aws_iam_policy_document.assume_role_policy",
            "module.eks-usw2.module.eks.data.aws_partition.current"
          ],
          "create_before_destroy": true
        }
      ]
    },
    {
      "module": "module.eks-usw2.module.eks",
      "mode": "managed",
      "type": "aws_security_group",
      "name": "cluster",
      "provider": "provider[\"registry.terraform.io/hashicorp/aws\"].usw2",
      "instances": [
        {
          "index_key": 0,
          "schema_version": 1,
          "attributes": {
            "arn": "arn:aws:ec2:us-west-2:865587657226:security-group/sg-071f44f5d8ccebfb7",
            "description": "EKS cluster security group",
            "egress": [],
            "id": "sg-071f44f5d8ccebfb7",
            "ingress": [],
            "name": "jase-shared-usw2-cluster-2024052314130248580000000f",
            "name_prefix": "jase-shared-usw2-cluster-",
            "owner_id": "865587657226",
            "revoke_rules_on_delete": false,
            "tags": {
              "Name": "jase-shared-usw2-cluster"
            },
            "tags_all": {
              "Name": "jase-shared-usw2-cluster"
            },
            "timeouts": null,
            "vpc_id": "vpc-02203bc5431776663"
          },
          "sensitive_attributes": [],
          "private": "eyJlMmJmYjczMC1lY2FhLTExZTYtOGY4OC0zNDM2M2JjN2M0YzAiOnsiY3JlYXRlIjo2MDAwMDAwMDAwMDAsImRlbGV0ZSI6OTAwMDAwMDAwMDAwfSwic2NoZW1hX3ZlcnNpb24iOiIxIn0=",
          "dependencies": [
            "module.myvpc.aws_vpc.this"
          ],
          "create_before_destroy": true
        }
      ]
    },
    {
      "module": "module.eks-usw2.module.eks",
      "mode": "managed",
      "type": "aws_security_group",
      "name": "node",
      "provider": "provider[\"registry.terraform.io/hashicorp/aws\"].usw2",
      "instances": [
        {
          "index_key": 0,
          "schema_version": 1,
          "attributes": {
            "arn": "arn:aws:ec2:us-west-2:865587657226:security-group/sg-02e6dc49e384b3691",
            "description": "EKS node shared security group",
            "egress": [],
            "id": "sg-02e6dc49e384b3691",
            "ingress": [],
            "name": "jase-shared-usw2-node-20240523141303336000000010",
            "name_prefix": "jase-shared-usw2-node-",
            "owner_id": "865587657226",
            "revoke_rules_on_delete": false,
            "tags": {
              "Name": "jase-shared-usw2-node",
              "kubernetes.io/cluster/jase-shared-usw2": "owned"
            },
            "tags_all": {
              "Name": "jase-shared-usw2-node",
              "kubernetes.io/cluster/jase-shared-usw2": "owned"
            },
            "timeouts": null,
            "vpc_id": "vpc-02203bc5431776663"
          },
          "sensitive_attributes": [],
          "private": "eyJlMmJmYjczMC1lY2FhLTExZTYtOGY4OC0zNDM2M2JjN2M0YzAiOnsiY3JlYXRlIjo2MDAwMDAwMDAwMDAsImRlbGV0ZSI6OTAwMDAwMDAwMDAwfSwic2NoZW1hX3ZlcnNpb24iOiIxIn0=",
          "dependencies": [
            "module.myvpc.aws_vpc.this"
          ],
          "create_before_destroy": true
        }
      ]
    },
    {
      "module": "module.eks-usw2.module.eks",
      "mode": "managed",
      "type": "aws_security_group_rule",
      "name": "cluster",
      "provider": "provider[\"registry.terraform.io/hashicorp/aws\"].usw2",
      "instances": [
        {
          "index_key": "ingress_nodes_443",
          "schema_version": 2,
          "attributes": {
            "cidr_blocks": null,
            "description": "Node groups to cluster API",
            "from_port": 443,
            "id": "sgrule-4209336816",
            "ipv6_cidr_blocks": null,
            "prefix_list_ids": null,
            "protocol": "tcp",
            "security_group_id": "sg-071f44f5d8ccebfb7",
            "security_group_rule_id": "sgr-0fc8cd9eb9fe100c0",
            "self": false,
            "source_security_group_id": "sg-02e6dc49e384b3691",
            "timeouts": null,
            "to_port": 443,
            "type": "ingress"
          },
          "sensitive_attributes": [],
          "private": "eyJlMmJmYjczMC1lY2FhLTExZTYtOGY4OC0zNDM2M2JjN2M0YzAiOnsiY3JlYXRlIjozMDAwMDAwMDAwMDB9LCJzY2hlbWFfdmVyc2lvbiI6IjIifQ==",
          "dependencies": [
            "module.eks-usw2.module.eks.aws_security_group.cluster",
            "module.eks-usw2.module.eks.aws_security_group.node",
            "module.myvpc.aws_vpc.this"
          ],
          "create_before_destroy": true
        },
        {
          "index_key": "jase-shared-usw2_ingress_routable_cidrs",
          "schema_version": 2,
          "attributes": {
            "cidr_blocks": [
              "10.15.0.0/20"
            ],
            "description": "Ingress from cluster routable networks",
            "from_port": 443,
            "id": "sgrule-2524889913",
            "ipv6_cidr_blocks": null,
            "prefix_list_ids": null,
            "protocol": "tcp",
            "security_group_id": "sg-071f44f5d8ccebfb7",
            "security_group_rule_id": "sgr-08dac1cf7c3d963e2",
            "self": false,
            "source_security_group_id": null,
            "timeouts": null,
            "to_port": 443,
            "type": "ingress"
          },
          "sensitive_attributes": [],
          "private": "eyJlMmJmYjczMC1lY2FhLTExZTYtOGY4OC0zNDM2M2JjN2M0YzAiOnsiY3JlYXRlIjozMDAwMDAwMDAwMDB9LCJzY2hlbWFfdmVyc2lvbiI6IjIifQ==",
          "dependencies": [
            "module.eks-usw2.module.eks.aws_security_group.cluster",
            "module.eks-usw2.module.eks.aws_security_group.node",
            "module.myvpc.aws_vpc.this"
          ],
          "create_before_destroy": true
        }
      ]
    },
    {
      "module": "module.eks-usw2.module.eks",
      "mode": "managed",
      "type": "aws_security_group_rule",
      "name": "node",
      "provider": "provider[\"registry.terraform.io/hashicorp/aws\"].usw2",
      "instances": [
        {
          "index_key": "egress_all",
          "schema_version": 2,
          "attributes": {
            "cidr_blocks": [
              "0.0.0.0/0"
            ],
            "description": "Allow all egress",
            "from_port": 0,
            "id": "sgrule-1636335976",
            "ipv6_cidr_blocks": null,
            "prefix_list_ids": [],
            "protocol": "-1",
            "security_group_id": "sg-02e6dc49e384b3691",
            "security_group_rule_id": "sgr-075ed951e2c263328",
            "self": false,
            "source_security_group_id": null,
            "timeouts": null,
            "to_port": 0,
            "type": "egress"
          },
          "sensitive_attributes": [],
          "private": "eyJlMmJmYjczMC1lY2FhLTExZTYtOGY4OC0zNDM2M2JjN2M0YzAiOnsiY3JlYXRlIjozMDAwMDAwMDAwMDB9LCJzY2hlbWFfdmVyc2lvbiI6IjIifQ==",
          "dependencies": [
            "module.eks-usw2.module.eks.aws_security_group.cluster",
            "module.eks-usw2.module.eks.aws_security_group.node",
            "module.myvpc.aws_vpc.this"
          ],
          "create_before_destroy": true
        },
        {
          "index_key": "ingress_cluster_443",
          "schema_version": 2,
          "attributes": {
            "cidr_blocks": null,
            "description": "Cluster API to node groups",
            "from_port": 443,
            "id": "sgrule-2377717761",
            "ipv6_cidr_blocks": null,
            "prefix_list_ids": [],
            "protocol": "tcp",
            "security_group_id": "sg-02e6dc49e384b3691",
            "security_group_rule_id": "sgr-0638083f3107ef9fc",
            "self": false,
            "source_security_group_id": "sg-071f44f5d8ccebfb7",
            "timeouts": null,
            "to_port": 443,
            "type": "ingress"
          },
          "sensitive_attributes": [],
          "private": "eyJlMmJmYjczMC1lY2FhLTExZTYtOGY4OC0zNDM2M2JjN2M0YzAiOnsiY3JlYXRlIjozMDAwMDAwMDAwMDB9LCJzY2hlbWFfdmVyc2lvbiI6IjIifQ==",
          "dependencies": [
            "module.eks-usw2.module.eks.aws_security_group.cluster",
            "module.eks-usw2.module.eks.aws_security_group.node",
            "module.myvpc.aws_vpc.this"
          ],
          "create_before_destroy": true
        },
        {
          "index_key": "ingress_cluster_4443_webhook",
          "schema_version": 2,
          "attributes": {
            "cidr_blocks": null,
            "description": "Cluster API to node 4443/tcp webhook",
            "from_port": 4443,
            "id": "sgrule-1265859022",
            "ipv6_cidr_blocks": null,
            "prefix_list_ids": [],
            "protocol": "tcp",
            "security_group_id": "sg-02e6dc49e384b3691",
            "security_group_rule_id": "sgr-054e362fd36f5e6a3",
            "self": false,
            "source_security_group_id": "sg-071f44f5d8ccebfb7",
            "timeouts": null,
            "to_port": 4443,
            "type": "ingress"
          },
          "sensitive_attributes": [],
          "private": "eyJlMmJmYjczMC1lY2FhLTExZTYtOGY4OC0zNDM2M2JjN2M0YzAiOnsiY3JlYXRlIjozMDAwMDAwMDAwMDB9LCJzY2hlbWFfdmVyc2lvbiI6IjIifQ==",
          "dependencies": [
            "module.eks-usw2.module.eks.aws_security_group.cluster",
            "module.eks-usw2.module.eks.aws_security_group.node",
            "module.myvpc.aws_vpc.this"
          ],
          "create_before_destroy": true
        },
        {
          "index_key": "ingress_cluster_6443_webhook",
          "schema_version": 2,
          "attributes": {
            "cidr_blocks": null,
            "description": "Cluster API to node 6443/tcp webhook",
            "from_port": 6443,
            "id": "sgrule-2184257112",
            "ipv6_cidr_blocks": null,
            "prefix_list_ids": [],
            "protocol": "tcp",
            "security_group_id": "sg-02e6dc49e384b3691",
            "security_group_rule_id": "sgr-0ed1306330e34b71b",
            "self": false,
            "source_security_group_id": "sg-071f44f5d8ccebfb7",
            "timeouts": null,
            "to_port": 6443,
            "type": "ingress"
          },
          "sensitive_attributes": [],
          "private": "eyJlMmJmYjczMC1lY2FhLTExZTYtOGY4OC0zNDM2M2JjN2M0YzAiOnsiY3JlYXRlIjozMDAwMDAwMDAwMDB9LCJzY2hlbWFfdmVyc2lvbiI6IjIifQ==",
          "dependencies": [
            "module.eks-usw2.module.eks.aws_security_group.cluster",
            "module.eks-usw2.module.eks.aws_security_group.node",
            "module.myvpc.aws_vpc.this"
          ],
          "create_before_destroy": true
        },
        {
          "index_key": "ingress_cluster_8443_webhook",
          "schema_version": 2,
          "attributes": {
            "cidr_blocks": null,
            "description": "Cluster API to node 8443/tcp webhook",
            "from_port": 8443,
            "id": "sgrule-2439848569",
            "ipv6_cidr_blocks": null,
            "prefix_list_ids": [],
            "protocol": "tcp",
            "security_group_id": "sg-02e6dc49e384b3691",
            "security_group_rule_id": "sgr-02f65f7cd764680f2",
            "self": false,
            "source_security_group_id": "sg-071f44f5d8ccebfb7",
            "timeouts": null,
            "to_port": 8443,
            "type": "ingress"
          },
          "sensitive_attributes": [],
          "private": "eyJlMmJmYjczMC1lY2FhLTExZTYtOGY4OC0zNDM2M2JjN2M0YzAiOnsiY3JlYXRlIjozMDAwMDAwMDAwMDB9LCJzY2hlbWFfdmVyc2lvbiI6IjIifQ==",
          "dependencies": [
            "module.eks-usw2.module.eks.aws_security_group.cluster",
            "module.eks-usw2.module.eks.aws_security_group.node",
            "module.myvpc.aws_vpc.this"
          ],
          "create_before_destroy": true
        },
        {
          "index_key": "ingress_cluster_9443_webhook",
          "schema_version": 2,
          "attributes": {
            "cidr_blocks": null,
            "description": "Cluster API to node 9443/tcp webhook",
            "from_port": 9443,
            "id": "sgrule-4123791794",
            "ipv6_cidr_blocks": null,
            "prefix_list_ids": [],
            "protocol": "tcp",
            "security_group_id": "sg-02e6dc49e384b3691",
            "security_group_rule_id": "sgr-06ed59e4f1b9936ff",
            "self": false,
            "source_security_group_id": "sg-071f44f5d8ccebfb7",
            "timeouts": null,
            "to_port": 9443,
            "type": "ingress"
          },
          "sensitive_attributes": [],
          "private": "eyJlMmJmYjczMC1lY2FhLTExZTYtOGY4OC0zNDM2M2JjN2M0YzAiOnsiY3JlYXRlIjozMDAwMDAwMDAwMDB9LCJzY2hlbWFfdmVyc2lvbiI6IjIifQ==",
          "dependencies": [
            "module.eks-usw2.module.eks.aws_security_group.cluster",
            "module.eks-usw2.module.eks.aws_security_group.node",
            "module.myvpc.aws_vpc.this"
          ],
          "create_before_destroy": true
        },
        {
          "index_key": "ingress_cluster_kubelet",
          "schema_version": 2,
          "attributes": {
            "cidr_blocks": null,
            "description": "Cluster API to node kubelets",
            "from_port": 10250,
            "id": "sgrule-2260923077",
            "ipv6_cidr_blocks": null,
            "prefix_list_ids": [],
            "protocol": "tcp",
            "security_group_id": "sg-02e6dc49e384b3691",
            "security_group_rule_id": "sgr-03364fca23cc71eec",
            "self": false,
            "source_security_group_id": "sg-071f44f5d8ccebfb7",
            "timeouts": null,
            "to_port": 10250,
            "type": "ingress"
          },
          "sensitive_attributes": [],
          "private": "eyJlMmJmYjczMC1lY2FhLTExZTYtOGY4OC0zNDM2M2JjN2M0YzAiOnsiY3JlYXRlIjozMDAwMDAwMDAwMDB9LCJzY2hlbWFfdmVyc2lvbiI6IjIifQ==",
          "dependencies": [
            "module.eks-usw2.module.eks.aws_security_group.cluster",
            "module.eks-usw2.module.eks.aws_security_group.node",
            "module.myvpc.aws_vpc.this"
          ],
          "create_before_destroy": true
        },
        {
          "index_key": "ingress_nodes_ephemeral",
          "schema_version": 2,
          "attributes": {
            "cidr_blocks": null,
            "description": "Node to node ingress on ephemeral ports",
            "from_port": 1025,
            "id": "sgrule-464340310",
            "ipv6_cidr_blocks": null,
            "prefix_list_ids": [],
            "protocol": "tcp",
            "security_group_id": "sg-02e6dc49e384b3691",
            "security_group_rule_id": "sgr-0c21c3e20f2179c14",
            "self": true,
            "source_security_group_id": null,
            "timeouts": null,
            "to_port": 65535,
            "type": "ingress"
          },
          "sensitive_attributes": [],
          "private": "eyJlMmJmYjczMC1lY2FhLTExZTYtOGY4OC0zNDM2M2JjN2M0YzAiOnsiY3JlYXRlIjozMDAwMDAwMDAwMDB9LCJzY2hlbWFfdmVyc2lvbiI6IjIifQ==",
          "dependencies": [
            "module.eks-usw2.module.eks.aws_security_group.cluster",
            "module.eks-usw2.module.eks.aws_security_group.node",
            "module.myvpc.aws_vpc.this"
          ],
          "create_before_destroy": true
        },
        {
          "index_key": "ingress_self_coredns_tcp",
          "schema_version": 2,
          "attributes": {
            "cidr_blocks": null,
            "description": "Node to node CoreDNS",
            "from_port": 53,
            "id": "sgrule-2702240164",
            "ipv6_cidr_blocks": null,
            "prefix_list_ids": [],
            "protocol": "tcp",
            "security_group_id": "sg-02e6dc49e384b3691",
            "security_group_rule_id": "sgr-01959c6b1d7922791",
            "self": true,
            "source_security_group_id": null,
            "timeouts": null,
            "to_port": 53,
            "type": "ingress"
          },
          "sensitive_attributes": [],
          "private": "eyJlMmJmYjczMC1lY2FhLTExZTYtOGY4OC0zNDM2M2JjN2M0YzAiOnsiY3JlYXRlIjozMDAwMDAwMDAwMDB9LCJzY2hlbWFfdmVyc2lvbiI6IjIifQ==",
          "dependencies": [
            "module.eks-usw2.module.eks.aws_security_group.cluster",
            "module.eks-usw2.module.eks.aws_security_group.node",
            "module.myvpc.aws_vpc.this"
          ],
          "create_before_destroy": true
        },
        {
          "index_key": "ingress_self_coredns_udp",
          "schema_version": 2,
          "attributes": {
            "cidr_blocks": null,
            "description": "Node to node CoreDNS UDP",
            "from_port": 53,
            "id": "sgrule-89082443",
            "ipv6_cidr_blocks": null,
            "prefix_list_ids": [],
            "protocol": "udp",
            "security_group_id": "sg-02e6dc49e384b3691",
            "security_group_rule_id": "sgr-0f75e5ed7aadfebd3",
            "self": true,
            "source_security_group_id": null,
            "timeouts": null,
            "to_port": 53,
            "type": "ingress"
          },
          "sensitive_attributes": [],
          "private": "eyJlMmJmYjczMC1lY2FhLTExZTYtOGY4OC0zNDM2M2JjN2M0YzAiOnsiY3JlYXRlIjozMDAwMDAwMDAwMDB9LCJzY2hlbWFfdmVyc2lvbiI6IjIifQ==",
          "dependencies": [
            "module.eks-usw2.module.eks.aws_security_group.cluster",
            "module.eks-usw2.module.eks.aws_security_group.node",
            "module.myvpc.aws_vpc.this"
          ],
          "create_before_destroy": true
        },
        {
          "index_key": "jase-shared-usw2_ingress_cluster_all",
          "schema_version": 2,
          "attributes": {
            "cidr_blocks": null,
            "description": "Cluster to node all ports/protocols",
            "from_port": 0,
            "id": "sgrule-639536848",
            "ipv6_cidr_blocks": null,
            "prefix_list_ids": [],
            "protocol": "-1",
            "security_group_id": "sg-02e6dc49e384b3691",
            "security_group_rule_id": "sgr-011611fe83b3dc4a5",
            "self": false,
            "source_security_group_id": "sg-071f44f5d8ccebfb7",
            "timeouts": null,
            "to_port": 0,
            "type": "ingress"
          },
          "sensitive_attributes": [],
          "private": "eyJlMmJmYjczMC1lY2FhLTExZTYtOGY4OC0zNDM2M2JjN2M0YzAiOnsiY3JlYXRlIjozMDAwMDAwMDAwMDB9LCJzY2hlbWFfdmVyc2lvbiI6IjIifQ==",
          "dependencies": [
            "module.eks-usw2.module.eks.aws_security_group.cluster",
            "module.eks-usw2.module.eks.aws_security_group.node",
            "module.myvpc.aws_vpc.this"
          ],
          "create_before_destroy": true
        },
        {
          "index_key": "jase-shared-usw2_ingress_self_all",
          "schema_version": 2,
          "attributes": {
            "cidr_blocks": null,
            "description": "Node to node all ports/protocols",
            "from_port": 0,
            "id": "sgrule-659319172",
            "ipv6_cidr_blocks": null,
            "prefix_list_ids": [],
            "protocol": "-1",
            "security_group_id": "sg-02e6dc49e384b3691",
            "security_group_rule_id": "sgr-00aefea15d86dfe2c",
            "self": true,
            "source_security_group_id": null,
            "timeouts": null,
            "to_port": 0,
            "type": "ingress"
          },
          "sensitive_attributes": [],
          "private": "eyJlMmJmYjczMC1lY2FhLTExZTYtOGY4OC0zNDM2M2JjN2M0YzAiOnsiY3JlYXRlIjozMDAwMDAwMDAwMDB9LCJzY2hlbWFfdmVyc2lvbiI6IjIifQ==",
          "dependencies": [
            "module.eks-usw2.module.eks.aws_security_group.cluster",
            "module.eks-usw2.module.eks.aws_security_group.node",
            "module.myvpc.aws_vpc.this"
          ],
          "create_before_destroy": true
        }
      ]
    },
    {
      "module": "module.eks-usw2.module.eks",
      "mode": "managed",
      "type": "time_sleep",
      "name": "this",
      "provider": "provider[\"registry.terraform.io/hashicorp/time\"]",
      "instances": [
        {
          "index_key": 0,
          "schema_version": 0,
          "attributes": {
            "create_duration": "30s",
            "destroy_duration": null,
            "id": "2024-05-23T14:24:48Z",
            "triggers": {
              "cluster_certificate_authority_data": "LS0tLS1CRUdJTiBDRVJUSUZJQ0FURS0tLS0tCk1JSURCVENDQWUyZ0F3SUJBZ0lJSUczckFnUWwzT1F3RFFZSktvWklodmNOQVFFTEJRQXdGVEVUTUJFR0ExVUUKQXhNS2EzVmlaWEp1WlhSbGN6QWVGdzB5TkRBMU1qTXhOREV6TURSYUZ3MHpOREExTWpFeE5ERTRNRFJhTUJVeApFekFSQmdOVkJBTVRDbXQxWW1WeWJtVjBaWE13Z2dFaU1BMEdDU3FHU0liM0RRRUJBUVVBQTRJQkR3QXdnZ0VLCkFvSUJBUURvVzlKbUFUY09JSzlDS2Z1NENUQ1R5ZjVxWVdpK3dZR1Q1cWtyOW1sR1lGaDZmejdpcFVqa2tvbVMKaFZGWmR2cVcwVkF3cUxRMThVU2luYzdLYkwrSVNONEFTUlZkSlJMWklrTGdNUFVaWWhyemdXY0pQR25BbWJ2SAo4Wm8vaFE5QjVpMjM4M1kxeUpQWitRZXQ3aWNjem5OeHpiSk11TEpmdWVIOGpJN0YzanRBV2Y0aXJFMCt3bzFoCnRGZFhVR05WeWNWUjdONUJkNWRvQjh1VkRLdzB2bnpITFFCbGh1M1F5ZnM2V0NEdkVNOWd3Z1VvUUF5bmRjWEoKTDgyeXlVd25NUjVRQm5xZHUzOUYzcm02U3paWTBZaWQ3VlNIU1JQWWg3Q2NSakxsODdGSGxLSTJCczJBQjRKWAptTWJsY015MEhTeFR2dHk3SCs4NzlZQUZmZUlsQWdNQkFBR2pXVEJYTUE0R0ExVWREd0VCL3dRRUF3SUNwREFQCkJnTlZIUk1CQWY4RUJUQURBUUgvTUIwR0ExVWREZ1FXQkJSUFgwckxZQmlnV0NZMGpXNmJQdDRldTJYQVpqQVYKQmdOVkhSRUVEakFNZ2dwcmRXSmxjbTVsZEdWek1BMEdDU3FHU0liM0RRRUJDd1VBQTRJQkFRQmhyeWlRdzdNWQpWTXFQZzFyZGRBVTlmWitDL1A5Wkx1ZGFCc3VKRlhaOUlVbStpOFR5NnFUQmQyMWJmeFl4NWpscUQ5Uml4TmdOCmR6WGFtN2Z0SEFPa245ZXVGbVRkanphQS9kRHJPSm14T2g4SmRBY2diNktraWsybmFsZCt3YTJHczVxZTZ2WkYKbmZ2b0NQMnZiSHNlTHN3bUoyRWlFRk84R2lBMVZsNmVTeDRzSVdkQ29xOUg1UWVhQmlaTmJ5ZytHRnprUkJpcworM2dnVnBneklGVmJaQzBSdkFFMC9oeCtuRmFVTXRGN1V1T2l4K0daenFBUTBFSUk0SGF0SEoxcVV3TTIrMWVzClk1MXk2UTNoUnZTZXhrZk9tbFhORDhpWmZ5MWdZLzM5bHZXMVlPcS9OeUNyb2xWMnBhbWlibXBqOTE1MmFralQKRmxVQmF5SWFuN0xICi0tLS0tRU5EIENFUlRJRklDQVRFLS0tLS0K",
              "cluster_endpoint": "https://E6FCF52C358AED8F479ADE590FDAEC79.gr7.us-west-2.eks.amazonaws.com",
              "cluster_name": "jase-shared-usw2",
              "cluster_service_cidr": "172.20.0.0/16",
              "cluster_version": "1.29"
            }
          },
          "sensitive_attributes": [],
          "dependencies": [
            "data.aws_availability_zones.usw2",
            "module.eks-usw2.module.eks.aws_cloudwatch_log_group.this",
            "module.eks-usw2.module.eks.aws_eks_cluster.this",
            "module.eks-usw2.module.eks.aws_iam_policy.cni_ipv6_policy",
            "module.eks-usw2.module.eks.aws_iam_role.this",
            "module.eks-usw2.module.eks.aws_iam_role_policy_attachment.this",
            "module.eks-usw2.module.eks.aws_security_group.cluster",
            "module.eks-usw2.module.eks.aws_security_group.node",
            "module.eks-usw2.module.eks.aws_security_group_rule.cluster",
            "module.eks-usw2.module.eks.aws_security_group_rule.node",
            "module.eks-usw2.module.eks.data.aws_caller_identity.current",
            "module.eks-usw2.module.eks.data.aws_iam_policy_document.assume_role_policy",
            "module.eks-usw2.module.eks.data.aws_iam_policy_document.cni_ipv6_policy",
            "module.eks-usw2.module.eks.data.aws_iam_session_context.current",
            "module.eks-usw2.module.eks.data.aws_partition.current",
            "module.eks-usw2.module.eks.module.kms.aws_kms_external_key.this",
            "module.eks-usw2.module.eks.module.kms.aws_kms_key.this",
            "module.eks-usw2.module.eks.module.kms.aws_kms_replica_external_key.this",
            "module.eks-usw2.module.eks.module.kms.aws_kms_replica_key.this",
            "module.eks-usw2.module.eks.module.kms.data.aws_caller_identity.current",
            "module.eks-usw2.module.eks.module.kms.data.aws_iam_policy_document.this",
            "module.eks-usw2.module.eks.module.kms.data.aws_partition.current",
            "module.myvpc.aws_subnet.private",
            "module.myvpc.aws_vpc.this",
            "module.myvpc.aws_vpc_ipv4_cidr_block_association.this"
          ],
          "create_before_destroy": true
        }
      ]
    },
    {
      "module": "module.eks-usw2.module.eks.module.eks_managed_node_group[\"default_node_group\"]",
      "mode": "data",
      "type": "aws_caller_identity",
      "name": "current",
      "provider": "provider[\"registry.terraform.io/hashicorp/aws\"].usw2",
      "instances": [
        {
          "schema_version": 0,
          "attributes": {
            "account_id": "865587657226",
            "arn": "arn:aws:sts::865587657226:assumed-role/aws_jbroadbent_test-developer/jbroadbent@hashicorp.com",
            "id": "865587657226",
            "user_id": "AROA4TCILPIFDDRQ6T3VY:jbroadbent@hashicorp.com"
          },
          "sensitive_attributes": []
        }
      ]
    },
    {
      "module": "module.eks-usw2.module.eks.module.eks_managed_node_group[\"default_node_group\"]",
      "mode": "data",
      "type": "aws_ec2_instance_type",
      "name": "this",
      "provider": "provider[\"registry.terraform.io/hashicorp/aws\"].usw2",
      "instances": []
    },
    {
      "module": "module.eks-usw2.module.eks.module.eks_managed_node_group[\"default_node_group\"]",
      "mode": "data",
      "type": "aws_ec2_instance_type_offerings",
      "name": "this",
      "provider": "provider[\"registry.terraform.io/hashicorp/aws\"].usw2",
      "instances": []
    },
    {
      "module": "module.eks-usw2.module.eks.module.eks_managed_node_group[\"default_node_group\"]",
      "mode": "data",
      "type": "aws_iam_policy_document",
      "name": "assume_role_policy",
      "provider": "provider[\"registry.terraform.io/hashicorp/aws\"].usw2",
      "instances": [
        {
          "index_key": 0,
          "schema_version": 0,
          "attributes": {
            "id": "2560088296",
            "json": "{\n  \"Version\": \"2012-10-17\",\n  \"Statement\": [\n    {\n      \"Sid\": \"EKSNodeAssumeRole\",\n      \"Effect\": \"Allow\",\n      \"Action\": \"sts:AssumeRole\",\n      \"Principal\": {\n        \"Service\": \"ec2.amazonaws.com\"\n      }\n    }\n  ]\n}",
            "override_json": null,
            "override_policy_documents": null,
            "policy_id": null,
            "source_json": null,
            "source_policy_documents": null,
            "statement": [
              {
                "actions": [
                  "sts:AssumeRole"
                ],
                "condition": [],
                "effect": "Allow",
                "not_actions": [],
                "not_principals": [],
                "not_resources": [],
                "principals": [
                  {
                    "identifiers": [
                      "ec2.amazonaws.com"
                    ],
                    "type": "Service"
                  }
                ],
                "resources": [],
                "sid": "EKSNodeAssumeRole"
              }
            ],
            "version": "2012-10-17"
          },
          "sensitive_attributes": []
        }
      ]
    },
    {
      "module": "module.eks-usw2.module.eks.module.eks_managed_node_group[\"default_node_group\"]",
      "mode": "data",
      "type": "aws_partition",
      "name": "current",
      "provider": "provider[\"registry.terraform.io/hashicorp/aws\"].usw2",
      "instances": [
        {
          "schema_version": 0,
          "attributes": {
            "dns_suffix": "amazonaws.com",
            "id": "aws",
            "partition": "aws",
            "reverse_dns_prefix": "com.amazonaws"
          },
          "sensitive_attributes": []
        }
      ]
    },
    {
      "module": "module.eks-usw2.module.eks.module.eks_managed_node_group[\"default_node_group\"]",
      "mode": "data",
      "type": "aws_ssm_parameter",
      "name": "ami",
      "provider": "provider[\"registry.terraform.io/hashicorp/aws\"].usw2",
      "instances": []
    },
    {
      "module": "module.eks-usw2.module.eks.module.eks_managed_node_group[\"default_node_group\"]",
      "mode": "data",
      "type": "aws_subnets",
      "name": "efa",
      "provider": "provider[\"registry.terraform.io/hashicorp/aws\"].usw2",
      "instances": []
    },
    {
      "module": "module.eks-usw2.module.eks.module.eks_managed_node_group[\"default_node_group\"]",
      "mode": "managed",
      "type": "aws_autoscaling_schedule",
      "name": "this",
      "provider": "provider[\"registry.terraform.io/hashicorp/aws\"].usw2",
      "instances": []
    },
    {
      "module": "module.eks-usw2.module.eks.module.eks_managed_node_group[\"default_node_group\"]",
      "mode": "managed",
      "type": "aws_eks_node_group",
      "name": "this",
      "provider": "provider[\"registry.terraform.io/hashicorp/aws\"].usw2",
      "instances": [
        {
          "index_key": 0,
          "schema_version": 0,
          "attributes": {
            "ami_type": "AL2_x86_64",
            "arn": "arn:aws:eks:us-west-2:865587657226:nodegroup/jase-shared-usw2/default_node_group-2024052314245027640000001b/a2c7d2eb-9082-4d01-705d-5e61e34168a6",
            "capacity_type": "ON_DEMAND",
            "cluster_name": "jase-shared-usw2",
            "disk_size": 0,
            "force_update_version": null,
            "id": "jase-shared-usw2:default_node_group-2024052314245027640000001b",
            "instance_types": [
              "m5.large"
            ],
            "labels": null,
            "launch_template": [
              {
                "id": "lt-09594b74e31553bf4",
                "name": "default_node_group-20240523142448783300000019",
                "version": "1"
              }
            ],
            "node_group_name": "default_node_group-2024052314245027640000001b",
            "node_group_name_prefix": "default_node_group-",
            "node_role_arn": "arn:aws:iam::865587657226:role/default_node_group-eks-node-group-20240523141246496600000003",
            "release_version": "1.29.3-20240514",
            "remote_access": [],
            "resources": [
              {
                "autoscaling_groups": [
                  {
                    "name": "eks-default_node_group-2024052314245027640000001b-a2c7d2eb-9082-4d01-705d-5e61e34168a6"
                  }
                ],
                "remote_access_security_group_id": ""
              }
            ],
            "scaling_config": [
              {
                "desired_size": 1,
                "max_size": 3,
                "min_size": 1
              }
            ],
            "status": "ACTIVE",
            "subnet_ids": [
              "subnet-02ecd6f649f62c4f5",
              "subnet-03b7990f8e358e827",
              "subnet-0ba9621c981f3ee45"
            ],
            "tags": {
              "Name": "default_node_group"
            },
            "tags_all": {
              "Name": "default_node_group"
            },
            "taint": [],
            "timeouts": {
              "create": null,
              "delete": null,
              "update": null
            },
            "update_config": [
              {
                "max_unavailable": 0,
                "max_unavailable_percentage": 33
              }
            ],
            "version": "1.29"
          },
          "sensitive_attributes": [],
          "private": "eyJlMmJmYjczMC1lY2FhLTExZTYtOGY4OC0zNDM2M2JjN2M0YzAiOnsiY3JlYXRlIjozNjAwMDAwMDAwMDAwLCJkZWxldGUiOjM2MDAwMDAwMDAwMDAsInVwZGF0ZSI6MzYwMDAwMDAwMDAwMH19",
          "dependencies": [
            "data.aws_availability_zones.usw2",
            "module.eks-usw2.data.aws_iam_policy.ebscsi",
            "module.eks-usw2.module.eks.aws_cloudwatch_log_group.this",
            "module.eks-usw2.module.eks.aws_eks_cluster.this",
            "module.eks-usw2.module.eks.aws_iam_policy.cni_ipv6_policy",
            "module.eks-usw2.module.eks.aws_iam_role.this",
            "module.eks-usw2.module.eks.aws_iam_role_policy_attachment.this",
            "module.eks-usw2.module.eks.aws_security_group.cluster",
            "module.eks-usw2.module.eks.aws_security_group.node",
            "module.eks-usw2.module.eks.aws_security_group_rule.cluster",
            "module.eks-usw2.module.eks.aws_security_group_rule.node",
            "module.eks-usw2.module.eks.data.aws_caller_identity.current",
            "module.eks-usw2.module.eks.data.aws_iam_policy_document.assume_role_policy",
            "module.eks-usw2.module.eks.data.aws_iam_policy_document.cni_ipv6_policy",
            "module.eks-usw2.module.eks.data.aws_iam_session_context.current",
            "module.eks-usw2.module.eks.data.aws_partition.current",
            "module.eks-usw2.module.eks.module.eks_managed_node_group.aws_iam_role.this",
            "module.eks-usw2.module.eks.module.eks_managed_node_group.aws_iam_role_policy_attachment.this",
            "module.eks-usw2.module.eks.module.eks_managed_node_group.aws_launch_template.this",
            "module.eks-usw2.module.eks.module.eks_managed_node_group.aws_placement_group.this",
            "module.eks-usw2.module.eks.module.eks_managed_node_group.data.aws_caller_identity.current",
            "module.eks-usw2.module.eks.module.eks_managed_node_group.data.aws_ec2_instance_type.this",
            "module.eks-usw2.module.eks.module.eks_managed_node_group.data.aws_ec2_instance_type_offerings.this",
            "module.eks-usw2.module.eks.module.eks_managed_node_group.data.aws_iam_policy_document.assume_role_policy",
            "module.eks-usw2.module.eks.module.eks_managed_node_group.data.aws_partition.current",
            "module.eks-usw2.module.eks.module.eks_managed_node_group.data.aws_ssm_parameter.ami",
            "module.eks-usw2.module.eks.module.eks_managed_node_group.data.aws_subnets.efa",
            "module.eks-usw2.module.eks.module.eks_managed_node_group.module.user_data.data.cloudinit_config.al2023_eks_managed_node_group",
            "module.eks-usw2.module.eks.module.eks_managed_node_group.module.user_data.data.cloudinit_config.linux_eks_managed_node_group",
            "module.eks-usw2.module.eks.module.kms.aws_kms_external_key.this",
            "module.eks-usw2.module.eks.module.kms.aws_kms_key.this",
            "module.eks-usw2.module.eks.module.kms.aws_kms_replica_external_key.this",
            "module.eks-usw2.module.eks.module.kms.aws_kms_replica_key.this",
            "module.eks-usw2.module.eks.module.kms.data.aws_caller_identity.current",
            "module.eks-usw2.module.eks.module.kms.data.aws_iam_policy_document.this",
            "module.eks-usw2.module.eks.module.kms.data.aws_partition.current",
            "module.eks-usw2.module.eks.time_sleep.this",
            "module.myvpc.aws_subnet.private",
            "module.myvpc.aws_vpc.this",
            "module.myvpc.aws_vpc_ipv4_cidr_block_association.this"
          ],
          "create_before_destroy": true
        }
      ]
    },
    {
      "module": "module.eks-usw2.module.eks.module.eks_managed_node_group[\"default_node_group\"]",
      "mode": "managed",
      "type": "aws_iam_role",
      "name": "this",
      "provider": "provider[\"registry.terraform.io/hashicorp/aws\"].usw2",
      "instances": [
        {
          "index_key": 0,
          "schema_version": 0,
          "attributes": {
            "arn": "arn:aws:iam::865587657226:role/default_node_group-eks-node-group-20240523141246496600000003",
            "assume_role_policy": "{\"Statement\":[{\"Action\":\"sts:AssumeRole\",\"Effect\":\"Allow\",\"Principal\":{\"Service\":\"ec2.amazonaws.com\"},\"Sid\":\"EKSNodeAssumeRole\"}],\"Version\":\"2012-10-17\"}",
            "create_date": "2024-05-23T14:12:46Z",
            "description": "EKS managed node group IAM role",
            "force_detach_policies": true,
            "id": "default_node_group-eks-node-group-20240523141246496600000003",
            "inline_policy": [],
            "managed_policy_arns": [],
            "max_session_duration": 3600,
            "name": "default_node_group-eks-node-group-20240523141246496600000003",
            "name_prefix": "default_node_group-eks-node-group-",
            "path": "/",
            "permissions_boundary": "",
            "tags": null,
            "tags_all": {},
            "unique_id": "AROA4TCILPIFD3465IN7J"
          },
          "sensitive_attributes": [],
          "private": "bnVsbA==",
          "dependencies": [
            "module.eks-usw2.data.aws_iam_policy.ebscsi",
            "module.eks-usw2.module.eks.module.eks_managed_node_group.data.aws_iam_policy_document.assume_role_policy"
          ],
          "create_before_destroy": true
        }
      ]
    },
    {
      "module": "module.eks-usw2.module.eks.module.eks_managed_node_group[\"default_node_group\"]",
      "mode": "managed",
      "type": "aws_iam_role_policy_attachment",
      "name": "additional",
      "provider": "provider[\"registry.terraform.io/hashicorp/aws\"].usw2",
      "instances": [
        {
          "index_key": "additional",
          "schema_version": 0,
          "attributes": {
            "id": "default_node_group-eks-node-group-20240523141246496600000003-20240523141247602800000006",
            "policy_arn": "arn:aws:iam::aws:policy/service-role/AmazonEBSCSIDriverPolicy",
            "role": "default_node_group-eks-node-group-20240523141246496600000003"
          },
          "sensitive_attributes": [],
          "private": "bnVsbA==",
          "dependencies": [
            "module.eks-usw2.data.aws_iam_policy.ebscsi",
            "module.eks-usw2.module.eks.module.eks_managed_node_group.aws_iam_role.this",
            "module.eks-usw2.module.eks.module.eks_managed_node_group.data.aws_iam_policy_document.assume_role_policy"
          ]
        }
      ]
    },
    {
      "module": "module.eks-usw2.module.eks.module.eks_managed_node_group[\"default_node_group\"]",
      "mode": "managed",
      "type": "aws_iam_role_policy_attachment",
      "name": "this",
      "provider": "provider[\"registry.terraform.io/hashicorp/aws\"].usw2",
      "instances": [
        {
          "index_key": "AmazonEC2ContainerRegistryReadOnly",
          "schema_version": 0,
          "attributes": {
            "id": "default_node_group-eks-node-group-20240523141246496600000003-20240523141247744100000009",
            "policy_arn": "arn:aws:iam::aws:policy/AmazonEC2ContainerRegistryReadOnly",
            "role": "default_node_group-eks-node-group-20240523141246496600000003"
          },
          "sensitive_attributes": [],
          "private": "bnVsbA==",
          "dependencies": [
            "module.eks-usw2.data.aws_iam_policy.ebscsi",
            "module.eks-usw2.module.eks.module.eks_managed_node_group.aws_iam_role.this",
            "module.eks-usw2.module.eks.module.eks_managed_node_group.data.aws_caller_identity.current",
            "module.eks-usw2.module.eks.module.eks_managed_node_group.data.aws_iam_policy_document.assume_role_policy",
            "module.eks-usw2.module.eks.module.eks_managed_node_group.data.aws_partition.current"
          ],
          "create_before_destroy": true
        },
        {
          "index_key": "AmazonEKSWorkerNodePolicy",
          "schema_version": 0,
          "attributes": {
            "id": "default_node_group-eks-node-group-20240523141246496600000003-2024052314124791580000000a",
            "policy_arn": "arn:aws:iam::aws:policy/AmazonEKSWorkerNodePolicy",
            "role": "default_node_group-eks-node-group-20240523141246496600000003"
          },
          "sensitive_attributes": [],
          "private": "bnVsbA==",
          "dependencies": [
            "module.eks-usw2.data.aws_iam_policy.ebscsi",
            "module.eks-usw2.module.eks.module.eks_managed_node_group.aws_iam_role.this",
            "module.eks-usw2.module.eks.module.eks_managed_node_group.data.aws_caller_identity.current",
            "module.eks-usw2.module.eks.module.eks_managed_node_group.data.aws_iam_policy_document.assume_role_policy",
            "module.eks-usw2.module.eks.module.eks_managed_node_group.data.aws_partition.current"
          ],
          "create_before_destroy": true
        },
        {
          "index_key": "AmazonEKS_CNI_Policy",
          "schema_version": 0,
          "attributes": {
            "id": "default_node_group-eks-node-group-20240523141246496600000003-20240523141247609600000008",
            "policy_arn": "arn:aws:iam::aws:policy/AmazonEKS_CNI_Policy",
            "role": "default_node_group-eks-node-group-20240523141246496600000003"
          },
          "sensitive_attributes": [],
          "private": "bnVsbA==",
          "dependencies": [
            "module.eks-usw2.data.aws_iam_policy.ebscsi",
            "module.eks-usw2.module.eks.module.eks_managed_node_group.aws_iam_role.this",
            "module.eks-usw2.module.eks.module.eks_managed_node_group.data.aws_caller_identity.current",
            "module.eks-usw2.module.eks.module.eks_managed_node_group.data.aws_iam_policy_document.assume_role_policy",
            "module.eks-usw2.module.eks.module.eks_managed_node_group.data.aws_partition.current"
          ],
          "create_before_destroy": true
        }
      ]
    },
    {
      "module": "module.eks-usw2.module.eks.module.eks_managed_node_group[\"default_node_group\"]",
      "mode": "managed",
      "type": "aws_launch_template",
      "name": "this",
      "provider": "provider[\"registry.terraform.io/hashicorp/aws\"].usw2",
      "instances": [
        {
          "index_key": 0,
          "schema_version": 0,
          "attributes": {
            "arn": "arn:aws:ec2:us-west-2:865587657226:launch-template/lt-09594b74e31553bf4",
            "block_device_mappings": [],
            "capacity_reservation_specification": [],
            "cpu_options": [],
            "credit_specification": [],
            "default_version": 1,
            "description": "Custom launch template for default_node_group EKS managed node group",
            "disable_api_stop": false,
            "disable_api_termination": false,
            "ebs_optimized": "",
            "elastic_gpu_specifications": [],
            "elastic_inference_accelerator": [],
            "enclave_options": [],
            "hibernation_options": [],
            "iam_instance_profile": [],
            "id": "lt-09594b74e31553bf4",
            "image_id": "",
            "instance_initiated_shutdown_behavior": "",
            "instance_market_options": [],
            "instance_requirements": [],
            "instance_type": "",
            "kernel_id": "",
            "key_name": "",
            "latest_version": 1,
            "license_specification": [],
            "maintenance_options": [],
            "metadata_options": [
              {
                "http_endpoint": "enabled",
                "http_protocol_ipv6": "",
                "http_put_response_hop_limit": 2,
                "http_tokens": "required",
                "instance_metadata_tags": ""
              }
            ],
            "monitoring": [
              {
                "enabled": true
              }
            ],
            "name": "default_node_group-20240523142448783300000019",
            "name_prefix": "default_node_group-",
            "network_interfaces": [],
            "placement": [],
            "private_dns_name_options": [],
            "ram_disk_id": "",
            "security_group_names": null,
            "tag_specifications": [
              {
                "resource_type": "instance",
                "tags": {
                  "Name": "default_node_group"
                }
              },
              {
                "resource_type": "network-interface",
                "tags": {
                  "Name": "default_node_group"
                }
              },
              {
                "resource_type": "volume",
                "tags": {
                  "Name": "default_node_group"
                }
              }
            ],
            "tags": null,
            "tags_all": {},
            "update_default_version": true,
            "user_data": "",
            "vpc_security_group_ids": [
              "sg-02e6dc49e384b3691"
            ]
          },
          "sensitive_attributes": [],
          "private": "bnVsbA==",
          "dependencies": [
            "data.aws_availability_zones.usw2",
            "module.eks-usw2.data.aws_iam_policy.ebscsi",
            "module.eks-usw2.module.eks.aws_cloudwatch_log_group.this",
            "module.eks-usw2.module.eks.aws_eks_cluster.this",
            "module.eks-usw2.module.eks.aws_iam_policy.cni_ipv6_policy",
            "module.eks-usw2.module.eks.aws_iam_role.this",
            "module.eks-usw2.module.eks.aws_iam_role_policy_attachment.this",
            "module.eks-usw2.module.eks.aws_security_group.cluster",
            "module.eks-usw2.module.eks.aws_security_group.node",
            "module.eks-usw2.module.eks.aws_security_group_rule.cluster",
            "module.eks-usw2.module.eks.aws_security_group_rule.node",
            "module.eks-usw2.module.eks.data.aws_caller_identity.current",
            "module.eks-usw2.module.eks.data.aws_iam_policy_document.assume_role_policy",
            "module.eks-usw2.module.eks.data.aws_iam_policy_document.cni_ipv6_policy",
            "module.eks-usw2.module.eks.data.aws_iam_session_context.current",
            "module.eks-usw2.module.eks.data.aws_partition.current",
            "module.eks-usw2.module.eks.module.eks_managed_node_group.aws_iam_role.this",
            "module.eks-usw2.module.eks.module.eks_managed_node_group.aws_iam_role_policy_attachment.this",
            "module.eks-usw2.module.eks.module.eks_managed_node_group.aws_placement_group.this",
            "module.eks-usw2.module.eks.module.eks_managed_node_group.data.aws_caller_identity.current",
            "module.eks-usw2.module.eks.module.eks_managed_node_group.data.aws_ec2_instance_type.this",
            "module.eks-usw2.module.eks.module.eks_managed_node_group.data.aws_iam_policy_document.assume_role_policy",
            "module.eks-usw2.module.eks.module.eks_managed_node_group.data.aws_partition.current",
            "module.eks-usw2.module.eks.module.eks_managed_node_group.module.user_data.data.cloudinit_config.al2023_eks_managed_node_group",
            "module.eks-usw2.module.eks.module.eks_managed_node_group.module.user_data.data.cloudinit_config.linux_eks_managed_node_group",
            "module.eks-usw2.module.eks.module.kms.aws_kms_external_key.this",
            "module.eks-usw2.module.eks.module.kms.aws_kms_key.this",
            "module.eks-usw2.module.eks.module.kms.aws_kms_replica_external_key.this",
            "module.eks-usw2.module.eks.module.kms.aws_kms_replica_key.this",
            "module.eks-usw2.module.eks.module.kms.data.aws_caller_identity.current",
            "module.eks-usw2.module.eks.module.kms.data.aws_iam_policy_document.this",
            "module.eks-usw2.module.eks.module.kms.data.aws_partition.current",
            "module.eks-usw2.module.eks.time_sleep.this",
            "module.myvpc.aws_subnet.private",
            "module.myvpc.aws_vpc.this",
            "module.myvpc.aws_vpc_ipv4_cidr_block_association.this"
          ],
          "create_before_destroy": true
        }
      ]
    },
    {
      "module": "module.eks-usw2.module.eks.module.eks_managed_node_group[\"default_node_group\"]",
      "mode": "managed",
      "type": "aws_placement_group",
      "name": "this",
      "provider": "provider[\"registry.terraform.io/hashicorp/aws\"].usw2",
      "instances": []
    },
    {
      "module": "module.eks-usw2.module.eks.module.eks_managed_node_group[\"default_node_group\"].module.user_data",
      "mode": "data",
      "type": "cloudinit_config",
      "name": "al2023_eks_managed_node_group",
      "provider": "provider[\"registry.terraform.io/hashicorp/cloudinit\"]",
      "instances": []
    },
    {
      "module": "module.eks-usw2.module.eks.module.eks_managed_node_group[\"default_node_group\"].module.user_data",
      "mode": "data",
      "type": "cloudinit_config",
      "name": "linux_eks_managed_node_group",
      "provider": "provider[\"registry.terraform.io/hashicorp/cloudinit\"]",
      "instances": []
    },
    {
      "module": "module.eks-usw2.module.eks.module.eks_managed_node_group[\"default_node_group\"].module.user_data",
      "mode": "managed",
      "type": "null_resource",
      "name": "validate_cluster_service_cidr",
      "provider": "provider[\"registry.terraform.io/hashicorp/null\"]",
      "instances": [
        {
          "schema_version": 0,
          "attributes": {
            "id": "2405582358524453460",
            "triggers": null
          },
          "sensitive_attributes": [],
          "dependencies": [
            "data.aws_availability_zones.usw2",
            "module.eks-usw2.module.eks.aws_cloudwatch_log_group.this",
            "module.eks-usw2.module.eks.aws_eks_cluster.this",
            "module.eks-usw2.module.eks.aws_iam_policy.cni_ipv6_policy",
            "module.eks-usw2.module.eks.aws_iam_role.this",
            "module.eks-usw2.module.eks.aws_iam_role_policy_attachment.this",
            "module.eks-usw2.module.eks.aws_security_group.cluster",
            "module.eks-usw2.module.eks.aws_security_group.node",
            "module.eks-usw2.module.eks.aws_security_group_rule.cluster",
            "module.eks-usw2.module.eks.aws_security_group_rule.node",
            "module.eks-usw2.module.eks.data.aws_caller_identity.current",
            "module.eks-usw2.module.eks.data.aws_iam_policy_document.assume_role_policy",
            "module.eks-usw2.module.eks.data.aws_iam_policy_document.cni_ipv6_policy",
            "module.eks-usw2.module.eks.data.aws_iam_session_context.current",
            "module.eks-usw2.module.eks.data.aws_partition.current",
            "module.eks-usw2.module.eks.module.kms.aws_kms_external_key.this",
            "module.eks-usw2.module.eks.module.kms.aws_kms_key.this",
            "module.eks-usw2.module.eks.module.kms.aws_kms_replica_external_key.this",
            "module.eks-usw2.module.eks.module.kms.aws_kms_replica_key.this",
            "module.eks-usw2.module.eks.module.kms.data.aws_caller_identity.current",
            "module.eks-usw2.module.eks.module.kms.data.aws_iam_policy_document.this",
            "module.eks-usw2.module.eks.module.kms.data.aws_partition.current",
            "module.eks-usw2.module.eks.time_sleep.this",
            "module.myvpc.aws_subnet.private",
            "module.myvpc.aws_vpc.this",
            "module.myvpc.aws_vpc_ipv4_cidr_block_association.this"
          ]
        }
      ]
    },
    {
      "module": "module.eks-usw2.module.eks.module.kms",
      "mode": "data",
      "type": "aws_caller_identity",
      "name": "current",
      "provider": "provider[\"registry.terraform.io/hashicorp/aws\"].usw2",
      "instances": [
        {
          "index_key": 0,
          "schema_version": 0,
          "attributes": {
            "account_id": "865587657226",
            "arn": "arn:aws:sts::865587657226:assumed-role/aws_jbroadbent_test-developer/jbroadbent@hashicorp.com",
            "id": "865587657226",
            "user_id": "AROA4TCILPIFDDRQ6T3VY:jbroadbent@hashicorp.com"
          },
          "sensitive_attributes": []
        }
      ]
    },
    {
      "module": "module.eks-usw2.module.eks.module.kms",
      "mode": "data",
      "type": "aws_iam_policy_document",
      "name": "this",
      "provider": "provider[\"registry.terraform.io/hashicorp/aws\"].usw2",
      "instances": [
        {
          "index_key": 0,
          "schema_version": 0,
          "attributes": {
            "id": "3993935319",
            "json": "{\n  \"Version\": \"2012-10-17\",\n  \"Statement\": [\n    {\n      \"Sid\": \"Default\",\n      \"Effect\": \"Allow\",\n      \"Action\": \"kms:*\",\n      \"Resource\": \"*\",\n      \"Principal\": {\n        \"AWS\": \"arn:aws:iam::865587657226:root\"\n      }\n    },\n    {\n      \"Sid\": \"KeyAdministration\",\n      \"Effect\": \"Allow\",\n      \"Action\": [\n        \"kms:Update*\",\n        \"kms:UntagResource\",\n        \"kms:TagResource\",\n        \"kms:ScheduleKeyDeletion\",\n        \"kms:Revoke*\",\n        \"kms:ReplicateKey\",\n        \"kms:Put*\",\n        \"kms:List*\",\n        \"kms:ImportKeyMaterial\",\n        \"kms:Get*\",\n        \"kms:Enable*\",\n        \"kms:Disable*\",\n        \"kms:Describe*\",\n        \"kms:Delete*\",\n        \"kms:Create*\",\n        \"kms:CancelKeyDeletion\"\n      ],\n      \"Resource\": \"*\",\n      \"Principal\": {\n        \"AWS\": \"arn:aws:iam::865587657226:role/aws_jbroadbent_test-developer\"\n      }\n    },\n    {\n      \"Sid\": \"KeyUsage\",\n      \"Effect\": \"Allow\",\n      \"Action\": [\n        \"kms:ReEncrypt*\",\n        \"kms:GenerateDataKey*\",\n        \"kms:Encrypt\",\n        \"kms:DescribeKey\",\n        \"kms:Decrypt\"\n      ],\n      \"Resource\": \"*\",\n      \"Principal\": {\n        \"AWS\": \"arn:aws:iam::865587657226:role/jase-shared-usw2-cluster-20240523141246496600000002\"\n      }\n    }\n  ]\n}",
            "override_json": null,
            "override_policy_documents": null,
            "policy_id": null,
            "source_json": null,
            "source_policy_documents": null,
            "statement": [
              {
                "actions": [
                  "kms:*"
                ],
                "condition": [],
                "effect": "Allow",
                "not_actions": [],
                "not_principals": [],
                "not_resources": [],
                "principals": [
                  {
                    "identifiers": [
                      "arn:aws:iam::865587657226:root"
                    ],
                    "type": "AWS"
                  }
                ],
                "resources": [
                  "*"
                ],
                "sid": "Default"
              },
              {
                "actions": [
                  "kms:CancelKeyDeletion",
                  "kms:Create*",
                  "kms:Delete*",
                  "kms:Describe*",
                  "kms:Disable*",
                  "kms:Enable*",
                  "kms:Get*",
                  "kms:ImportKeyMaterial",
                  "kms:List*",
                  "kms:Put*",
                  "kms:ReplicateKey",
                  "kms:Revoke*",
                  "kms:ScheduleKeyDeletion",
                  "kms:TagResource",
                  "kms:UntagResource",
                  "kms:Update*"
                ],
                "condition": [],
                "effect": "Allow",
                "not_actions": [],
                "not_principals": [],
                "not_resources": [],
                "principals": [
                  {
                    "identifiers": [
                      "arn:aws:iam::865587657226:role/aws_jbroadbent_test-developer"
                    ],
                    "type": "AWS"
                  }
                ],
                "resources": [
                  "*"
                ],
                "sid": "KeyAdministration"
              },
              {
                "actions": [
                  "kms:Decrypt",
                  "kms:DescribeKey",
                  "kms:Encrypt",
                  "kms:GenerateDataKey*",
                  "kms:ReEncrypt*"
                ],
                "condition": [],
                "effect": "Allow",
                "not_actions": [],
                "not_principals": [],
                "not_resources": [],
                "principals": [
                  {
                    "identifiers": [
                      "arn:aws:iam::865587657226:role/jase-shared-usw2-cluster-20240523141246496600000002"
                    ],
                    "type": "AWS"
                  }
                ],
                "resources": [
                  "*"
                ],
                "sid": "KeyUsage"
              }
            ],
            "version": "2012-10-17"
          },
          "sensitive_attributes": []
        }
      ]
    },
    {
      "module": "module.eks-usw2.module.eks.module.kms",
      "mode": "data",
      "type": "aws_partition",
      "name": "current",
      "provider": "provider[\"registry.terraform.io/hashicorp/aws\"].usw2",
      "instances": [
        {
          "index_key": 0,
          "schema_version": 0,
          "attributes": {
            "dns_suffix": "amazonaws.com",
            "id": "aws",
            "partition": "aws",
            "reverse_dns_prefix": "com.amazonaws"
          },
          "sensitive_attributes": []
        }
      ]
    },
    {
      "module": "module.eks-usw2.module.eks.module.kms",
      "mode": "managed",
      "type": "aws_kms_alias",
      "name": "this",
      "provider": "provider[\"registry.terraform.io/hashicorp/aws\"].usw2",
      "instances": [
        {
          "index_key": "cluster",
          "schema_version": 0,
          "attributes": {
            "arn": "arn:aws:kms:us-west-2:865587657226:alias/eks/jase-shared-usw2",
            "id": "alias/eks/jase-shared-usw2",
            "name": "alias/eks/jase-shared-usw2",
            "name_prefix": "",
            "target_key_arn": "arn:aws:kms:us-west-2:865587657226:key/5fdd9edf-457f-46a4-a3a4-5f1939af7330",
            "target_key_id": "5fdd9edf-457f-46a4-a3a4-5f1939af7330"
          },
          "sensitive_attributes": [],
          "private": "bnVsbA==",
          "dependencies": [
            "module.eks-usw2.module.eks.aws_iam_role.this",
            "module.eks-usw2.module.eks.data.aws_caller_identity.current",
            "module.eks-usw2.module.eks.data.aws_iam_policy_document.assume_role_policy",
            "module.eks-usw2.module.eks.data.aws_iam_session_context.current",
            "module.eks-usw2.module.eks.module.kms.aws_kms_external_key.this",
            "module.eks-usw2.module.eks.module.kms.aws_kms_key.this",
            "module.eks-usw2.module.eks.module.kms.aws_kms_replica_external_key.this",
            "module.eks-usw2.module.eks.module.kms.aws_kms_replica_key.this",
            "module.eks-usw2.module.eks.module.kms.data.aws_caller_identity.current",
            "module.eks-usw2.module.eks.module.kms.data.aws_iam_policy_document.this",
            "module.eks-usw2.module.eks.module.kms.data.aws_partition.current"
          ]
        }
      ]
    },
    {
      "module": "module.eks-usw2.module.eks.module.kms",
      "mode": "managed",
      "type": "aws_kms_external_key",
      "name": "this",
      "provider": "provider[\"registry.terraform.io/hashicorp/aws\"].usw2",
      "instances": []
    },
    {
      "module": "module.eks-usw2.module.eks.module.kms",
      "mode": "managed",
      "type": "aws_kms_key",
      "name": "this",
      "provider": "provider[\"registry.terraform.io/hashicorp/aws\"].usw2",
      "instances": [
        {
          "index_key": 0,
          "schema_version": 0,
          "attributes": {
            "arn": "arn:aws:kms:us-west-2:865587657226:key/5fdd9edf-457f-46a4-a3a4-5f1939af7330",
            "bypass_policy_lockout_safety_check": false,
            "custom_key_store_id": "",
            "customer_master_key_spec": "SYMMETRIC_DEFAULT",
            "deletion_window_in_days": null,
            "description": "jase-shared-usw2 cluster encryption key",
            "enable_key_rotation": true,
            "id": "5fdd9edf-457f-46a4-a3a4-5f1939af7330",
            "is_enabled": true,
            "key_id": "5fdd9edf-457f-46a4-a3a4-5f1939af7330",
            "key_usage": "ENCRYPT_DECRYPT",
            "multi_region": false,
            "policy": "{\"Statement\":[{\"Action\":\"kms:*\",\"Effect\":\"Allow\",\"Principal\":{\"AWS\":\"arn:aws:iam::865587657226:root\"},\"Resource\":\"*\",\"Sid\":\"Default\"},{\"Action\":[\"kms:Update*\",\"kms:UntagResource\",\"kms:TagResource\",\"kms:ScheduleKeyDeletion\",\"kms:Revoke*\",\"kms:ReplicateKey\",\"kms:Put*\",\"kms:List*\",\"kms:ImportKeyMaterial\",\"kms:Get*\",\"kms:Enable*\",\"kms:Disable*\",\"kms:Describe*\",\"kms:Delete*\",\"kms:Create*\",\"kms:CancelKeyDeletion\"],\"Effect\":\"Allow\",\"Principal\":{\"AWS\":\"arn:aws:iam::865587657226:role/aws_jbroadbent_test-developer\"},\"Resource\":\"*\",\"Sid\":\"KeyAdministration\"},{\"Action\":[\"kms:ReEncrypt*\",\"kms:GenerateDataKey*\",\"kms:Encrypt\",\"kms:DescribeKey\",\"kms:Decrypt\"],\"Effect\":\"Allow\",\"Principal\":{\"AWS\":\"arn:aws:iam::865587657226:role/jase-shared-usw2-cluster-20240523141246496600000002\"},\"Resource\":\"*\",\"Sid\":\"KeyUsage\"}],\"Version\":\"2012-10-17\"}",
            "tags": {
              "terraform-aws-modules": "eks"
            },
            "tags_all": {
              "terraform-aws-modules": "eks"
            },
            "timeouts": null,
            "xks_key_id": ""
          },
          "sensitive_attributes": [],
          "private": "eyJlMmJmYjczMC1lY2FhLTExZTYtOGY4OC0zNDM2M2JjN2M0YzAiOnsiY3JlYXRlIjoxMjAwMDAwMDAwMDB9fQ==",
          "dependencies": [
            "module.eks-usw2.module.eks.aws_iam_role.this",
            "module.eks-usw2.module.eks.data.aws_caller_identity.current",
            "module.eks-usw2.module.eks.data.aws_iam_policy_document.assume_role_policy",
            "module.eks-usw2.module.eks.data.aws_iam_session_context.current",
            "module.eks-usw2.module.eks.module.kms.data.aws_caller_identity.current",
            "module.eks-usw2.module.eks.module.kms.data.aws_iam_policy_document.this",
            "module.eks-usw2.module.eks.module.kms.data.aws_partition.current"
          ],
          "create_before_destroy": true
        }
      ]
    },
    {
      "module": "module.eks-usw2.module.eks.module.kms",
      "mode": "managed",
      "type": "aws_kms_replica_external_key",
      "name": "this",
      "provider": "provider[\"registry.terraform.io/hashicorp/aws\"].usw2",
      "instances": []
    },
    {
      "module": "module.eks-usw2.module.eks.module.kms",
      "mode": "managed",
      "type": "aws_kms_replica_key",
      "name": "this",
      "provider": "provider[\"registry.terraform.io/hashicorp/aws\"].usw2",
      "instances": []
    },
    {
      "module": "module.myvpc[\"usw2-shared\"]",
      "mode": "data",
      "type": "aws_iam_policy_document",
      "name": "flow_log_cloudwatch_assume_role",
      "provider": "provider[\"registry.terraform.io/hashicorp/aws\"].usw2",
      "instances": [
        {
          "index_key": 0,
          "schema_version": 0,
          "attributes": {
            "id": "1021377347",
            "json": "{\n  \"Version\": \"2012-10-17\",\n  \"Statement\": [\n    {\n      \"Sid\": \"AWSVPCFlowLogsAssumeRole\",\n      \"Effect\": \"Allow\",\n      \"Action\": \"sts:AssumeRole\",\n      \"Principal\": {\n        \"Service\": \"vpc-flow-logs.amazonaws.com\"\n      }\n    }\n  ]\n}",
            "override_json": null,
            "override_policy_documents": null,
            "policy_id": null,
            "source_json": null,
            "source_policy_documents": null,
            "statement": [
              {
                "actions": [
                  "sts:AssumeRole"
                ],
                "condition": [],
                "effect": "Allow",
                "not_actions": [],
                "not_principals": [],
                "not_resources": [],
                "principals": [
                  {
                    "identifiers": [
                      "vpc-flow-logs.amazonaws.com"
                    ],
                    "type": "Service"
                  }
                ],
                "resources": [],
                "sid": "AWSVPCFlowLogsAssumeRole"
              }
            ],
            "version": "2012-10-17"
          },
          "sensitive_attributes": []
        }
      ]
    },
    {
      "module": "module.myvpc[\"usw2-shared\"]",
      "mode": "data",
      "type": "aws_iam_policy_document",
      "name": "vpc_flow_log_cloudwatch",
      "provider": "provider[\"registry.terraform.io/hashicorp/aws\"].usw2",
      "instances": [
        {
          "index_key": 0,
          "schema_version": 0,
          "attributes": {
            "id": "2053943846",
            "json": "{\n  \"Version\": \"2012-10-17\",\n  \"Statement\": [\n    {\n      \"Sid\": \"AWSVPCFlowLogsPushToCloudWatch\",\n      \"Effect\": \"Allow\",\n      \"Action\": [\n        \"logs:PutLogEvents\",\n        \"logs:DescribeLogStreams\",\n        \"logs:DescribeLogGroups\",\n        \"logs:CreateLogStream\"\n      ],\n      \"Resource\": \"*\"\n    }\n  ]\n}",
            "override_json": null,
            "override_policy_documents": null,
            "policy_id": null,
            "source_json": null,
            "source_policy_documents": null,
            "statement": [
              {
                "actions": [
                  "logs:CreateLogStream",
                  "logs:DescribeLogGroups",
                  "logs:DescribeLogStreams",
                  "logs:PutLogEvents"
                ],
                "condition": [],
                "effect": "Allow",
                "not_actions": [],
                "not_principals": [],
                "not_resources": [],
                "principals": [],
                "resources": [
                  "*"
                ],
                "sid": "AWSVPCFlowLogsPushToCloudWatch"
              }
            ],
            "version": "2012-10-17"
          },
          "sensitive_attributes": []
        }
      ]
    },
    {
      "module": "module.myvpc[\"usw2-shared\"]",
      "mode": "managed",
      "type": "aws_cloudwatch_log_group",
      "name": "flow_log",
      "provider": "provider[\"registry.terraform.io/hashicorp/aws\"].usw2",
      "instances": [
        {
          "index_key": 0,
          "schema_version": 0,
          "attributes": {
            "arn": "arn:aws:logs:us-west-2:865587657226:log-group:/aws/jase-usw2-sharedflow",
            "id": "/aws/jase-usw2-sharedflow",
            "kms_key_id": "",
            "log_group_class": "STANDARD",
            "name": "/aws/jase-usw2-sharedflow",
            "name_prefix": "",
            "retention_in_days": 0,
            "skip_destroy": false,
            "tags": {
              "Owner": "jase",
              "Terraform": "true"
            },
            "tags_all": {
              "Owner": "jase",
              "Terraform": "true"
            }
          },
          "sensitive_attributes": [],
          "private": "bnVsbA==",
          "dependencies": [
            "module.myvpc.aws_vpc.this",
            "module.myvpc.aws_vpc_ipv4_cidr_block_association.this"
          ]
        }
      ]
    },
    {
      "module": "module.myvpc[\"usw2-shared\"]",
      "mode": "managed",
      "type": "aws_customer_gateway",
      "name": "this",
      "provider": "provider[\"registry.terraform.io/hashicorp/aws\"].usw2",
      "instances": []
    },
    {
      "module": "module.myvpc[\"usw2-shared\"]",
      "mode": "managed",
      "type": "aws_db_subnet_group",
      "name": "database",
      "provider": "provider[\"registry.terraform.io/hashicorp/aws\"].usw2",
      "instances": []
    },
    {
      "module": "module.myvpc[\"usw2-shared\"]",
      "mode": "managed",
      "type": "aws_default_network_acl",
      "name": "this",
      "provider": "provider[\"registry.terraform.io/hashicorp/aws\"].usw2",
      "instances": [
        {
          "index_key": 0,
          "schema_version": 0,
          "attributes": {
            "arn": "arn:aws:ec2:us-west-2:865587657226:network-acl/acl-00bfe8d4bb4dbd136",
            "default_network_acl_id": "acl-00bfe8d4bb4dbd136",
            "egress": [
              {
                "action": "allow",
                "cidr_block": "",
                "from_port": 0,
                "icmp_code": null,
                "icmp_type": null,
                "ipv6_cidr_block": "::/0",
                "protocol": "-1",
                "rule_no": 101,
                "to_port": 0
              },
              {
                "action": "allow",
                "cidr_block": "0.0.0.0/0",
                "from_port": 0,
                "icmp_code": null,
                "icmp_type": null,
                "ipv6_cidr_block": "",
                "protocol": "-1",
                "rule_no": 100,
                "to_port": 0
              }
            ],
            "id": "acl-00bfe8d4bb4dbd136",
            "ingress": [
              {
                "action": "allow",
                "cidr_block": "",
                "from_port": 0,
                "icmp_code": null,
                "icmp_type": null,
                "ipv6_cidr_block": "::/0",
                "protocol": "-1",
                "rule_no": 101,
                "to_port": 0
              },
              {
                "action": "allow",
                "cidr_block": "0.0.0.0/0",
                "from_port": 0,
                "icmp_code": null,
                "icmp_type": null,
                "ipv6_cidr_block": "",
                "protocol": "-1",
                "rule_no": 100,
                "to_port": 0
              }
            ],
            "owner_id": "865587657226",
            "subnet_ids": [
              "subnet-025e34713fc7d5089",
              "subnet-02ecd6f649f62c4f5",
              "subnet-03b7990f8e358e827",
              "subnet-0462989e59d9db259",
              "subnet-064e9fb053d4b8ad4",
              "subnet-0ba9621c981f3ee45"
            ],
            "tags": {
              "Name": "jase-usw2-shared-default",
              "Owner": "jase",
              "Terraform": "true"
            },
            "tags_all": {
              "Name": "jase-usw2-shared-default",
              "Owner": "jase",
              "Terraform": "true"
            },
            "vpc_id": "vpc-02203bc5431776663"
          },
          "sensitive_attributes": [],
          "private": "bnVsbA==",
          "dependencies": [
            "module.myvpc.aws_vpc.this"
          ]
        }
      ]
    },
    {
      "module": "module.myvpc[\"usw2-shared\"]",
      "mode": "managed",
      "type": "aws_default_route_table",
      "name": "default",
      "provider": "provider[\"registry.terraform.io/hashicorp/aws\"].usw2",
      "instances": [
        {
          "index_key": 0,
          "schema_version": 0,
          "attributes": {
            "arn": "arn:aws:ec2:us-west-2:865587657226:route-table/rtb-05513d296d7644a9c",
            "default_route_table_id": "rtb-05513d296d7644a9c",
            "id": "rtb-05513d296d7644a9c",
            "owner_id": "865587657226",
            "propagating_vgws": null,
            "route": [],
            "tags": {
              "Name": "jase-vpc1-default",
              "Owner": "jase",
              "Terraform": "true"
            },
            "tags_all": {
              "Name": "jase-vpc1-default",
              "Owner": "jase",
              "Terraform": "true"
            },
            "timeouts": {
              "create": "5m",
              "update": "5m"
            },
            "vpc_id": "vpc-02203bc5431776663"
          },
          "sensitive_attributes": [],
          "private": "eyJlMmJmYjczMC1lY2FhLTExZTYtOGY4OC0zNDM2M2JjN2M0YzAiOnsiY3JlYXRlIjozMDAwMDAwMDAwMDAsInVwZGF0ZSI6MzAwMDAwMDAwMDAwfX0=",
          "dependencies": [
            "module.myvpc.aws_vpc.this"
          ]
        }
      ]
    },
    {
      "module": "module.myvpc[\"usw2-shared\"]",
      "mode": "managed",
      "type": "aws_default_security_group",
      "name": "this",
      "provider": "provider[\"registry.terraform.io/hashicorp/aws\"].usw2",
      "instances": [
        {
          "index_key": 0,
          "schema_version": 1,
          "attributes": {
            "arn": "arn:aws:ec2:us-west-2:865587657226:security-group/sg-0ec579004f994e5c3",
            "description": "default VPC security group",
            "egress": [],
            "id": "sg-0ec579004f994e5c3",
            "ingress": [],
            "name": "default",
            "name_prefix": "",
            "owner_id": "865587657226",
            "revoke_rules_on_delete": false,
            "tags": {
              "Name": "jase-usw2-shared-default",
              "Owner": "jase",
              "Terraform": "true"
            },
            "tags_all": {
              "Name": "jase-usw2-shared-default",
              "Owner": "jase",
              "Terraform": "true"
            },
            "vpc_id": "vpc-02203bc5431776663"
          },
          "sensitive_attributes": [],
          "private": "eyJzY2hlbWFfdmVyc2lvbiI6IjEifQ==",
          "dependencies": [
            "module.myvpc.aws_vpc.this"
          ]
        }
      ]
    },
    {
      "module": "module.myvpc[\"usw2-shared\"]",
      "mode": "managed",
      "type": "aws_default_vpc",
      "name": "this",
      "provider": "provider[\"registry.terraform.io/hashicorp/aws\"].usw2",
      "instances": []
    },
    {
      "module": "module.myvpc[\"usw2-shared\"]",
      "mode": "managed",
      "type": "aws_egress_only_internet_gateway",
      "name": "this",
      "provider": "provider[\"registry.terraform.io/hashicorp/aws\"].usw2",
      "instances": []
    },
    {
      "module": "module.myvpc[\"usw2-shared\"]",
      "mode": "managed",
      "type": "aws_eip",
      "name": "nat",
      "provider": "provider[\"registry.terraform.io/hashicorp/aws\"].usw2",
      "instances": [
        {
          "index_key": 0,
          "schema_version": 0,
          "attributes": {
            "address": null,
            "allocation_id": "eipalloc-0523db2d9c45dea42",
            "associate_with_private_ip": null,
            "association_id": "",
            "carrier_ip": "",
            "customer_owned_ip": "",
            "customer_owned_ipv4_pool": "",
            "domain": "vpc",
            "id": "eipalloc-0523db2d9c45dea42",
            "instance": "",
            "network_border_group": "us-west-2",
            "network_interface": "",
            "private_dns": null,
            "private_ip": "",
            "public_dns": "ec2-54-68-156-22.us-west-2.compute.amazonaws.com",
            "public_ip": "54.68.156.22",
            "public_ipv4_pool": "amazon",
            "tags": {
              "Name": "jase-usw2-shared-us-west-2a",
              "Owner": "jase",
              "Terraform": "true"
            },
            "tags_all": {
              "Name": "jase-usw2-shared-us-west-2a",
              "Owner": "jase",
              "Terraform": "true"
            },
            "timeouts": null,
            "vpc": true
          },
          "sensitive_attributes": [],
          "private": "eyJlMmJmYjczMC1lY2FhLTExZTYtOGY4OC0zNDM2M2JjN2M0YzAiOnsiZGVsZXRlIjoxODAwMDAwMDAwMDAsInJlYWQiOjkwMDAwMDAwMDAwMCwidXBkYXRlIjozMDAwMDAwMDAwMDB9fQ==",
          "dependencies": [
            "data.aws_availability_zones.usw2",
            "module.myvpc.aws_internet_gateway.this",
            "module.myvpc.aws_vpc.this",
            "module.myvpc.aws_vpc_ipv4_cidr_block_association.this"
          ]
        }
      ]
    },
    {
      "module": "module.myvpc[\"usw2-shared\"]",
      "mode": "managed",
      "type": "aws_elasticache_subnet_group",
      "name": "elasticache",
      "provider": "provider[\"registry.terraform.io/hashicorp/aws\"].usw2",
      "instances": []
    },
    {
      "module": "module.myvpc[\"usw2-shared\"]",
      "mode": "managed",
      "type": "aws_flow_log",
      "name": "this",
      "provider": "provider[\"registry.terraform.io/hashicorp/aws\"].usw2",
      "instances": [
        {
          "index_key": 0,
          "schema_version": 0,
          "attributes": {
            "arn": "arn:aws:ec2:us-west-2:865587657226:vpc-flow-log/fl-04edef8cee4891010",
            "deliver_cross_account_role": "",
            "destination_options": [],
            "eni_id": null,
            "iam_role_arn": "arn:aws:iam::865587657226:role/vpc-flow-log-role-20240523141246496900000004",
            "id": "fl-04edef8cee4891010",
            "log_destination": "arn:aws:logs:us-west-2:865587657226:log-group:/aws/jase-usw2-sharedflow",
            "log_destination_type": "cloud-watch-logs",
            "log_format": "${version} ${account-id} ${interface-id} ${srcaddr} ${dstaddr} ${srcport} ${dstport} ${protocol} ${packets} ${bytes} ${start} ${end} ${action} ${log-status}",
            "log_group_name": "/aws/jase-usw2-sharedflow",
            "max_aggregation_interval": 60,
            "subnet_id": null,
            "tags": {
              "Owner": "jase",
              "Terraform": "true"
            },
            "tags_all": {
              "Owner": "jase",
              "Terraform": "true"
            },
            "traffic_type": "ALL",
            "transit_gateway_attachment_id": null,
            "transit_gateway_id": null,
            "vpc_id": "vpc-02203bc5431776663"
          },
          "sensitive_attributes": [],
          "private": "bnVsbA==",
          "dependencies": [
            "module.myvpc.aws_cloudwatch_log_group.flow_log",
            "module.myvpc.aws_iam_role.vpc_flow_log_cloudwatch",
            "module.myvpc.aws_vpc.this",
            "module.myvpc.aws_vpc_ipv4_cidr_block_association.this",
            "module.myvpc.data.aws_iam_policy_document.flow_log_cloudwatch_assume_role"
          ]
        }
      ]
    },
    {
      "module": "module.myvpc[\"usw2-shared\"]",
      "mode": "managed",
      "type": "aws_iam_policy",
      "name": "vpc_flow_log_cloudwatch",
      "provider": "provider[\"registry.terraform.io/hashicorp/aws\"].usw2",
      "instances": [
        {
          "index_key": 0,
          "schema_version": 0,
          "attributes": {
            "arn": "arn:aws:iam::865587657226:policy/vpc-flow-log-to-cloudwatch-20240523141246496100000001",
            "description": "",
            "id": "arn:aws:iam::865587657226:policy/vpc-flow-log-to-cloudwatch-20240523141246496100000001",
            "name": "vpc-flow-log-to-cloudwatch-20240523141246496100000001",
            "name_prefix": "vpc-flow-log-to-cloudwatch-",
            "path": "/",
            "policy": "{\"Statement\":[{\"Action\":[\"logs:PutLogEvents\",\"logs:DescribeLogStreams\",\"logs:DescribeLogGroups\",\"logs:CreateLogStream\"],\"Effect\":\"Allow\",\"Resource\":\"*\",\"Sid\":\"AWSVPCFlowLogsPushToCloudWatch\"}],\"Version\":\"2012-10-17\"}",
            "policy_id": "ANPA4TCILPIFNNMNOLVTU",
            "tags": {
              "Owner": "jase",
              "Terraform": "true"
            },
            "tags_all": {
              "Owner": "jase",
              "Terraform": "true"
            }
          },
          "sensitive_attributes": [],
          "private": "bnVsbA==",
          "dependencies": [
            "module.myvpc.data.aws_iam_policy_document.vpc_flow_log_cloudwatch"
          ]
        }
      ]
    },
    {
      "module": "module.myvpc[\"usw2-shared\"]",
      "mode": "managed",
      "type": "aws_iam_role",
      "name": "vpc_flow_log_cloudwatch",
      "provider": "provider[\"registry.terraform.io/hashicorp/aws\"].usw2",
      "instances": [
        {
          "index_key": 0,
          "schema_version": 0,
          "attributes": {
            "arn": "arn:aws:iam::865587657226:role/vpc-flow-log-role-20240523141246496900000004",
            "assume_role_policy": "{\"Statement\":[{\"Action\":\"sts:AssumeRole\",\"Effect\":\"Allow\",\"Principal\":{\"Service\":\"vpc-flow-logs.amazonaws.com\"},\"Sid\":\"AWSVPCFlowLogsAssumeRole\"}],\"Version\":\"2012-10-17\"}",
            "create_date": "2024-05-23T14:12:46Z",
            "description": "",
            "force_detach_policies": false,
            "id": "vpc-flow-log-role-20240523141246496900000004",
            "inline_policy": [],
            "managed_policy_arns": [],
            "max_session_duration": 3600,
            "name": "vpc-flow-log-role-20240523141246496900000004",
            "name_prefix": "vpc-flow-log-role-",
            "path": "/",
            "permissions_boundary": "",
            "tags": {
              "Owner": "jase",
              "Terraform": "true"
            },
            "tags_all": {
              "Owner": "jase",
              "Terraform": "true"
            },
            "unique_id": "AROA4TCILPIFK2XUNC43Z"
          },
          "sensitive_attributes": [],
          "private": "bnVsbA==",
          "dependencies": [
            "module.myvpc.data.aws_iam_policy_document.flow_log_cloudwatch_assume_role"
          ]
        }
      ]
    },
    {
      "module": "module.myvpc[\"usw2-shared\"]",
      "mode": "managed",
      "type": "aws_iam_role_policy_attachment",
      "name": "vpc_flow_log_cloudwatch",
      "provider": "provider[\"registry.terraform.io/hashicorp/aws\"].usw2",
      "instances": [
        {
          "index_key": 0,
          "schema_version": 0,
          "attributes": {
            "id": "vpc-flow-log-role-20240523141246496900000004-20240523141247605600000007",
            "policy_arn": "arn:aws:iam::865587657226:policy/vpc-flow-log-to-cloudwatch-20240523141246496100000001",
            "role": "vpc-flow-log-role-20240523141246496900000004"
          },
          "sensitive_attributes": [],
          "private": "bnVsbA==",
          "dependencies": [
            "module.myvpc.aws_iam_policy.vpc_flow_log_cloudwatch",
            "module.myvpc.aws_iam_role.vpc_flow_log_cloudwatch",
            "module.myvpc.data.aws_iam_policy_document.flow_log_cloudwatch_assume_role",
            "module.myvpc.data.aws_iam_policy_document.vpc_flow_log_cloudwatch"
          ]
        }
      ]
    },
    {
      "module": "module.myvpc[\"usw2-shared\"]",
      "mode": "managed",
      "type": "aws_internet_gateway",
      "name": "this",
      "provider": "provider[\"registry.terraform.io/hashicorp/aws\"].usw2",
      "instances": [
        {
          "index_key": 0,
          "schema_version": 0,
          "attributes": {
            "arn": "arn:aws:ec2:us-west-2:865587657226:internet-gateway/igw-093e03c512db4693f",
            "id": "igw-093e03c512db4693f",
            "owner_id": "865587657226",
            "tags": {
              "Name": "jase-usw2-shared",
              "Owner": "jase",
              "Terraform": "true"
            },
            "tags_all": {
              "Name": "jase-usw2-shared",
              "Owner": "jase",
              "Terraform": "true"
            },
            "timeouts": null,
            "vpc_id": "vpc-02203bc5431776663"
          },
          "sensitive_attributes": [],
          "private": "eyJlMmJmYjczMC1lY2FhLTExZTYtOGY4OC0zNDM2M2JjN2M0YzAiOnsiY3JlYXRlIjoxMjAwMDAwMDAwMDAwLCJkZWxldGUiOjEyMDAwMDAwMDAwMDAsInVwZGF0ZSI6MTIwMDAwMDAwMDAwMH19",
          "dependencies": [
            "module.myvpc.aws_vpc.this",
            "module.myvpc.aws_vpc_ipv4_cidr_block_association.this"
          ]
        }
      ]
    },
    {
      "module": "module.myvpc[\"usw2-shared\"]",
      "mode": "managed",
      "type": "aws_nat_gateway",
      "name": "this",
      "provider": "provider[\"registry.terraform.io/hashicorp/aws\"].usw2",
      "instances": [
        {
          "index_key": 0,
          "schema_version": 0,
          "attributes": {
            "allocation_id": "eipalloc-0523db2d9c45dea42",
            "association_id": "eipassoc-010b216d94ea8efc6",
            "connectivity_type": "public",
            "id": "nat-0e71510df9a0b089b",
            "network_interface_id": "eni-0d8528aa0d2e3a954",
            "private_ip": "10.15.11.155",
            "public_ip": "54.68.156.22",
            "secondary_allocation_ids": null,
            "secondary_private_ip_address_count": 0,
            "secondary_private_ip_addresses": [],
            "subnet_id": "subnet-0462989e59d9db259",
            "tags": {
              "Name": "jase-usw2-shared-us-west-2a",
              "Owner": "jase",
              "Terraform": "true"
            },
            "tags_all": {
              "Name": "jase-usw2-shared-us-west-2a",
              "Owner": "jase",
              "Terraform": "true"
            },
            "timeouts": null
          },
          "sensitive_attributes": [],
          "private": "eyJlMmJmYjczMC1lY2FhLTExZTYtOGY4OC0zNDM2M2JjN2M0YzAiOnsiY3JlYXRlIjo2MDAwMDAwMDAwMDAsImRlbGV0ZSI6MTgwMDAwMDAwMDAwMCwidXBkYXRlIjo2MDAwMDAwMDAwMDB9fQ==",
          "dependencies": [
            "data.aws_availability_zones.usw2",
            "module.myvpc.aws_eip.nat",
            "module.myvpc.aws_internet_gateway.this",
            "module.myvpc.aws_subnet.public",
            "module.myvpc.aws_vpc.this",
            "module.myvpc.aws_vpc_ipv4_cidr_block_association.this"
          ]
        }
      ]
    },
    {
      "module": "module.myvpc[\"usw2-shared\"]",
      "mode": "managed",
      "type": "aws_network_acl",
      "name": "database",
      "provider": "provider[\"registry.terraform.io/hashicorp/aws\"].usw2",
      "instances": []
    },
    {
      "module": "module.myvpc[\"usw2-shared\"]",
      "mode": "managed",
      "type": "aws_network_acl",
      "name": "elasticache",
      "provider": "provider[\"registry.terraform.io/hashicorp/aws\"].usw2",
      "instances": []
    },
    {
      "module": "module.myvpc[\"usw2-shared\"]",
      "mode": "managed",
      "type": "aws_network_acl",
      "name": "intra",
      "provider": "provider[\"registry.terraform.io/hashicorp/aws\"].usw2",
      "instances": []
    },
    {
      "module": "module.myvpc[\"usw2-shared\"]",
      "mode": "managed",
      "type": "aws_network_acl",
      "name": "outpost",
      "provider": "provider[\"registry.terraform.io/hashicorp/aws\"].usw2",
      "instances": []
    },
    {
      "module": "module.myvpc[\"usw2-shared\"]",
      "mode": "managed",
      "type": "aws_network_acl",
      "name": "private",
      "provider": "provider[\"registry.terraform.io/hashicorp/aws\"].usw2",
      "instances": []
    },
    {
      "module": "module.myvpc[\"usw2-shared\"]",
      "mode": "managed",
      "type": "aws_network_acl",
      "name": "public",
      "provider": "provider[\"registry.terraform.io/hashicorp/aws\"].usw2",
      "instances": []
    },
    {
      "module": "module.myvpc[\"usw2-shared\"]",
      "mode": "managed",
      "type": "aws_network_acl",
      "name": "redshift",
      "provider": "provider[\"registry.terraform.io/hashicorp/aws\"].usw2",
      "instances": []
    },
    {
      "module": "module.myvpc[\"usw2-shared\"]",
      "mode": "managed",
      "type": "aws_redshift_subnet_group",
      "name": "redshift",
      "provider": "provider[\"registry.terraform.io/hashicorp/aws\"].usw2",
      "instances": []
    },
    {
      "module": "module.myvpc[\"usw2-shared\"]",
      "mode": "managed",
      "type": "aws_route",
      "name": "database_internet_gateway",
      "provider": "provider[\"registry.terraform.io/hashicorp/aws\"].usw2",
      "instances": []
    },
    {
      "module": "module.myvpc[\"usw2-shared\"]",
      "mode": "managed",
      "type": "aws_route",
      "name": "database_ipv6_egress",
      "provider": "provider[\"registry.terraform.io/hashicorp/aws\"].usw2",
      "instances": []
    },
    {
      "module": "module.myvpc[\"usw2-shared\"]",
      "mode": "managed",
      "type": "aws_route",
      "name": "database_nat_gateway",
      "provider": "provider[\"registry.terraform.io/hashicorp/aws\"].usw2",
      "instances": []
    },
    {
      "module": "module.myvpc[\"usw2-shared\"]",
      "mode": "managed",
      "type": "aws_route",
      "name": "private_ipv6_egress",
      "provider": "provider[\"registry.terraform.io/hashicorp/aws\"].usw2",
      "instances": []
    },
    {
      "module": "module.myvpc[\"usw2-shared\"]",
      "mode": "managed",
      "type": "aws_route",
      "name": "private_nat_gateway",
      "provider": "provider[\"registry.terraform.io/hashicorp/aws\"].usw2",
      "instances": [
        {
          "index_key": 0,
          "schema_version": 0,
          "attributes": {
            "carrier_gateway_id": "",
            "core_network_arn": "",
            "destination_cidr_block": "0.0.0.0/0",
            "destination_ipv6_cidr_block": "",
            "destination_prefix_list_id": "",
            "egress_only_gateway_id": "",
            "gateway_id": "",
            "id": "r-rtb-070f0a543ff30f9941080289494",
            "instance_id": "",
            "instance_owner_id": "",
            "local_gateway_id": "",
            "nat_gateway_id": "nat-0e71510df9a0b089b",
            "network_interface_id": "",
            "origin": "CreateRoute",
            "route_table_id": "rtb-070f0a543ff30f994",
            "state": "active",
            "timeouts": {
              "create": "5m",
              "delete": null,
              "update": null
            },
            "transit_gateway_id": "",
            "vpc_endpoint_id": "",
            "vpc_peering_connection_id": ""
          },
          "sensitive_attributes": [],
          "private": "eyJlMmJmYjczMC1lY2FhLTExZTYtOGY4OC0zNDM2M2JjN2M0YzAiOnsiY3JlYXRlIjozMDAwMDAwMDAwMDAsImRlbGV0ZSI6MzAwMDAwMDAwMDAwLCJ1cGRhdGUiOjEyMDAwMDAwMDAwMH19",
          "dependencies": [
            "data.aws_availability_zones.usw2",
            "module.myvpc.aws_eip.nat",
            "module.myvpc.aws_internet_gateway.this",
            "module.myvpc.aws_nat_gateway.this",
            "module.myvpc.aws_route_table.private",
            "module.myvpc.aws_subnet.public",
            "module.myvpc.aws_vpc.this",
            "module.myvpc.aws_vpc_ipv4_cidr_block_association.this"
          ]
        }
      ]
    },
    {
      "module": "module.myvpc[\"usw2-shared\"]",
      "mode": "managed",
      "type": "aws_route",
      "name": "public_internet_gateway",
      "provider": "provider[\"registry.terraform.io/hashicorp/aws\"].usw2",
      "instances": [
        {
          "index_key": 0,
          "schema_version": 0,
          "attributes": {
            "carrier_gateway_id": "",
            "core_network_arn": "",
            "destination_cidr_block": "0.0.0.0/0",
            "destination_ipv6_cidr_block": "",
            "destination_prefix_list_id": "",
            "egress_only_gateway_id": "",
            "gateway_id": "igw-093e03c512db4693f",
            "id": "r-rtb-0f51851f3a22057701080289494",
            "instance_id": "",
            "instance_owner_id": "",
            "local_gateway_id": "",
            "nat_gateway_id": "",
            "network_interface_id": "",
            "origin": "CreateRoute",
            "route_table_id": "rtb-0f51851f3a2205770",
            "state": "active",
            "timeouts": {
              "create": "5m",
              "delete": null,
              "update": null
            },
            "transit_gateway_id": "",
            "vpc_endpoint_id": "",
            "vpc_peering_connection_id": ""
          },
          "sensitive_attributes": [],
          "private": "eyJlMmJmYjczMC1lY2FhLTExZTYtOGY4OC0zNDM2M2JjN2M0YzAiOnsiY3JlYXRlIjozMDAwMDAwMDAwMDAsImRlbGV0ZSI6MzAwMDAwMDAwMDAwLCJ1cGRhdGUiOjEyMDAwMDAwMDAwMH19",
          "dependencies": [
            "module.myvpc.aws_internet_gateway.this",
            "module.myvpc.aws_route_table.public",
            "module.myvpc.aws_vpc.this",
            "module.myvpc.aws_vpc_ipv4_cidr_block_association.this"
          ]
        }
      ]
    },
    {
      "module": "module.myvpc[\"usw2-shared\"]",
      "mode": "managed",
      "type": "aws_route",
      "name": "public_internet_gateway_ipv6",
      "provider": "provider[\"registry.terraform.io/hashicorp/aws\"].usw2",
      "instances": []
    },
    {
      "module": "module.myvpc[\"usw2-shared\"]",
      "mode": "managed",
      "type": "aws_route_table",
      "name": "database",
      "provider": "provider[\"registry.terraform.io/hashicorp/aws\"].usw2",
      "instances": []
    },
    {
      "module": "module.myvpc[\"usw2-shared\"]",
      "mode": "managed",
      "type": "aws_route_table",
      "name": "elasticache",
      "provider": "provider[\"registry.terraform.io/hashicorp/aws\"].usw2",
      "instances": []
    },
    {
      "module": "module.myvpc[\"usw2-shared\"]",
      "mode": "managed",
      "type": "aws_route_table",
      "name": "intra",
      "provider": "provider[\"registry.terraform.io/hashicorp/aws\"].usw2",
      "instances": []
    },
    {
      "module": "module.myvpc[\"usw2-shared\"]",
      "mode": "managed",
      "type": "aws_route_table",
      "name": "private",
      "provider": "provider[\"registry.terraform.io/hashicorp/aws\"].usw2",
      "instances": [
        {
          "index_key": 0,
          "schema_version": 0,
          "attributes": {
            "arn": "arn:aws:ec2:us-west-2:865587657226:route-table/rtb-070f0a543ff30f994",
            "id": "rtb-070f0a543ff30f994",
            "owner_id": "865587657226",
            "propagating_vgws": [],
            "route": [],
            "tags": {
              "Name": "jase-vpc1-private",
              "Owner": "jase",
              "Terraform": "true"
            },
            "tags_all": {
              "Name": "jase-vpc1-private",
              "Owner": "jase",
              "Terraform": "true"
            },
            "timeouts": null,
            "vpc_id": "vpc-02203bc5431776663"
          },
          "sensitive_attributes": [],
          "private": "eyJlMmJmYjczMC1lY2FhLTExZTYtOGY4OC0zNDM2M2JjN2M0YzAiOnsiY3JlYXRlIjozMDAwMDAwMDAwMDAsImRlbGV0ZSI6MzAwMDAwMDAwMDAwLCJ1cGRhdGUiOjEyMDAwMDAwMDAwMH19",
          "dependencies": [
            "data.aws_availability_zones.usw2",
            "module.myvpc.aws_vpc.this",
            "module.myvpc.aws_vpc_ipv4_cidr_block_association.this"
          ]
        }
      ]
    },
    {
      "module": "module.myvpc[\"usw2-shared\"]",
      "mode": "managed",
      "type": "aws_route_table",
      "name": "public",
      "provider": "provider[\"registry.terraform.io/hashicorp/aws\"].usw2",
      "instances": [
        {
          "index_key": 0,
          "schema_version": 0,
          "attributes": {
            "arn": "arn:aws:ec2:us-west-2:865587657226:route-table/rtb-0f51851f3a2205770",
            "id": "rtb-0f51851f3a2205770",
            "owner_id": "865587657226",
            "propagating_vgws": [],
            "route": [],
            "tags": {
              "Name": "jase-vpc1-public",
              "Owner": "jase",
              "Terraform": "true"
            },
            "tags_all": {
              "Name": "jase-vpc1-public",
              "Owner": "jase",
              "Terraform": "true"
            },
            "timeouts": null,
            "vpc_id": "vpc-02203bc5431776663"
          },
          "sensitive_attributes": [],
          "private": "eyJlMmJmYjczMC1lY2FhLTExZTYtOGY4OC0zNDM2M2JjN2M0YzAiOnsiY3JlYXRlIjozMDAwMDAwMDAwMDAsImRlbGV0ZSI6MzAwMDAwMDAwMDAwLCJ1cGRhdGUiOjEyMDAwMDAwMDAwMH19",
          "dependencies": [
            "module.myvpc.aws_vpc.this",
            "module.myvpc.aws_vpc_ipv4_cidr_block_association.this"
          ]
        }
      ]
    },
    {
      "module": "module.myvpc[\"usw2-shared\"]",
      "mode": "managed",
      "type": "aws_route_table",
      "name": "redshift",
      "provider": "provider[\"registry.terraform.io/hashicorp/aws\"].usw2",
      "instances": []
    },
    {
      "module": "module.myvpc[\"usw2-shared\"]",
      "mode": "managed",
      "type": "aws_route_table_association",
      "name": "database",
      "provider": "provider[\"registry.terraform.io/hashicorp/aws\"].usw2",
      "instances": []
    },
    {
      "module": "module.myvpc[\"usw2-shared\"]",
      "mode": "managed",
      "type": "aws_route_table_association",
      "name": "elasticache",
      "provider": "provider[\"registry.terraform.io/hashicorp/aws\"].usw2",
      "instances": []
    },
    {
      "module": "module.myvpc[\"usw2-shared\"]",
      "mode": "managed",
      "type": "aws_route_table_association",
      "name": "intra",
      "provider": "provider[\"registry.terraform.io/hashicorp/aws\"].usw2",
      "instances": []
    },
    {
      "module": "module.myvpc[\"usw2-shared\"]",
      "mode": "managed",
      "type": "aws_route_table_association",
      "name": "private",
      "provider": "provider[\"registry.terraform.io/hashicorp/aws\"].usw2",
      "instances": [
        {
          "index_key": 0,
          "schema_version": 0,
          "attributes": {
            "gateway_id": "",
            "id": "rtbassoc-0bc425ce26f7cd2d3",
            "route_table_id": "rtb-070f0a543ff30f994",
            "subnet_id": "subnet-0ba9621c981f3ee45",
            "timeouts": null
          },
          "sensitive_attributes": [],
          "private": "eyJlMmJmYjczMC1lY2FhLTExZTYtOGY4OC0zNDM2M2JjN2M0YzAiOnsiY3JlYXRlIjozMDAwMDAwMDAwMDAsImRlbGV0ZSI6MzAwMDAwMDAwMDAwLCJ1cGRhdGUiOjEyMDAwMDAwMDAwMH19",
          "dependencies": [
            "data.aws_availability_zones.usw2",
            "module.myvpc.aws_route_table.private",
            "module.myvpc.aws_subnet.private",
            "module.myvpc.aws_vpc.this",
            "module.myvpc.aws_vpc_ipv4_cidr_block_association.this"
          ]
        },
        {
          "index_key": 1,
          "schema_version": 0,
          "attributes": {
            "gateway_id": "",
            "id": "rtbassoc-0fa59864d90178fe0",
            "route_table_id": "rtb-070f0a543ff30f994",
            "subnet_id": "subnet-03b7990f8e358e827",
            "timeouts": null
          },
          "sensitive_attributes": [],
          "private": "eyJlMmJmYjczMC1lY2FhLTExZTYtOGY4OC0zNDM2M2JjN2M0YzAiOnsiY3JlYXRlIjozMDAwMDAwMDAwMDAsImRlbGV0ZSI6MzAwMDAwMDAwMDAwLCJ1cGRhdGUiOjEyMDAwMDAwMDAwMH19",
          "dependencies": [
            "data.aws_availability_zones.usw2",
            "module.myvpc.aws_route_table.private",
            "module.myvpc.aws_subnet.private",
            "module.myvpc.aws_vpc.this",
            "module.myvpc.aws_vpc_ipv4_cidr_block_association.this"
          ]
        },
        {
          "index_key": 2,
          "schema_version": 0,
          "attributes": {
            "gateway_id": "",
            "id": "rtbassoc-0fbf07b17b2fb632d",
            "route_table_id": "rtb-070f0a543ff30f994",
            "subnet_id": "subnet-02ecd6f649f62c4f5",
            "timeouts": null
          },
          "sensitive_attributes": [],
          "private": "eyJlMmJmYjczMC1lY2FhLTExZTYtOGY4OC0zNDM2M2JjN2M0YzAiOnsiY3JlYXRlIjozMDAwMDAwMDAwMDAsImRlbGV0ZSI6MzAwMDAwMDAwMDAwLCJ1cGRhdGUiOjEyMDAwMDAwMDAwMH19",
          "dependencies": [
            "data.aws_availability_zones.usw2",
            "module.myvpc.aws_route_table.private",
            "module.myvpc.aws_subnet.private",
            "module.myvpc.aws_vpc.this",
            "module.myvpc.aws_vpc_ipv4_cidr_block_association.this"
          ]
        }
      ]
    },
    {
      "module": "module.myvpc[\"usw2-shared\"]",
      "mode": "managed",
      "type": "aws_route_table_association",
      "name": "public",
      "provider": "provider[\"registry.terraform.io/hashicorp/aws\"].usw2",
      "instances": [
        {
          "index_key": 0,
          "schema_version": 0,
          "attributes": {
            "gateway_id": "",
            "id": "rtbassoc-03fb1e47bf7daed18",
            "route_table_id": "rtb-0f51851f3a2205770",
            "subnet_id": "subnet-0462989e59d9db259",
            "timeouts": null
          },
          "sensitive_attributes": [],
          "private": "eyJlMmJmYjczMC1lY2FhLTExZTYtOGY4OC0zNDM2M2JjN2M0YzAiOnsiY3JlYXRlIjozMDAwMDAwMDAwMDAsImRlbGV0ZSI6MzAwMDAwMDAwMDAwLCJ1cGRhdGUiOjEyMDAwMDAwMDAwMH19",
          "dependencies": [
            "data.aws_availability_zones.usw2",
            "module.myvpc.aws_route_table.public",
            "module.myvpc.aws_subnet.public",
            "module.myvpc.aws_vpc.this",
            "module.myvpc.aws_vpc_ipv4_cidr_block_association.this"
          ]
        },
        {
          "index_key": 1,
          "schema_version": 0,
          "attributes": {
            "gateway_id": "",
            "id": "rtbassoc-05d3d3b09714a02dc",
            "route_table_id": "rtb-0f51851f3a2205770",
            "subnet_id": "subnet-064e9fb053d4b8ad4",
            "timeouts": null
          },
          "sensitive_attributes": [],
          "private": "eyJlMmJmYjczMC1lY2FhLTExZTYtOGY4OC0zNDM2M2JjN2M0YzAiOnsiY3JlYXRlIjozMDAwMDAwMDAwMDAsImRlbGV0ZSI6MzAwMDAwMDAwMDAwLCJ1cGRhdGUiOjEyMDAwMDAwMDAwMH19",
          "dependencies": [
            "data.aws_availability_zones.usw2",
            "module.myvpc.aws_route_table.public",
            "module.myvpc.aws_subnet.public",
            "module.myvpc.aws_vpc.this",
            "module.myvpc.aws_vpc_ipv4_cidr_block_association.this"
          ]
        },
        {
          "index_key": 2,
          "schema_version": 0,
          "attributes": {
            "gateway_id": "",
            "id": "rtbassoc-05d1e598e15f4beb4",
            "route_table_id": "rtb-0f51851f3a2205770",
            "subnet_id": "subnet-025e34713fc7d5089",
            "timeouts": null
          },
          "sensitive_attributes": [],
          "private": "eyJlMmJmYjczMC1lY2FhLTExZTYtOGY4OC0zNDM2M2JjN2M0YzAiOnsiY3JlYXRlIjozMDAwMDAwMDAwMDAsImRlbGV0ZSI6MzAwMDAwMDAwMDAwLCJ1cGRhdGUiOjEyMDAwMDAwMDAwMH19",
          "dependencies": [
            "data.aws_availability_zones.usw2",
            "module.myvpc.aws_route_table.public",
            "module.myvpc.aws_subnet.public",
            "module.myvpc.aws_vpc.this",
            "module.myvpc.aws_vpc_ipv4_cidr_block_association.this"
          ]
        }
      ]
    },
    {
      "module": "module.myvpc[\"usw2-shared\"]",
      "mode": "managed",
      "type": "aws_route_table_association",
      "name": "redshift",
      "provider": "provider[\"registry.terraform.io/hashicorp/aws\"].usw2",
      "instances": []
    },
    {
      "module": "module.myvpc[\"usw2-shared\"]",
      "mode": "managed",
      "type": "aws_route_table_association",
      "name": "redshift_public",
      "provider": "provider[\"registry.terraform.io/hashicorp/aws\"].usw2",
      "instances": []
    },
    {
      "module": "module.myvpc[\"usw2-shared\"]",
      "mode": "managed",
      "type": "aws_subnet",
      "name": "database",
      "provider": "provider[\"registry.terraform.io/hashicorp/aws\"].usw2",
      "instances": []
    },
    {
      "module": "module.myvpc[\"usw2-shared\"]",
      "mode": "managed",
      "type": "aws_subnet",
      "name": "elasticache",
      "provider": "provider[\"registry.terraform.io/hashicorp/aws\"].usw2",
      "instances": []
    },
    {
      "module": "module.myvpc[\"usw2-shared\"]",
      "mode": "managed",
      "type": "aws_subnet",
      "name": "intra",
      "provider": "provider[\"registry.terraform.io/hashicorp/aws\"].usw2",
      "instances": []
    },
    {
      "module": "module.myvpc[\"usw2-shared\"]",
      "mode": "managed",
      "type": "aws_subnet",
      "name": "outpost",
      "provider": "provider[\"registry.terraform.io/hashicorp/aws\"].usw2",
      "instances": []
    },
    {
      "module": "module.myvpc[\"usw2-shared\"]",
      "mode": "managed",
      "type": "aws_subnet",
      "name": "private",
      "provider": "provider[\"registry.terraform.io/hashicorp/aws\"].usw2",
      "instances": [
        {
          "index_key": 0,
          "schema_version": 1,
          "attributes": {
            "arn": "arn:aws:ec2:us-west-2:865587657226:subnet/subnet-0ba9621c981f3ee45",
            "assign_ipv6_address_on_creation": false,
            "availability_zone": "us-west-2a",
            "availability_zone_id": "usw2-az2",
            "cidr_block": "10.15.1.0/24",
            "customer_owned_ipv4_pool": "",
            "enable_dns64": false,
            "enable_lni_at_device_index": 0,
            "enable_resource_name_dns_a_record_on_launch": false,
            "enable_resource_name_dns_aaaa_record_on_launch": false,
            "id": "subnet-0ba9621c981f3ee45",
            "ipv6_cidr_block": "",
            "ipv6_cidr_block_association_id": "",
            "ipv6_native": false,
            "map_customer_owned_ip_on_launch": false,
            "map_public_ip_on_launch": false,
            "outpost_arn": "",
            "owner_id": "865587657226",
            "private_dns_hostname_type_on_launch": "ip-name",
            "tags": {
              "Name": "jase-usw2-shared-private-us-west-2a",
              "Owner": "jase",
              "Terraform": "true",
              "Tier": "Private"
            },
            "tags_all": {
              "Name": "jase-usw2-shared-private-us-west-2a",
              "Owner": "jase",
              "Terraform": "true",
              "Tier": "Private"
            },
            "timeouts": null,
            "vpc_id": "vpc-02203bc5431776663"
          },
          "sensitive_attributes": [],
          "private": "eyJlMmJmYjczMC1lY2FhLTExZTYtOGY4OC0zNDM2M2JjN2M0YzAiOnsiY3JlYXRlIjo2MDAwMDAwMDAwMDAsImRlbGV0ZSI6MTIwMDAwMDAwMDAwMH0sInNjaGVtYV92ZXJzaW9uIjoiMSJ9",
          "dependencies": [
            "data.aws_availability_zones.usw2",
            "module.myvpc.aws_vpc.this",
            "module.myvpc.aws_vpc_ipv4_cidr_block_association.this"
          ],
          "create_before_destroy": true
        },
        {
          "index_key": 1,
          "schema_version": 1,
          "attributes": {
            "arn": "arn:aws:ec2:us-west-2:865587657226:subnet/subnet-03b7990f8e358e827",
            "assign_ipv6_address_on_creation": false,
            "availability_zone": "us-west-2b",
            "availability_zone_id": "usw2-az1",
            "cidr_block": "10.15.2.0/24",
            "customer_owned_ipv4_pool": "",
            "enable_dns64": false,
            "enable_lni_at_device_index": 0,
            "enable_resource_name_dns_a_record_on_launch": false,
            "enable_resource_name_dns_aaaa_record_on_launch": false,
            "id": "subnet-03b7990f8e358e827",
            "ipv6_cidr_block": "",
            "ipv6_cidr_block_association_id": "",
            "ipv6_native": false,
            "map_customer_owned_ip_on_launch": false,
            "map_public_ip_on_launch": false,
            "outpost_arn": "",
            "owner_id": "865587657226",
            "private_dns_hostname_type_on_launch": "ip-name",
            "tags": {
              "Name": "jase-usw2-shared-private-us-west-2b",
              "Owner": "jase",
              "Terraform": "true",
              "Tier": "Private"
            },
            "tags_all": {
              "Name": "jase-usw2-shared-private-us-west-2b",
              "Owner": "jase",
              "Terraform": "true",
              "Tier": "Private"
            },
            "timeouts": null,
            "vpc_id": "vpc-02203bc5431776663"
          },
          "sensitive_attributes": [],
          "private": "eyJlMmJmYjczMC1lY2FhLTExZTYtOGY4OC0zNDM2M2JjN2M0YzAiOnsiY3JlYXRlIjo2MDAwMDAwMDAwMDAsImRlbGV0ZSI6MTIwMDAwMDAwMDAwMH0sInNjaGVtYV92ZXJzaW9uIjoiMSJ9",
          "dependencies": [
            "data.aws_availability_zones.usw2",
            "module.myvpc.aws_vpc.this",
            "module.myvpc.aws_vpc_ipv4_cidr_block_association.this"
          ],
          "create_before_destroy": true
        },
        {
          "index_key": 2,
          "schema_version": 1,
          "attributes": {
            "arn": "arn:aws:ec2:us-west-2:865587657226:subnet/subnet-02ecd6f649f62c4f5",
            "assign_ipv6_address_on_creation": false,
            "availability_zone": "us-west-2a",
            "availability_zone_id": "usw2-az2",
            "cidr_block": "10.15.3.0/24",
            "customer_owned_ipv4_pool": "",
            "enable_dns64": false,
            "enable_lni_at_device_index": 0,
            "enable_resource_name_dns_a_record_on_launch": false,
            "enable_resource_name_dns_aaaa_record_on_launch": false,
            "id": "subnet-02ecd6f649f62c4f5",
            "ipv6_cidr_block": "",
            "ipv6_cidr_block_association_id": "",
            "ipv6_native": false,
            "map_customer_owned_ip_on_launch": false,
            "map_public_ip_on_launch": false,
            "outpost_arn": "",
            "owner_id": "865587657226",
            "private_dns_hostname_type_on_launch": "ip-name",
            "tags": {
              "Name": "jase-usw2-shared-private-us-west-2a",
              "Owner": "jase",
              "Terraform": "true",
              "Tier": "Private"
            },
            "tags_all": {
              "Name": "jase-usw2-shared-private-us-west-2a",
              "Owner": "jase",
              "Terraform": "true",
              "Tier": "Private"
            },
            "timeouts": null,
            "vpc_id": "vpc-02203bc5431776663"
          },
          "sensitive_attributes": [],
          "private": "eyJlMmJmYjczMC1lY2FhLTExZTYtOGY4OC0zNDM2M2JjN2M0YzAiOnsiY3JlYXRlIjo2MDAwMDAwMDAwMDAsImRlbGV0ZSI6MTIwMDAwMDAwMDAwMH0sInNjaGVtYV92ZXJzaW9uIjoiMSJ9",
          "dependencies": [
            "data.aws_availability_zones.usw2",
            "module.myvpc.aws_vpc.this",
            "module.myvpc.aws_vpc_ipv4_cidr_block_association.this"
          ],
          "create_before_destroy": true
        }
      ]
    },
    {
      "module": "module.myvpc[\"usw2-shared\"]",
      "mode": "managed",
      "type": "aws_subnet",
      "name": "public",
      "provider": "provider[\"registry.terraform.io/hashicorp/aws\"].usw2",
      "instances": [
        {
          "index_key": 0,
          "schema_version": 1,
          "attributes": {
            "arn": "arn:aws:ec2:us-west-2:865587657226:subnet/subnet-0462989e59d9db259",
            "assign_ipv6_address_on_creation": false,
            "availability_zone": "us-west-2a",
            "availability_zone_id": "usw2-az2",
            "cidr_block": "10.15.11.0/24",
            "customer_owned_ipv4_pool": "",
            "enable_dns64": false,
            "enable_lni_at_device_index": 0,
            "enable_resource_name_dns_a_record_on_launch": false,
            "enable_resource_name_dns_aaaa_record_on_launch": false,
            "id": "subnet-0462989e59d9db259",
            "ipv6_cidr_block": "",
            "ipv6_cidr_block_association_id": "",
            "ipv6_native": false,
            "map_customer_owned_ip_on_launch": false,
            "map_public_ip_on_launch": false,
            "outpost_arn": "",
            "owner_id": "865587657226",
            "private_dns_hostname_type_on_launch": "ip-name",
            "tags": {
              "Name": "jase-usw2-shared-public-us-west-2a",
              "Owner": "jase",
              "Terraform": "true",
              "Tier": "Public",
              "kubernetes.io/cluster/jase-shared-usw2": "shared",
              "kubernetes.io/role/elb": "1"
            },
            "tags_all": {
              "Name": "jase-usw2-shared-public-us-west-2a",
              "Owner": "jase",
              "Terraform": "true",
              "Tier": "Public",
              "kubernetes.io/cluster/jase-shared-usw2": "shared",
              "kubernetes.io/role/elb": "1"
            },
            "timeouts": null,
            "vpc_id": "vpc-02203bc5431776663"
          },
          "sensitive_attributes": [],
          "private": "eyJlMmJmYjczMC1lY2FhLTExZTYtOGY4OC0zNDM2M2JjN2M0YzAiOnsiY3JlYXRlIjo2MDAwMDAwMDAwMDAsImRlbGV0ZSI6MTIwMDAwMDAwMDAwMH0sInNjaGVtYV92ZXJzaW9uIjoiMSJ9",
          "dependencies": [
            "data.aws_availability_zones.usw2",
            "module.myvpc.aws_vpc.this",
            "module.myvpc.aws_vpc_ipv4_cidr_block_association.this"
          ]
        },
        {
          "index_key": 1,
          "schema_version": 1,
          "attributes": {
            "arn": "arn:aws:ec2:us-west-2:865587657226:subnet/subnet-064e9fb053d4b8ad4",
            "assign_ipv6_address_on_creation": false,
            "availability_zone": "us-west-2b",
            "availability_zone_id": "usw2-az1",
            "cidr_block": "10.15.12.0/24",
            "customer_owned_ipv4_pool": "",
            "enable_dns64": false,
            "enable_lni_at_device_index": 0,
            "enable_resource_name_dns_a_record_on_launch": false,
            "enable_resource_name_dns_aaaa_record_on_launch": false,
            "id": "subnet-064e9fb053d4b8ad4",
            "ipv6_cidr_block": "",
            "ipv6_cidr_block_association_id": "",
            "ipv6_native": false,
            "map_customer_owned_ip_on_launch": false,
            "map_public_ip_on_launch": false,
            "outpost_arn": "",
            "owner_id": "865587657226",
            "private_dns_hostname_type_on_launch": "ip-name",
            "tags": {
              "Name": "jase-usw2-shared-public-us-west-2b",
              "Owner": "jase",
              "Terraform": "true",
              "Tier": "Public",
              "kubernetes.io/cluster/jase-shared-usw2": "shared",
              "kubernetes.io/role/elb": "1"
            },
            "tags_all": {
              "Name": "jase-usw2-shared-public-us-west-2b",
              "Owner": "jase",
              "Terraform": "true",
              "Tier": "Public",
              "kubernetes.io/cluster/jase-shared-usw2": "shared",
              "kubernetes.io/role/elb": "1"
            },
            "timeouts": null,
            "vpc_id": "vpc-02203bc5431776663"
          },
          "sensitive_attributes": [],
          "private": "eyJlMmJmYjczMC1lY2FhLTExZTYtOGY4OC0zNDM2M2JjN2M0YzAiOnsiY3JlYXRlIjo2MDAwMDAwMDAwMDAsImRlbGV0ZSI6MTIwMDAwMDAwMDAwMH0sInNjaGVtYV92ZXJzaW9uIjoiMSJ9",
          "dependencies": [
            "data.aws_availability_zones.usw2",
            "module.myvpc.aws_vpc.this",
            "module.myvpc.aws_vpc_ipv4_cidr_block_association.this"
          ]
        },
        {
          "index_key": 2,
          "schema_version": 1,
          "attributes": {
            "arn": "arn:aws:ec2:us-west-2:865587657226:subnet/subnet-025e34713fc7d5089",
            "assign_ipv6_address_on_creation": false,
            "availability_zone": "us-west-2a",
            "availability_zone_id": "usw2-az2",
            "cidr_block": "10.15.13.0/24",
            "customer_owned_ipv4_pool": "",
            "enable_dns64": false,
            "enable_lni_at_device_index": 0,
            "enable_resource_name_dns_a_record_on_launch": false,
            "enable_resource_name_dns_aaaa_record_on_launch": false,
            "id": "subnet-025e34713fc7d5089",
            "ipv6_cidr_block": "",
            "ipv6_cidr_block_association_id": "",
            "ipv6_native": false,
            "map_customer_owned_ip_on_launch": false,
            "map_public_ip_on_launch": false,
            "outpost_arn": "",
            "owner_id": "865587657226",
            "private_dns_hostname_type_on_launch": "ip-name",
            "tags": {
              "Name": "jase-usw2-shared-public-us-west-2a",
              "Owner": "jase",
              "Terraform": "true",
              "Tier": "Public",
              "kubernetes.io/cluster/jase-shared-usw2": "shared",
              "kubernetes.io/role/elb": "1"
            },
            "tags_all": {
              "Name": "jase-usw2-shared-public-us-west-2a",
              "Owner": "jase",
              "Terraform": "true",
              "Tier": "Public",
              "kubernetes.io/cluster/jase-shared-usw2": "shared",
              "kubernetes.io/role/elb": "1"
            },
            "timeouts": null,
            "vpc_id": "vpc-02203bc5431776663"
          },
          "sensitive_attributes": [],
          "private": "eyJlMmJmYjczMC1lY2FhLTExZTYtOGY4OC0zNDM2M2JjN2M0YzAiOnsiY3JlYXRlIjo2MDAwMDAwMDAwMDAsImRlbGV0ZSI6MTIwMDAwMDAwMDAwMH0sInNjaGVtYV92ZXJzaW9uIjoiMSJ9",
          "dependencies": [
            "data.aws_availability_zones.usw2",
            "module.myvpc.aws_vpc.this",
            "module.myvpc.aws_vpc_ipv4_cidr_block_association.this"
          ]
        }
      ]
    },
    {
      "module": "module.myvpc[\"usw2-shared\"]",
      "mode": "managed",
      "type": "aws_subnet",
      "name": "redshift",
      "provider": "provider[\"registry.terraform.io/hashicorp/aws\"].usw2",
      "instances": []
    },
    {
      "module": "module.myvpc[\"usw2-shared\"]",
      "mode": "managed",
      "type": "aws_vpc",
      "name": "this",
      "provider": "provider[\"registry.terraform.io/hashicorp/aws\"].usw2",
      "instances": [
        {
          "index_key": 0,
          "schema_version": 1,
          "attributes": {
            "arn": "arn:aws:ec2:us-west-2:865587657226:vpc/vpc-02203bc5431776663",
            "assign_generated_ipv6_cidr_block": false,
            "cidr_block": "10.15.0.0/20",
            "default_network_acl_id": "acl-00bfe8d4bb4dbd136",
            "default_route_table_id": "rtb-05513d296d7644a9c",
            "default_security_group_id": "sg-0ec579004f994e5c3",
            "dhcp_options_id": "dopt-061931d6a40c37f6e",
            "enable_dns_hostnames": true,
            "enable_dns_support": true,
            "enable_network_address_usage_metrics": false,
            "id": "vpc-02203bc5431776663",
            "instance_tenancy": "default",
            "ipv4_ipam_pool_id": null,
            "ipv4_netmask_length": null,
            "ipv6_association_id": "",
            "ipv6_cidr_block": "",
            "ipv6_cidr_block_network_border_group": "",
            "ipv6_ipam_pool_id": "",
            "ipv6_netmask_length": 0,
            "main_route_table_id": "rtb-05513d296d7644a9c",
            "owner_id": "865587657226",
            "tags": {
              "Name": "jase-usw2-shared",
              "Owner": "jase",
              "Terraform": "true"
            },
            "tags_all": {
              "Name": "jase-usw2-shared",
              "Owner": "jase",
              "Terraform": "true"
            }
          },
          "sensitive_attributes": [],
          "private": "eyJzY2hlbWFfdmVyc2lvbiI6IjEifQ==",
          "create_before_destroy": true
        }
      ]
    },
    {
      "module": "module.myvpc[\"usw2-shared\"]",
      "mode": "managed",
      "type": "aws_vpc_dhcp_options",
      "name": "this",
      "provider": "provider[\"registry.terraform.io/hashicorp/aws\"].usw2",
      "instances": []
    },
    {
      "module": "module.myvpc[\"usw2-shared\"]",
      "mode": "managed",
      "type": "aws_vpc_ipv4_cidr_block_association",
      "name": "this",
      "provider": "provider[\"registry.terraform.io/hashicorp/aws\"].usw2",
      "instances": []
    },
    {
      "module": "module.myvpc[\"usw2-shared\"]",
      "mode": "managed",
      "type": "aws_vpn_gateway",
      "name": "this",
      "provider": "provider[\"registry.terraform.io/hashicorp/aws\"].usw2",
      "instances": []
    },
    {
      "module": "module.myvpc[\"usw2-shared\"]",
      "mode": "managed",
      "type": "aws_vpn_gateway_attachment",
      "name": "this",
      "provider": "provider[\"registry.terraform.io/hashicorp/aws\"].usw2",
      "instances": []
    },
    {
      "module": "module.route53_zone[\"usw2-shared\"]",
      "mode": "managed",
      "type": "aws_route53_zone",
      "name": "private",
      "provider": "provider[\"registry.terraform.io/hashicorp/aws\"].usw2",
      "instances": [
        {
          "schema_version": 0,
          "attributes": {
            "arn": "arn:aws:route53:::hostedzone/Z0068790B7J5LJJVEOWL",
            "comment": "Managed by Terraform",
            "delegation_set_id": "",
            "force_destroy": false,
            "id": "Z0068790B7J5LJJVEOWL",
            "name": "jbroadbent.aws.sbx.hashicorpdemo.com",
            "name_servers": [
              "ns-0.awsdns-00.com.",
              "ns-1024.awsdns-00.org.",
              "ns-1536.awsdns-00.co.uk.",
              "ns-512.awsdns-00.net."
            ],
            "primary_name_server": "ns-0.awsdns-00.com.",
            "tags": null,
            "tags_all": {},
            "vpc": [
              {
                "vpc_id": "vpc-02203bc5431776663",
                "vpc_region": "us-west-2"
              }
            ],
            "zone_id": "Z0068790B7J5LJJVEOWL"
          },
          "sensitive_attributes": [],
          "private": "bnVsbA==",
          "dependencies": [
            "data.aws_availability_zones.usw2",
            "module.myvpc.aws_cloudwatch_log_group.flow_log",
            "module.myvpc.aws_customer_gateway.this",
            "module.myvpc.aws_db_subnet_group.database",
            "module.myvpc.aws_default_network_acl.this",
            "module.myvpc.aws_default_route_table.default",
            "module.myvpc.aws_default_security_group.this",
            "module.myvpc.aws_default_vpc.this",
            "module.myvpc.aws_egress_only_internet_gateway.this",
            "module.myvpc.aws_eip.nat",
            "module.myvpc.aws_elasticache_subnet_group.elasticache",
            "module.myvpc.aws_flow_log.this",
            "module.myvpc.aws_iam_policy.vpc_flow_log_cloudwatch",
            "module.myvpc.aws_iam_role.vpc_flow_log_cloudwatch",
            "module.myvpc.aws_iam_role_policy_attachment.vpc_flow_log_cloudwatch",
            "module.myvpc.aws_internet_gateway.this",
            "module.myvpc.aws_nat_gateway.this",
            "module.myvpc.aws_network_acl.database",
            "module.myvpc.aws_network_acl.elasticache",
            "module.myvpc.aws_network_acl.intra",
            "module.myvpc.aws_network_acl.outpost",
            "module.myvpc.aws_network_acl.private",
            "module.myvpc.aws_network_acl.public",
            "module.myvpc.aws_network_acl.redshift",
            "module.myvpc.aws_network_acl_rule.database_inbound",
            "module.myvpc.aws_network_acl_rule.database_outbound",
            "module.myvpc.aws_network_acl_rule.elasticache_inbound",
            "module.myvpc.aws_network_acl_rule.elasticache_outbound",
            "module.myvpc.aws_network_acl_rule.intra_inbound",
            "module.myvpc.aws_network_acl_rule.intra_outbound",
            "module.myvpc.aws_network_acl_rule.outpost_inbound",
            "module.myvpc.aws_network_acl_rule.outpost_outbound",
            "module.myvpc.aws_network_acl_rule.private_inbound",
            "module.myvpc.aws_network_acl_rule.private_outbound",
            "module.myvpc.aws_network_acl_rule.public_inbound",
            "module.myvpc.aws_network_acl_rule.public_outbound",
            "module.myvpc.aws_network_acl_rule.redshift_inbound",
            "module.myvpc.aws_network_acl_rule.redshift_outbound",
            "module.myvpc.aws_redshift_subnet_group.redshift",
            "module.myvpc.aws_route.database_dns64_nat_gateway",
            "module.myvpc.aws_route.database_internet_gateway",
            "module.myvpc.aws_route.database_ipv6_egress",
            "module.myvpc.aws_route.database_nat_gateway",
            "module.myvpc.aws_route.private_dns64_nat_gateway",
            "module.myvpc.aws_route.private_ipv6_egress",
            "module.myvpc.aws_route.private_nat_gateway",
            "module.myvpc.aws_route.public_internet_gateway",
            "module.myvpc.aws_route.public_internet_gateway_ipv6",
            "module.myvpc.aws_route_table.database",
            "module.myvpc.aws_route_table.elasticache",
            "module.myvpc.aws_route_table.intra",
            "module.myvpc.aws_route_table.private",
            "module.myvpc.aws_route_table.public",
            "module.myvpc.aws_route_table.redshift",
            "module.myvpc.aws_route_table_association.database",
            "module.myvpc.aws_route_table_association.elasticache",
            "module.myvpc.aws_route_table_association.intra",
            "module.myvpc.aws_route_table_association.outpost",
            "module.myvpc.aws_route_table_association.private",
            "module.myvpc.aws_route_table_association.public",
            "module.myvpc.aws_route_table_association.redshift",
            "module.myvpc.aws_route_table_association.redshift_public",
            "module.myvpc.aws_subnet.database",
            "module.myvpc.aws_subnet.elasticache",
            "module.myvpc.aws_subnet.intra",
            "module.myvpc.aws_subnet.outpost",
            "module.myvpc.aws_subnet.private",
            "module.myvpc.aws_subnet.public",
            "module.myvpc.aws_subnet.redshift",
            "module.myvpc.aws_vpc.this",
            "module.myvpc.aws_vpc_dhcp_options.this",
            "module.myvpc.aws_vpc_dhcp_options_association.this",
            "module.myvpc.aws_vpc_ipv4_cidr_block_association.this",
            "module.myvpc.aws_vpn_gateway.this",
            "module.myvpc.aws_vpn_gateway_attachment.this",
            "module.myvpc.aws_vpn_gateway_route_propagation.intra",
            "module.myvpc.aws_vpn_gateway_route_propagation.private",
            "module.myvpc.aws_vpn_gateway_route_propagation.public",
            "module.myvpc.data.aws_iam_policy_document.flow_log_cloudwatch_assume_role",
            "module.myvpc.data.aws_iam_policy_document.vpc_flow_log_cloudwatch"
          ]
        }
      ]
    },
    {
      "module": "module.s3-mongo[\"usw2-shared-ext-mongodb\"]",
      "mode": "data",
      "type": "aws_iam_policy_document",
      "name": "allow_access",
      "provider": "provider[\"registry.terraform.io/hashicorp/aws\"].usw2",
      "instances": [
        {
          "schema_version": 0,
          "attributes": {
            "id": "842905495",
            "json": "{\n  \"Version\": \"2012-10-17\",\n  \"Statement\": [\n    {\n      \"Effect\": \"Allow\",\n      \"Action\": [\n        \"s3:ListBucket\",\n        \"s3:GetObject\"\n      ],\n      \"Resource\": [\n        \"arn:aws:s3:::ext-mongodb-s3-backup/*\",\n        \"arn:aws:s3:::ext-mongodb-s3-backup\"\n      ],\n      \"Principal\": {\n        \"AWS\": \"*\"\n      }\n    }\n  ]\n}",
            "override_json": null,
            "override_policy_documents": null,
            "policy_id": null,
            "source_json": null,
            "source_policy_documents": null,
            "statement": [
              {
                "actions": [
                  "s3:GetObject",
                  "s3:ListBucket"
                ],
                "condition": [],
                "effect": "Allow",
                "not_actions": [],
                "not_principals": [],
                "not_resources": [],
                "principals": [
                  {
                    "identifiers": [
                      "*"
                    ],
                    "type": "AWS"
                  }
                ],
                "resources": [
                  "arn:aws:s3:::ext-mongodb-s3-backup",
                  "arn:aws:s3:::ext-mongodb-s3-backup/*"
                ],
                "sid": ""
              }
            ],
            "version": "2012-10-17"
          },
          "sensitive_attributes": []
        }
      ]
    },
    {
      "module": "module.s3-mongo[\"usw2-shared-ext-mongodb\"]",
      "mode": "managed",
      "type": "aws_s3_bucket",
      "name": "my_bucket",
      "provider": "provider[\"registry.terraform.io/hashicorp/aws\"].usw2",
      "instances": [
        {
          "schema_version": 0,
          "attributes": {
            "acceleration_status": "",
            "acl": null,
            "arn": "arn:aws:s3:::ext-mongodb-s3-backup",
            "bucket": "ext-mongodb-s3-backup",
            "bucket_domain_name": "ext-mongodb-s3-backup.s3.amazonaws.com",
            "bucket_prefix": "",
            "bucket_regional_domain_name": "ext-mongodb-s3-backup.s3.us-west-2.amazonaws.com",
            "cors_rule": [],
            "force_destroy": true,
            "grant": [
              {
                "id": "42a3582280f496513a237f3f0195d350a9219fdf5163abbae5e0dfe00943f4b7",
                "permissions": [
                  "FULL_CONTROL"
                ],
                "type": "CanonicalUser",
                "uri": ""
              }
            ],
            "hosted_zone_id": "Z3BJ6K6RIION7M",
            "id": "ext-mongodb-s3-backup",
            "lifecycle_rule": [],
            "logging": [],
            "object_lock_configuration": [],
            "object_lock_enabled": false,
            "policy": "",
            "region": "us-west-2",
            "replication_configuration": [],
            "request_payer": "BucketOwner",
            "server_side_encryption_configuration": [
              {
                "rule": [
                  {
                    "apply_server_side_encryption_by_default": [
                      {
                        "kms_master_key_id": "",
                        "sse_algorithm": "AES256"
                      }
                    ],
                    "bucket_key_enabled": false
                  }
                ]
              }
            ],
            "tags": {
              "Name": "MongoS3Bucket",
              "Service": "mongo-backup"
            },
            "tags_all": {
              "Name": "MongoS3Bucket",
              "Service": "mongo-backup"
            },
            "timeouts": null,
            "versioning": [
              {
                "enabled": false,
                "mfa_delete": false
              }
            ],
            "website": [],
            "website_domain": null,
            "website_endpoint": null
          },
          "sensitive_attributes": [],
          "private": "eyJlMmJmYjczMC1lY2FhLTExZTYtOGY4OC0zNDM2M2JjN2M0YzAiOnsiY3JlYXRlIjoxMjAwMDAwMDAwMDAwLCJkZWxldGUiOjM2MDAwMDAwMDAwMDAsInJlYWQiOjEyMDAwMDAwMDAwMDAsInVwZGF0ZSI6MTIwMDAwMDAwMDAwMH19"
        }
      ]
    },
    {
      "module": "module.s3-mongo[\"usw2-shared-ext-mongodb\"]",
      "mode": "managed",
      "type": "aws_s3_bucket_ownership_controls",
      "name": "standard",
      "provider": "provider[\"registry.terraform.io/hashicorp/aws\"].usw2",
      "instances": [
        {
          "schema_version": 0,
          "attributes": {
            "bucket": "ext-mongodb-s3-backup",
            "id": "ext-mongodb-s3-backup",
            "rule": [
              {
                "object_ownership": "BucketOwnerPreferred"
              }
            ]
          },
          "sensitive_attributes": [],
          "private": "bnVsbA==",
          "dependencies": [
            "module.s3-mongo.aws_s3_bucket.my_bucket"
          ]
        }
      ]
    },
    {
      "module": "module.s3-mongo[\"usw2-shared-ext-mongodb\"]",
      "mode": "managed",
      "type": "aws_s3_bucket_policy",
      "name": "allow_access",
      "provider": "provider[\"registry.terraform.io/hashicorp/aws\"].usw2",
      "instances": [
        {
          "schema_version": 0,
          "attributes": {
            "bucket": "ext-mongodb-s3-backup",
            "id": "ext-mongodb-s3-backup",
            "policy": "{\"Statement\":[{\"Action\":[\"s3:ListBucket\",\"s3:GetObject\"],\"Effect\":\"Allow\",\"Principal\":{\"AWS\":\"*\"},\"Resource\":[\"arn:aws:s3:::ext-mongodb-s3-backup/*\",\"arn:aws:s3:::ext-mongodb-s3-backup\"]}],\"Version\":\"2012-10-17\"}"
          },
          "sensitive_attributes": [],
          "private": "bnVsbA==",
          "dependencies": [
            "module.s3-mongo.aws_s3_bucket.my_bucket",
            "module.s3-mongo.data.aws_iam_policy_document.allow_access"
          ]
        }
      ]
    },
    {
      "module": "module.s3-mongo[\"usw2-shared-ext-mongodb\"]",
      "mode": "managed",
      "type": "aws_s3_bucket_public_access_block",
      "name": "block_public_access",
      "provider": "provider[\"registry.terraform.io/hashicorp/aws\"].usw2",
      "instances": [
        {
          "schema_version": 0,
          "attributes": {
            "block_public_acls": false,
            "block_public_policy": false,
            "bucket": "ext-mongodb-s3-backup",
            "id": "ext-mongodb-s3-backup",
            "ignore_public_acls": false,
            "restrict_public_buckets": false
          },
          "sensitive_attributes": [],
          "private": "bnVsbA==",
          "dependencies": [
            "module.s3-mongo.aws_s3_bucket.my_bucket"
          ]
        }
      ]
    }
  ],
  "check_results": [
    {
      "object_kind": "resource",
      "config_addr": "module.eks-usw2.module.eks.module.eks_managed_node_group.module.user_data.null_resource.validate_cluster_service_cidr",
      "status": "pass",
      "objects": [
        {
          "object_addr": "module.eks-usw2.module.eks.module.eks_managed_node_group[\"default_node_group\"].module.user_data.null_resource.validate_cluster_service_cidr",
          "status": "pass"
        }
      ]
    },
    {
      "object_kind": "resource",
      "config_addr": "module.eks-usw2.module.eks.module.self_managed_node_group.module.user_data.null_resource.validate_cluster_service_cidr",
      "status": "pass",
      "objects": null
    }
  ]
}
