{
  "version": 4,
  "terraform_version": "1.8.2",
  "serial": 5,
  "lineage": "3838e89f-2408-64ed-343f-169cf8dbc936",
  "outputs": {
    "instance_profile_arn": {
      "value": "arn:aws:iam::865587657226:instance-profile/default-role-profile",
      "type": "string"
    },
    "instance_profile_name": {
      "value": "default-role-profile",
      "type": "string"
    }
  },
  "resources": [
    {
      "mode": "managed",
      "type": "aws_iam_instance_profile",
      "name": "ec2_profile",
      "provider": "provider[\"registry.terraform.io/hashicorp/aws\"]",
      "instances": [
        {
          "schema_version": 0,
          "attributes": {
            "arn": "arn:aws:iam::865587657226:instance-profile/default-role-profile",
            "create_date": "2024-05-23T10:05:02Z",
            "id": "default-role-profile",
            "name": "default-role-profile",
            "name_prefix": "",
            "path": "/",
            "role": "default-role",
            "tags": null,
            "tags_all": {},
            "unique_id": "AIPA4TCILPIFC7RBZBXGC"
          },
          "sensitive_attributes": [],
          "private": "bnVsbA==",
          "dependencies": [
            "aws_iam_role.ec2_role"
          ]
        }
      ]
    },
    {
      "mode": "managed",
      "type": "aws_iam_role",
      "name": "ec2_role",
      "provider": "provider[\"registry.terraform.io/hashicorp/aws\"]",
      "instances": [
        {
          "schema_version": 0,
          "attributes": {
            "arn": "arn:aws:iam::865587657226:role/default-role",
            "assume_role_policy": "{\"Statement\":[{\"Action\":\"sts:AssumeRole\",\"Effect\":\"Allow\",\"Principal\":{\"Service\":\"ec2.amazonaws.com\"},\"Sid\":\"\"}],\"Version\":\"2012-10-17\"}",
            "create_date": "2024-05-23T10:05:01Z",
            "description": "",
            "force_detach_policies": false,
            "id": "default-role",
            "inline_policy": [],
            "managed_policy_arns": [],
            "max_session_duration": 3600,
            "name": "default-role",
            "name_prefix": "",
            "path": "/",
            "permissions_boundary": "",
            "tags": {
              "tag-key": "tag-value"
            },
            "tags_all": {
              "tag-key": "tag-value"
            },
            "unique_id": "AROA4TCILPIFBPXJ4N4LG"
          },
          "sensitive_attributes": [],
          "private": "bnVsbA=="
        }
      ]
    },
    {
      "mode": "managed",
      "type": "aws_iam_role_policy",
      "name": "ec2",
      "provider": "provider[\"registry.terraform.io/hashicorp/aws\"]",
      "instances": [
        {
          "schema_version": 0,
          "attributes": {
            "id": "default-role:default-role-ec2_policy",
            "name": "default-role-ec2_policy",
            "name_prefix": "",
            "policy": "{\"Version\":\"2012-10-17\",\"Statement\":[{\"Action\":[\"ec2:*\"],\"Effect\":\"Allow\",\"Resource\":\"*\"}]}",
            "role": "default-role"
          },
          "sensitive_attributes": [],
          "private": "bnVsbA==",
          "dependencies": [
            "aws_iam_role.ec2_role"
          ]
        }
      ]
    }
  ],
  "check_results": null
}
